// !$*UTF8*$!
{
	archiveVersion = 1;
	classes = {
	};
	objectVersion = 55;
	objects = {

/* Begin PBXBuildFile section */
		9500A51029BA521400A0550B /* ResourceLoadingView.swift in Sources */ = {isa = PBXBuildFile; fileRef = 9500A50F29BA521400A0550B /* ResourceLoadingView.swift */; };
		9500A51229BA522C00A0550B /* ResourceLoadingViewModel.swift in Sources */ = {isa = PBXBuildFile; fileRef = 9500A51129BA522C00A0550B /* ResourceLoadingViewModel.swift */; };
		9500A51629BA525C00A0550B /* ResourceErrorView.swift in Sources */ = {isa = PBXBuildFile; fileRef = 9500A51529BA525C00A0550B /* ResourceErrorView.swift */; };
		9500A51829BA527100A0550B /* ResourceErrorViewModel.swift in Sources */ = {isa = PBXBuildFile; fileRef = 9500A51729BA527100A0550B /* ResourceErrorViewModel.swift */; };
		9500A51A29BA55F800A0550B /* FeedLocalizationTests.swift in Sources */ = {isa = PBXBuildFile; fileRef = 9519626E29AD2A2500A87C6C /* FeedLocalizationTests.swift */; };
		9500A51E29BA585B00A0550B /* FeedImagePresenterTests.swift in Sources */ = {isa = PBXBuildFile; fileRef = 9500A51D29BA585B00A0550B /* FeedImagePresenterTests.swift */; };
		9503EBB92A8DE98300E86B5B /* FeedEndPoint.swift in Sources */ = {isa = PBXBuildFile; fileRef = 9503EBB82A8DE98300E86B5B /* FeedEndPoint.swift */; };
		9503EBBB2A8DEA9800E86B5B /* FeedEndpointTests.swift in Sources */ = {isa = PBXBuildFile; fileRef = 9503EBBA2A8DEA9800E86B5B /* FeedEndpointTests.swift */; };
		9503EBBD2A8DEBC500E86B5B /* ImageCommentsEndPointTests.swift in Sources */ = {isa = PBXBuildFile; fileRef = 9503EBBC2A8DEBC500E86B5B /* ImageCommentsEndPointTests.swift */; };
		950DE4872A6BE5C100D4CC18 /* LoadResourcePresenterTests.swift in Sources */ = {isa = PBXBuildFile; fileRef = 950DE4862A6BE5C100D4CC18 /* LoadResourcePresenterTests.swift */; };
		950DE48A2A6BE68E00D4CC18 /* LoadResourcePresenter.swift in Sources */ = {isa = PBXBuildFile; fileRef = 950DE4892A6BE68E00D4CC18 /* LoadResourcePresenter.swift */; };
		950DE48E2A6D1CEB00D4CC18 /* SharedLocalizationTests.swift in Sources */ = {isa = PBXBuildFile; fileRef = 950DE48D2A6D1CEB00D4CC18 /* SharedLocalizationTests.swift */; };
		950DE48F2A6D1DF600D4CC18 /* Shared.strings in Resources */ = {isa = PBXBuildFile; fileRef = 950DE4912A6D1DF600D4CC18 /* Shared.strings */; };
		950DE4952A6D26CE00D4CC18 /* SharedLocalizationTestsHelpers.swift in Sources */ = {isa = PBXBuildFile; fileRef = 950DE4942A6D26CE00D4CC18 /* SharedLocalizationTestsHelpers.swift */; };
		950DE49A2A718A1700D4CC18 /* ImageCommentsPresenterTests.swift in Sources */ = {isa = PBXBuildFile; fileRef = 950DE4992A718A1700D4CC18 /* ImageCommentsPresenterTests.swift */; };
		950DE49D2A718B4900D4CC18 /* ImageCommentsPresenter.swift in Sources */ = {isa = PBXBuildFile; fileRef = 950DE49C2A718B4900D4CC18 /* ImageCommentsPresenter.swift */; };
		9527C6302A7E86BC0038C729 /* snapshots in Resources */ = {isa = PBXBuildFile; fileRef = 9527C62F2A7E86BC0038C729 /* snapshots */; };
		9527C6332A7E88E70038C729 /* ListSnapshotTests.swift in Sources */ = {isa = PBXBuildFile; fileRef = 9527C6322A7E88E70038C729 /* ListSnapshotTests.swift */; };
		9527C6372A7E89C00038C729 /* EMPTY_LIST_light.png in Resources */ = {isa = PBXBuildFile; fileRef = 9527C6352A7E89C00038C729 /* EMPTY_LIST_light.png */; };
		9527C6382A7E89C00038C729 /* EMPTY_LIST_dark.png in Resources */ = {isa = PBXBuildFile; fileRef = 9527C6362A7E89C00038C729 /* EMPTY_LIST_dark.png */; };
		952C80042970940800BA5E6F /* CoreDataHelper.swift in Sources */ = {isa = PBXBuildFile; fileRef = 952C80032970940800BA5E6F /* CoreDataHelper.swift */; };
		952C8006297094D400BA5E6F /* ManagedCache.swift in Sources */ = {isa = PBXBuildFile; fileRef = 952C8005297094D400BA5E6F /* ManagedCache.swift */; };
		952C8008297094ED00BA5E6F /* ManagedFeedImage.swift in Sources */ = {isa = PBXBuildFile; fileRef = 952C8007297094ED00BA5E6F /* ManagedFeedImage.swift */; };
		952DEE5529827EB700924576 /* EssentialFeediOS.framework in Frameworks */ = {isa = PBXBuildFile; fileRef = 952DEE4D29827EB600924576 /* EssentialFeediOS.framework */; };
		952F7554298807BF00E91793 /* FeedImageCell.swift in Sources */ = {isa = PBXBuildFile; fileRef = 952F7553298807BF00E91793 /* FeedImageCell.swift */; };
		9537848E29C23B9900705EF5 /* FeedImageDataLoader.swift in Sources */ = {isa = PBXBuildFile; fileRef = 952C3A9F2992C0C400EC864B /* FeedImageDataLoader.swift */; };
		95414A51295BFD220001E778 /* LocalFeedLoader.swift in Sources */ = {isa = PBXBuildFile; fileRef = 95414A50295BFD220001E778 /* LocalFeedLoader.swift */; };
		95414A53295BFE420001E778 /* FeedStore.swift in Sources */ = {isa = PBXBuildFile; fileRef = 95414A52295BFE420001E778 /* FeedStore.swift */; };
		9541F7F92A7EB80E008DF28B /* ImageCommentsSnapshotTests.swift in Sources */ = {isa = PBXBuildFile; fileRef = 9541F7F82A7EB80E008DF28B /* ImageCommentsSnapshotTests.swift */; };
		9541F7FD2A7EB857008DF28B /* ImageCommentsCellController.swift in Sources */ = {isa = PBXBuildFile; fileRef = 9541F7FC2A7EB857008DF28B /* ImageCommentsCellController.swift */; };
		9541F8042A7EC915008DF28B /* ImageComments.storyboard in Resources */ = {isa = PBXBuildFile; fileRef = 9541F8032A7EC915008DF28B /* ImageComments.storyboard */; };
		9541F8062A7ECABD008DF28B /* ImageCommentCell.swift in Sources */ = {isa = PBXBuildFile; fileRef = 9541F8052A7ECABD008DF28B /* ImageCommentCell.swift */; };
		9548D8CD2A7447E000D1A6F4 /* FeedImageMapperTests.swift in Sources */ = {isa = PBXBuildFile; fileRef = 9548D8CC2A7447E000D1A6F4 /* FeedImageMapperTests.swift */; };
		9548D8CF2A7448CF00D1A6F4 /* FeedImageMapper.swift in Sources */ = {isa = PBXBuildFile; fileRef = 9548D8CE2A7448CF00D1A6F4 /* FeedImageMapper.swift */; };
		9548DEEA296CA6AD00BCE861 /* FeedStoreSpecs.swift in Sources */ = {isa = PBXBuildFile; fileRef = 9548DEE8296CA49F00BCE861 /* FeedStoreSpecs.swift */; };
		9548DEEC296CA7E400BCE861 /* XCTestCase+FeedStoreSpecs.swift in Sources */ = {isa = PBXBuildFile; fileRef = 9548DEEB296CA7E400BCE861 /* XCTestCase+FeedStoreSpecs.swift */; };
		9549232929C9FCDA00916A87 /* FeedImageDataStoreSpy.swift in Sources */ = {isa = PBXBuildFile; fileRef = 9549232829C9FCDA00916A87 /* FeedImageDataStoreSpy.swift */; };
		9549232B29C9FFB400916A87 /* CacheFeedImageDataUseCaseTests.swift in Sources */ = {isa = PBXBuildFile; fileRef = 9549232A29C9FFB400916A87 /* CacheFeedImageDataUseCaseTests.swift */; };
		9549232D29CA27B500916A87 /* CoreDataFeedImageDataStoreTests.swift in Sources */ = {isa = PBXBuildFile; fileRef = 9549232C29CA27B500916A87 /* CoreDataFeedImageDataStoreTests.swift */; };
		95501C69294D037000267920 /* EssentialFeed.framework in Frameworks */ = {isa = PBXBuildFile; fileRef = 95501C60294D037000267920 /* EssentialFeed.framework */; };
		95501C79294D038900267920 /* FeedImage.swift in Sources */ = {isa = PBXBuildFile; fileRef = 95501C78294D038900267920 /* FeedImage.swift */; };
		95501C7E294D043300267920 /* FeedItemsMapperTests.swift in Sources */ = {isa = PBXBuildFile; fileRef = 95501C7D294D043300267920 /* FeedItemsMapperTests.swift */; };
		955975D1294DDDAC00153928 /* HTTPClient.swift in Sources */ = {isa = PBXBuildFile; fileRef = 955975D0294DDDAC00153928 /* HTTPClient.swift */; };
		955975D3294DDDED00153928 /* FeedItemsMapper.swift in Sources */ = {isa = PBXBuildFile; fileRef = 955975D2294DDDED00153928 /* FeedItemsMapper.swift */; };
		955975D6294E0EC800153928 /* URLSessionHttpClientTests.swift in Sources */ = {isa = PBXBuildFile; fileRef = 955975D5294E0EC800153928 /* URLSessionHttpClientTests.swift */; };
		955DB9BA2A509A81003D6674 /* UITableView+dequeuing.swift in Sources */ = {isa = PBXBuildFile; fileRef = 955DB9B62A509A81003D6674 /* UITableView+dequeuing.swift */; };
		955DB9BB2A509A81003D6674 /* UIView+Shimmering.swift in Sources */ = {isa = PBXBuildFile; fileRef = 955DB9B72A509A81003D6674 /* UIView+Shimmering.swift */; };
		955DB9BC2A509A81003D6674 /* UIImageView+Animation.swift in Sources */ = {isa = PBXBuildFile; fileRef = 955DB9B92A509A81003D6674 /* UIImageView+Animation.swift */; };
		955DB9BD2A509A81003D6674 /* UIRefreshControl+Helpers.swift in Sources */ = {isa = PBXBuildFile; fileRef = 955DB9B82A509A81003D6674 /* UIRefreshControl+Helpers.swift */; };
		955FAA782A50997A00F084FF /* FeedImageCellController.swift in Sources */ = {isa = PBXBuildFile; fileRef = 955FAA762A50997A00F084FF /* FeedImageCellController.swift */; };
		955FAA792A50997A00F084FF /* ListViewController.swift in Sources */ = {isa = PBXBuildFile; fileRef = 955FAA772A50997A00F084FF /* ListViewController.swift */; };
		9562F939294F8F1C00EB3964 /* XCTestCase+TrackMemoryLeak.swift in Sources */ = {isa = PBXBuildFile; fileRef = 9562F938294F8F1C00EB3964 /* XCTestCase+TrackMemoryLeak.swift */; };
		956374912A815E37008F17C5 /* UIViewController+Snapshot.swift in Sources */ = {isa = PBXBuildFile; fileRef = 956374902A815E37008F17C5 /* UIViewController+Snapshot.swift */; };
		956374932A8160AE008F17C5 /* LIST_WITH_ERROR_MESSAGE_dark_extraExtraExtraLarge.png in Resources */ = {isa = PBXBuildFile; fileRef = 956374922A8160AE008F17C5 /* LIST_WITH_ERROR_MESSAGE_dark_extraExtraExtraLarge.png */; };
		9563FDE82A718DA800AC269D /* ImageCommentsLocalizationTests.swift in Sources */ = {isa = PBXBuildFile; fileRef = 9563FDE72A718DA800AC269D /* ImageCommentsLocalizationTests.swift */; };
		9563FDE92A718E3500AC269D /* ImageComments.strings in Resources */ = {isa = PBXBuildFile; fileRef = 9563FDEB2A718E3500AC269D /* ImageComments.strings */; };
		956D98FA29605CEE00076FDF /* ValidateFeedCacheUseCaseTests.swift in Sources */ = {isa = PBXBuildFile; fileRef = 956D98F929605CEE00076FDF /* ValidateFeedCacheUseCaseTests.swift */; };
		956D98FE2960675200076FDF /* FeedCacheTestsHelper.swift in Sources */ = {isa = PBXBuildFile; fileRef = 956D98FD2960675200076FDF /* FeedCacheTestsHelper.swift */; };
		956D99002960690E00076FDF /* SharedTestsHelper.swift in Sources */ = {isa = PBXBuildFile; fileRef = 956D98FF2960690E00076FDF /* SharedTestsHelper.swift */; };
		95751CE529BBB267002F4477 /* FeedImagePresenter.swift in Sources */ = {isa = PBXBuildFile; fileRef = 95751CE429BBB267002F4477 /* FeedImagePresenter.swift */; };
		95751CE729BBB370002F4477 /* FeedImageViewModel.swift in Sources */ = {isa = PBXBuildFile; fileRef = 95751CE629BBB370002F4477 /* FeedImageViewModel.swift */; };
		95808E002A8B9EE00001431A /* ImageCommentsEndPoint.swift in Sources */ = {isa = PBXBuildFile; fileRef = 95808DFF2A8B9EE00001431A /* ImageCommentsEndPoint.swift */; };
		95891F3929AB572200A376D9 /* Feed.storyboard in Resources */ = {isa = PBXBuildFile; fileRef = 95891F3829AB572200A376D9 /* Feed.storyboard */; };
		95891F3B29AB57BE00A376D9 /* Feed.xcassets in Resources */ = {isa = PBXBuildFile; fileRef = 95891F3A29AB57BE00A376D9 /* Feed.xcassets */; };
		958A46602A7FB4F500C0E031 /* CellController.swift in Sources */ = {isa = PBXBuildFile; fileRef = 958A465F2A7FB4F500C0E031 /* CellController.swift */; };
		958FDD362984098E00B97D8E /* XCTestCase+TrackMemoryLeak.swift in Sources */ = {isa = PBXBuildFile; fileRef = 9562F938294F8F1C00EB3964 /* XCTestCase+TrackMemoryLeak.swift */; };
		95944E542950A80E00DF54BB /* URLSessionHttpClient.swift in Sources */ = {isa = PBXBuildFile; fileRef = 95944E532950A80E00DF54BB /* URLSessionHttpClient.swift */; };
		95978CA329CE1E0B003A71DC /* CoreDataFeedStore+FeedImageDataLoader.swift in Sources */ = {isa = PBXBuildFile; fileRef = 95978CA229CE1E0B003A71DC /* CoreDataFeedStore+FeedImageDataLoader.swift */; };
		95978CA529CE3286003A71DC /* CoreDataFeedStore+FeedStore.swift in Sources */ = {isa = PBXBuildFile; fileRef = 95978CA429CE3286003A71DC /* CoreDataFeedStore+FeedStore.swift */; };
		959BD43A29BA48E90077F76D /* EssentialFeed.framework in Frameworks */ = {isa = PBXBuildFile; fileRef = 95501C60294D037000267920 /* EssentialFeed.framework */; };
		959BD43B29BA48E90077F76D /* EssentialFeed.framework in Embed Frameworks */ = {isa = PBXBuildFile; fileRef = 95501C60294D037000267920 /* EssentialFeed.framework */; settings = {ATTRIBUTES = (CodeSignOnCopy, RemoveHeadersOnCopy, ); }; };
		959EB54129522D32000AC421 /* EssentialFeedAPIEndToEndTests.swift in Sources */ = {isa = PBXBuildFile; fileRef = 959EB54029522D32000AC421 /* EssentialFeedAPIEndToEndTests.swift */; };
		959EB54229522D32000AC421 /* EssentialFeed.framework in Frameworks */ = {isa = PBXBuildFile; fileRef = 95501C60294D037000267920 /* EssentialFeed.framework */; };
		959EB54929523A54000AC421 /* XCTestCase+TrackMemoryLeak.swift in Sources */ = {isa = PBXBuildFile; fileRef = 9562F938294F8F1C00EB3964 /* XCTestCase+TrackMemoryLeak.swift */; };
		95A6AA8D2A6070FA00906BDA /* ImageCommentsMapperTests.swift in Sources */ = {isa = PBXBuildFile; fileRef = 95A6AA8C2A6070FA00906BDA /* ImageCommentsMapperTests.swift */; };
		95A6AA912A60739D00906BDA /* ImageCommentsMapper.swift in Sources */ = {isa = PBXBuildFile; fileRef = 95A6AA902A60739D00906BDA /* ImageCommentsMapper.swift */; };
		95A6AA942A607E8300906BDA /* ImageComment.swift in Sources */ = {isa = PBXBuildFile; fileRef = 95A6AA932A607E8300906BDA /* ImageComment.swift */; };
		95AB4CFC2962938A00AD0146 /* FeedCachePolicy.swift in Sources */ = {isa = PBXBuildFile; fileRef = 95AB4CFB2962938A00AD0146 /* FeedCachePolicy.swift */; };
		95AE12FD29BDB2B00080338D /* Feed Presenter.swift in Sources */ = {isa = PBXBuildFile; fileRef = 95AE12FC29BDB2B00080338D /* Feed Presenter.swift */; };
		95B06E3829BC727D0024819A /* Feed.strings in Resources */ = {isa = PBXBuildFile; fileRef = 95B06E3A29BC727D0024819A /* Feed.strings */; };
		95B06E5729BCAFC90024819A /* EssentialFeedLocalized.strings in Resources */ = {isa = PBXBuildFile; fileRef = 95B06E5929BCAFC90024819A /* EssentialFeedLocalized.strings */; };
		95B39A9229B7A9540013CCB9 /* FeedPresenterTests.swift in Sources */ = {isa = PBXBuildFile; fileRef = 95B39A9129B7A9540013CCB9 /* FeedPresenterTests.swift */; };
		95BBE172295DAB1200C21B2C /* LocalFeedImage.swift in Sources */ = {isa = PBXBuildFile; fileRef = 95BBE171295DAB1200C21B2C /* LocalFeedImage.swift */; };
		95BE2D28296F396200A6B1A5 /* FeedStore.xcdatamodeld in Sources */ = {isa = PBXBuildFile; fileRef = 95BE2D26296F396200A6B1A5 /* FeedStore.xcdatamodeld */; };
		95BE8CF729E2D0E5006A2452 /* FeedImageDataCache.swift in Sources */ = {isa = PBXBuildFile; fileRef = 95BE8CF629E2D0E5006A2452 /* FeedImageDataCache.swift */; };
		95C08F34296F27FE004129F1 /* CoreDataFeedStoreTests.swift in Sources */ = {isa = PBXBuildFile; fileRef = 95C08F33296F27FE004129F1 /* CoreDataFeedStoreTests.swift */; };
		95C08F36296F28E1004129F1 /* CoreDataFeedStore.swift in Sources */ = {isa = PBXBuildFile; fileRef = 95C08F35296F28E1004129F1 /* CoreDataFeedStore.swift */; };
		95C10DD3295A1071000CBAE8 /* CacheFeedUseCaseTests.swift in Sources */ = {isa = PBXBuildFile; fileRef = 95C10DD2295A1071000CBAE8 /* CacheFeedUseCaseTests.swift */; };
		95C36959296DA7D500DE34E3 /* XCTestCase+FailableRetriveFeedStoreSpecs.swift in Sources */ = {isa = PBXBuildFile; fileRef = 95C36958296DA7D500DE34E3 /* XCTestCase+FailableRetriveFeedStoreSpecs.swift */; };
		95C3695B296DA80D00DE34E3 /* XCTestCase+FailableInsertFeedStoreSpecs.swift in Sources */ = {isa = PBXBuildFile; fileRef = 95C3695A296DA80D00DE34E3 /* XCTestCase+FailableInsertFeedStoreSpecs.swift */; };
		95C3695D296DA83500DE34E3 /* XCTestCase+FailableDeleteFeedStoreSpecs.swift in Sources */ = {isa = PBXBuildFile; fileRef = 95C3695C296DA83500DE34E3 /* XCTestCase+FailableDeleteFeedStoreSpecs.swift */; };
		95D8F0292A7A101600485D2A /* FeedSnapshotTests.swift in Sources */ = {isa = PBXBuildFile; fileRef = 95D8F0282A7A101600485D2A /* FeedSnapshotTests.swift */; };
		95D8F02E2A7A167300485D2A /* UIImage+TestHelpers.swift in Sources */ = {isa = PBXBuildFile; fileRef = 95D8F02D2A7A167300485D2A /* UIImage+TestHelpers.swift */; };
		95D8F0302A7A1AE300485D2A /* UITableView+HeaderSizing.swift in Sources */ = {isa = PBXBuildFile; fileRef = 95D8F02F2A7A1AE300485D2A /* UITableView+HeaderSizing.swift */; };
		95EC2D87295E94DA007992E3 /* LoadFeedFromCacheUseCaseTests.swift in Sources */ = {isa = PBXBuildFile; fileRef = 95EC2D86295E94DA007992E3 /* LoadFeedFromCacheUseCaseTests.swift */; };
		95EC2D8A295E981C007992E3 /* FeedStoreSpy.swift in Sources */ = {isa = PBXBuildFile; fileRef = 95EC2D89295E981C007992E3 /* FeedStoreSpy.swift */; };
		95ED6D7429B634EC00EA61E5 /* ErrorView.swift in Sources */ = {isa = PBXBuildFile; fileRef = 95ED6D7329B634EC00EA61E5 /* ErrorView.swift */; };
		95ED872029C62B8C00D35139 /* HTTPURLResponse+StatusCode.swift in Sources */ = {isa = PBXBuildFile; fileRef = 95ED871F29C62B8C00D35139 /* HTTPURLResponse+StatusCode.swift */; };
		95ED872329C62E1800D35139 /* URLProtocolStub.swift in Sources */ = {isa = PBXBuildFile; fileRef = 95ED872129C62D8500D35139 /* URLProtocolStub.swift */; };
		95ED8F592A820CF000D94140 /* UIView+Container.swift in Sources */ = {isa = PBXBuildFile; fileRef = 95ED8F582A820CF000D94140 /* UIView+Container.swift */; };
		95EE48052973E3600032BA2E /* EssentialFeedCacheIntegrationTests.swift in Sources */ = {isa = PBXBuildFile; fileRef = 95EE48042973E3600032BA2E /* EssentialFeedCacheIntegrationTests.swift */; };
		95EE48062973E3600032BA2E /* EssentialFeed.framework in Frameworks */ = {isa = PBXBuildFile; fileRef = 95501C60294D037000267920 /* EssentialFeed.framework */; };
		95EE480C2973EA870032BA2E /* XCTestCase+TrackMemoryLeak.swift in Sources */ = {isa = PBXBuildFile; fileRef = 9562F938294F8F1C00EB3964 /* XCTestCase+TrackMemoryLeak.swift */; };
		95EE480D2973EE9E0032BA2E /* FeedCacheTestsHelper.swift in Sources */ = {isa = PBXBuildFile; fileRef = 956D98FD2960675200076FDF /* FeedCacheTestsHelper.swift */; };
		95EE480E2973EEA60032BA2E /* SharedTestsHelper.swift in Sources */ = {isa = PBXBuildFile; fileRef = 956D98FF2960690E00076FDF /* SharedTestsHelper.swift */; };
		95F5171B29E1F26400EFB332 /* FeedCache.swift in Sources */ = {isa = PBXBuildFile; fileRef = 95F5171A29E1F26400EFB332 /* FeedCache.swift */; };
		95FD3F0D29C8797400FE2547 /* LocalFeedImageDataFromCacheUseCaseTests.swift in Sources */ = {isa = PBXBuildFile; fileRef = 95FD3F0C29C8797400FE2547 /* LocalFeedImageDataFromCacheUseCaseTests.swift */; };
		95FD3F0F29C8E1A400FE2547 /* LocalFeedImageDataLoader.swift in Sources */ = {isa = PBXBuildFile; fileRef = 95FD3F0E29C8E1A400FE2547 /* LocalFeedImageDataLoader.swift */; };
		95FD3F1129C8E25600FE2547 /* FeedImageDataStore.swift in Sources */ = {isa = PBXBuildFile; fileRef = 95FD3F1029C8E25600FE2547 /* FeedImageDataStore.swift */; };
		95FE03602A7ADB3A00F873DC /* XCTestCase+SnapshotTest.swift in Sources */ = {isa = PBXBuildFile; fileRef = 95FE035F2A7ADB3A00F873DC /* XCTestCase+SnapshotTest.swift */; };
/* End PBXBuildFile section */

/* Begin PBXContainerItemProxy section */
		952DEE5629827EB700924576 /* PBXContainerItemProxy */ = {
			isa = PBXContainerItemProxy;
			containerPortal = 95501C57294D037000267920 /* Project object */;
			proxyType = 1;
			remoteGlobalIDString = 952DEE4C29827EB600924576;
			remoteInfo = EssentialFeediOS;
		};
		95501C6A294D037000267920 /* PBXContainerItemProxy */ = {
			isa = PBXContainerItemProxy;
			containerPortal = 95501C57294D037000267920 /* Project object */;
			proxyType = 1;
			remoteGlobalIDString = 95501C5F294D037000267920;
			remoteInfo = EssentialFeed;
		};
		959BD43C29BA48E90077F76D /* PBXContainerItemProxy */ = {
			isa = PBXContainerItemProxy;
			containerPortal = 95501C57294D037000267920 /* Project object */;
			proxyType = 1;
			remoteGlobalIDString = 95501C5F294D037000267920;
			remoteInfo = EssentialFeed;
		};
		959EB54329522D32000AC421 /* PBXContainerItemProxy */ = {
			isa = PBXContainerItemProxy;
			containerPortal = 95501C57294D037000267920 /* Project object */;
			proxyType = 1;
			remoteGlobalIDString = 95501C5F294D037000267920;
			remoteInfo = EssentialFeed;
		};
		95EE48072973E3600032BA2E /* PBXContainerItemProxy */ = {
			isa = PBXContainerItemProxy;
			containerPortal = 95501C57294D037000267920 /* Project object */;
			proxyType = 1;
			remoteGlobalIDString = 95501C5F294D037000267920;
			remoteInfo = EssentialFeed;
		};
/* End PBXContainerItemProxy section */

/* Begin PBXCopyFilesBuildPhase section */
		959BD43E29BA48E90077F76D /* Embed Frameworks */ = {
			isa = PBXCopyFilesBuildPhase;
			buildActionMask = 2147483647;
			dstPath = "";
			dstSubfolderSpec = 10;
			files = (
				959BD43B29BA48E90077F76D /* EssentialFeed.framework in Embed Frameworks */,
			);
			name = "Embed Frameworks";
			runOnlyForDeploymentPostprocessing = 0;
		};
/* End PBXCopyFilesBuildPhase section */

/* Begin PBXFileReference section */
		9500A50F29BA521400A0550B /* ResourceLoadingView.swift */ = {isa = PBXFileReference; lastKnownFileType = sourcecode.swift; path = ResourceLoadingView.swift; sourceTree = "<group>"; };
		9500A51129BA522C00A0550B /* ResourceLoadingViewModel.swift */ = {isa = PBXFileReference; lastKnownFileType = sourcecode.swift; path = ResourceLoadingViewModel.swift; sourceTree = "<group>"; };
		9500A51529BA525C00A0550B /* ResourceErrorView.swift */ = {isa = PBXFileReference; lastKnownFileType = sourcecode.swift; path = ResourceErrorView.swift; sourceTree = "<group>"; };
		9500A51729BA527100A0550B /* ResourceErrorViewModel.swift */ = {isa = PBXFileReference; lastKnownFileType = sourcecode.swift; path = ResourceErrorViewModel.swift; sourceTree = "<group>"; };
		9500A51D29BA585B00A0550B /* FeedImagePresenterTests.swift */ = {isa = PBXFileReference; lastKnownFileType = sourcecode.swift; path = FeedImagePresenterTests.swift; sourceTree = "<group>"; };
		9503EBB82A8DE98300E86B5B /* FeedEndPoint.swift */ = {isa = PBXFileReference; lastKnownFileType = sourcecode.swift; path = FeedEndPoint.swift; sourceTree = "<group>"; };
		9503EBBA2A8DEA9800E86B5B /* FeedEndpointTests.swift */ = {isa = PBXFileReference; lastKnownFileType = sourcecode.swift; path = FeedEndpointTests.swift; sourceTree = "<group>"; };
		9503EBBC2A8DEBC500E86B5B /* ImageCommentsEndPointTests.swift */ = {isa = PBXFileReference; lastKnownFileType = sourcecode.swift; path = ImageCommentsEndPointTests.swift; sourceTree = "<group>"; };
		950DE4862A6BE5C100D4CC18 /* LoadResourcePresenterTests.swift */ = {isa = PBXFileReference; lastKnownFileType = sourcecode.swift; path = LoadResourcePresenterTests.swift; sourceTree = "<group>"; };
		950DE4892A6BE68E00D4CC18 /* LoadResourcePresenter.swift */ = {isa = PBXFileReference; lastKnownFileType = sourcecode.swift; path = LoadResourcePresenter.swift; sourceTree = "<group>"; };
		950DE48D2A6D1CEB00D4CC18 /* SharedLocalizationTests.swift */ = {isa = PBXFileReference; lastKnownFileType = sourcecode.swift; path = SharedLocalizationTests.swift; sourceTree = "<group>"; };
		950DE4902A6D1DF600D4CC18 /* en */ = {isa = PBXFileReference; lastKnownFileType = text.plist.strings; name = en; path = en.lproj/Shared.strings; sourceTree = "<group>"; };
		950DE4922A6D1DF900D4CC18 /* el */ = {isa = PBXFileReference; lastKnownFileType = text.plist.strings; name = el; path = el.lproj/Shared.strings; sourceTree = "<group>"; };
		950DE4932A6D1DFA00D4CC18 /* pt-BR */ = {isa = PBXFileReference; lastKnownFileType = text.plist.strings; name = "pt-BR"; path = "pt-BR.lproj/Shared.strings"; sourceTree = "<group>"; };
		950DE4942A6D26CE00D4CC18 /* SharedLocalizationTestsHelpers.swift */ = {isa = PBXFileReference; lastKnownFileType = sourcecode.swift; path = SharedLocalizationTestsHelpers.swift; sourceTree = "<group>"; };
		950DE4992A718A1700D4CC18 /* ImageCommentsPresenterTests.swift */ = {isa = PBXFileReference; lastKnownFileType = sourcecode.swift; path = ImageCommentsPresenterTests.swift; sourceTree = "<group>"; };
		950DE49C2A718B4900D4CC18 /* ImageCommentsPresenter.swift */ = {isa = PBXFileReference; lastKnownFileType = sourcecode.swift; path = ImageCommentsPresenter.swift; sourceTree = "<group>"; };
		9519626E29AD2A2500A87C6C /* FeedLocalizationTests.swift */ = {isa = PBXFileReference; lastKnownFileType = sourcecode.swift; path = FeedLocalizationTests.swift; sourceTree = "<group>"; };
		9527C62F2A7E86BC0038C729 /* snapshots */ = {isa = PBXFileReference; lastKnownFileType = folder; path = snapshots; sourceTree = "<group>"; };
		9527C6322A7E88E70038C729 /* ListSnapshotTests.swift */ = {isa = PBXFileReference; lastKnownFileType = sourcecode.swift; path = ListSnapshotTests.swift; sourceTree = "<group>"; };
		9527C6352A7E89C00038C729 /* EMPTY_LIST_light.png */ = {isa = PBXFileReference; lastKnownFileType = image.png; path = EMPTY_LIST_light.png; sourceTree = "<group>"; };
		9527C6362A7E89C00038C729 /* EMPTY_LIST_dark.png */ = {isa = PBXFileReference; lastKnownFileType = image.png; path = EMPTY_LIST_dark.png; sourceTree = "<group>"; };
		9527C6392A7E8A810038C729 /* LIST_WITH_ERROR_MESSAGE_light.png */ = {isa = PBXFileReference; lastKnownFileType = image.png; path = LIST_WITH_ERROR_MESSAGE_light.png; sourceTree = "<group>"; };
		9527C63A2A7E8A810038C729 /* LIST_WITH_ERROR_MESSAGE_dark.png */ = {isa = PBXFileReference; lastKnownFileType = image.png; path = LIST_WITH_ERROR_MESSAGE_dark.png; sourceTree = "<group>"; };
		952C3A9F2992C0C400EC864B /* FeedImageDataLoader.swift */ = {isa = PBXFileReference; lastKnownFileType = sourcecode.swift; path = FeedImageDataLoader.swift; sourceTree = "<group>"; };
		952C80032970940800BA5E6F /* CoreDataHelper.swift */ = {isa = PBXFileReference; lastKnownFileType = sourcecode.swift; path = CoreDataHelper.swift; sourceTree = "<group>"; };
		952C8005297094D400BA5E6F /* ManagedCache.swift */ = {isa = PBXFileReference; lastKnownFileType = sourcecode.swift; path = ManagedCache.swift; sourceTree = "<group>"; };
		952C8007297094ED00BA5E6F /* ManagedFeedImage.swift */ = {isa = PBXFileReference; lastKnownFileType = sourcecode.swift; path = ManagedFeedImage.swift; sourceTree = "<group>"; };
		952DEE4D29827EB600924576 /* EssentialFeediOS.framework */ = {isa = PBXFileReference; explicitFileType = wrapper.framework; includeInIndex = 0; path = EssentialFeediOS.framework; sourceTree = BUILT_PRODUCTS_DIR; };
		952DEE5429827EB700924576 /* EssentialFeediOSTests.xctest */ = {isa = PBXFileReference; explicitFileType = wrapper.cfbundle; includeInIndex = 0; path = EssentialFeediOSTests.xctest; sourceTree = BUILT_PRODUCTS_DIR; };
		952F7553298807BF00E91793 /* FeedImageCell.swift */ = {isa = PBXFileReference; lastKnownFileType = sourcecode.swift; path = FeedImageCell.swift; sourceTree = "<group>"; };
		95414A50295BFD220001E778 /* LocalFeedLoader.swift */ = {isa = PBXFileReference; lastKnownFileType = sourcecode.swift; path = LocalFeedLoader.swift; sourceTree = "<group>"; };
		95414A52295BFE420001E778 /* FeedStore.swift */ = {isa = PBXFileReference; lastKnownFileType = sourcecode.swift; path = FeedStore.swift; sourceTree = "<group>"; };
		9541F7F82A7EB80E008DF28B /* ImageCommentsSnapshotTests.swift */ = {isa = PBXFileReference; lastKnownFileType = sourcecode.swift; path = ImageCommentsSnapshotTests.swift; sourceTree = "<group>"; };
		9541F7FC2A7EB857008DF28B /* ImageCommentsCellController.swift */ = {isa = PBXFileReference; lastKnownFileType = sourcecode.swift; path = ImageCommentsCellController.swift; sourceTree = "<group>"; };
		9541F8032A7EC915008DF28B /* ImageComments.storyboard */ = {isa = PBXFileReference; lastKnownFileType = file.storyboard; path = ImageComments.storyboard; sourceTree = "<group>"; };
		9541F8052A7ECABD008DF28B /* ImageCommentCell.swift */ = {isa = PBXFileReference; lastKnownFileType = sourcecode.swift; path = ImageCommentCell.swift; sourceTree = "<group>"; };
		9548D8CC2A7447E000D1A6F4 /* FeedImageMapperTests.swift */ = {isa = PBXFileReference; lastKnownFileType = sourcecode.swift; path = FeedImageMapperTests.swift; sourceTree = "<group>"; };
		9548D8CE2A7448CF00D1A6F4 /* FeedImageMapper.swift */ = {isa = PBXFileReference; lastKnownFileType = sourcecode.swift; path = FeedImageMapper.swift; sourceTree = "<group>"; };
		9548DEE8296CA49F00BCE861 /* FeedStoreSpecs.swift */ = {isa = PBXFileReference; lastKnownFileType = sourcecode.swift; path = FeedStoreSpecs.swift; sourceTree = "<group>"; };
		9548DEEB296CA7E400BCE861 /* XCTestCase+FeedStoreSpecs.swift */ = {isa = PBXFileReference; lastKnownFileType = sourcecode.swift; path = "XCTestCase+FeedStoreSpecs.swift"; sourceTree = "<group>"; };
		9549232829C9FCDA00916A87 /* FeedImageDataStoreSpy.swift */ = {isa = PBXFileReference; lastKnownFileType = sourcecode.swift; path = FeedImageDataStoreSpy.swift; sourceTree = "<group>"; };
		9549232A29C9FFB400916A87 /* CacheFeedImageDataUseCaseTests.swift */ = {isa = PBXFileReference; lastKnownFileType = sourcecode.swift; path = CacheFeedImageDataUseCaseTests.swift; sourceTree = "<group>"; };
		9549232C29CA27B500916A87 /* CoreDataFeedImageDataStoreTests.swift */ = {isa = PBXFileReference; lastKnownFileType = sourcecode.swift; path = CoreDataFeedImageDataStoreTests.swift; sourceTree = "<group>"; };
		95501C60294D037000267920 /* EssentialFeed.framework */ = {isa = PBXFileReference; explicitFileType = wrapper.framework; includeInIndex = 0; path = EssentialFeed.framework; sourceTree = BUILT_PRODUCTS_DIR; };
		95501C68294D037000267920 /* EssentialFeedTests.xctest */ = {isa = PBXFileReference; explicitFileType = wrapper.cfbundle; includeInIndex = 0; path = EssentialFeedTests.xctest; sourceTree = BUILT_PRODUCTS_DIR; };
		95501C78294D038900267920 /* FeedImage.swift */ = {isa = PBXFileReference; lastKnownFileType = sourcecode.swift; path = FeedImage.swift; sourceTree = "<group>"; };
		95501C7D294D043300267920 /* FeedItemsMapperTests.swift */ = {isa = PBXFileReference; lastKnownFileType = sourcecode.swift; path = FeedItemsMapperTests.swift; sourceTree = "<group>"; };
		955975D0294DDDAC00153928 /* HTTPClient.swift */ = {isa = PBXFileReference; lastKnownFileType = sourcecode.swift; path = HTTPClient.swift; sourceTree = "<group>"; };
		955975D2294DDDED00153928 /* FeedItemsMapper.swift */ = {isa = PBXFileReference; lastKnownFileType = sourcecode.swift; path = FeedItemsMapper.swift; sourceTree = "<group>"; };
		955975D5294E0EC800153928 /* URLSessionHttpClientTests.swift */ = {isa = PBXFileReference; lastKnownFileType = sourcecode.swift; path = URLSessionHttpClientTests.swift; sourceTree = "<group>"; };
		955DB9B62A509A81003D6674 /* UITableView+dequeuing.swift */ = {isa = PBXFileReference; lastKnownFileType = sourcecode.swift; path = "UITableView+dequeuing.swift"; sourceTree = "<group>"; };
		955DB9B72A509A81003D6674 /* UIView+Shimmering.swift */ = {isa = PBXFileReference; lastKnownFileType = sourcecode.swift; path = "UIView+Shimmering.swift"; sourceTree = "<group>"; };
		955DB9B82A509A81003D6674 /* UIRefreshControl+Helpers.swift */ = {isa = PBXFileReference; lastKnownFileType = sourcecode.swift; path = "UIRefreshControl+Helpers.swift"; sourceTree = "<group>"; };
		955DB9B92A509A81003D6674 /* UIImageView+Animation.swift */ = {isa = PBXFileReference; lastKnownFileType = sourcecode.swift; path = "UIImageView+Animation.swift"; sourceTree = "<group>"; };
		955FAA762A50997A00F084FF /* FeedImageCellController.swift */ = {isa = PBXFileReference; fileEncoding = 4; lastKnownFileType = sourcecode.swift; path = FeedImageCellController.swift; sourceTree = "<group>"; };
		955FAA772A50997A00F084FF /* ListViewController.swift */ = {isa = PBXFileReference; fileEncoding = 4; lastKnownFileType = sourcecode.swift; path = ListViewController.swift; sourceTree = "<group>"; };
		9562F938294F8F1C00EB3964 /* XCTestCase+TrackMemoryLeak.swift */ = {isa = PBXFileReference; lastKnownFileType = sourcecode.swift; path = "XCTestCase+TrackMemoryLeak.swift"; sourceTree = "<group>"; };
		956374902A815E37008F17C5 /* UIViewController+Snapshot.swift */ = {isa = PBXFileReference; lastKnownFileType = sourcecode.swift; path = "UIViewController+Snapshot.swift"; sourceTree = "<group>"; };
		956374922A8160AE008F17C5 /* LIST_WITH_ERROR_MESSAGE_dark_extraExtraExtraLarge.png */ = {isa = PBXFileReference; lastKnownFileType = image.png; path = LIST_WITH_ERROR_MESSAGE_dark_extraExtraExtraLarge.png; sourceTree = "<group>"; };
		9563FDE72A718DA800AC269D /* ImageCommentsLocalizationTests.swift */ = {isa = PBXFileReference; lastKnownFileType = sourcecode.swift; path = ImageCommentsLocalizationTests.swift; sourceTree = "<group>"; };
		9563FDEA2A718E3500AC269D /* en */ = {isa = PBXFileReference; lastKnownFileType = text.plist.strings; name = en; path = en.lproj/ImageComments.strings; sourceTree = "<group>"; };
		9563FDEC2A718E3A00AC269D /* el */ = {isa = PBXFileReference; lastKnownFileType = text.plist.strings; name = el; path = el.lproj/ImageComments.strings; sourceTree = "<group>"; };
		9563FDED2A718E3B00AC269D /* pt-BR */ = {isa = PBXFileReference; lastKnownFileType = text.plist.strings; name = "pt-BR"; path = "pt-BR.lproj/ImageComments.strings"; sourceTree = "<group>"; };
		956D98F929605CEE00076FDF /* ValidateFeedCacheUseCaseTests.swift */ = {isa = PBXFileReference; lastKnownFileType = sourcecode.swift; path = ValidateFeedCacheUseCaseTests.swift; sourceTree = "<group>"; };
		956D98FD2960675200076FDF /* FeedCacheTestsHelper.swift */ = {isa = PBXFileReference; lastKnownFileType = sourcecode.swift; path = FeedCacheTestsHelper.swift; sourceTree = "<group>"; };
		956D98FF2960690E00076FDF /* SharedTestsHelper.swift */ = {isa = PBXFileReference; lastKnownFileType = sourcecode.swift; path = SharedTestsHelper.swift; sourceTree = "<group>"; };
		95751CE429BBB267002F4477 /* FeedImagePresenter.swift */ = {isa = PBXFileReference; lastKnownFileType = sourcecode.swift; path = FeedImagePresenter.swift; sourceTree = "<group>"; };
		95751CE629BBB370002F4477 /* FeedImageViewModel.swift */ = {isa = PBXFileReference; lastKnownFileType = sourcecode.swift; path = FeedImageViewModel.swift; sourceTree = "<group>"; };
		95808DFF2A8B9EE00001431A /* ImageCommentsEndPoint.swift */ = {isa = PBXFileReference; lastKnownFileType = sourcecode.swift; path = ImageCommentsEndPoint.swift; sourceTree = "<group>"; };
		95891F3829AB572200A376D9 /* Feed.storyboard */ = {isa = PBXFileReference; lastKnownFileType = file.storyboard; path = Feed.storyboard; sourceTree = "<group>"; };
		95891F3A29AB57BE00A376D9 /* Feed.xcassets */ = {isa = PBXFileReference; lastKnownFileType = folder.assetcatalog; path = Feed.xcassets; sourceTree = "<group>"; };
		958A465F2A7FB4F500C0E031 /* CellController.swift */ = {isa = PBXFileReference; lastKnownFileType = sourcecode.swift; path = CellController.swift; sourceTree = "<group>"; };
		95944E532950A80E00DF54BB /* URLSessionHttpClient.swift */ = {isa = PBXFileReference; lastKnownFileType = sourcecode.swift; path = URLSessionHttpClient.swift; sourceTree = "<group>"; };
		95978CA129CE1A8E003A71DC /* FeedStore 2.xcdatamodel */ = {isa = PBXFileReference; lastKnownFileType = wrapper.xcdatamodel; path = "FeedStore 2.xcdatamodel"; sourceTree = "<group>"; };
		95978CA229CE1E0B003A71DC /* CoreDataFeedStore+FeedImageDataLoader.swift */ = {isa = PBXFileReference; lastKnownFileType = sourcecode.swift; path = "CoreDataFeedStore+FeedImageDataLoader.swift"; sourceTree = "<group>"; };
		95978CA429CE3286003A71DC /* CoreDataFeedStore+FeedStore.swift */ = {isa = PBXFileReference; lastKnownFileType = sourcecode.swift; path = "CoreDataFeedStore+FeedStore.swift"; sourceTree = "<group>"; };
		959EB53E29522D32000AC421 /* EssentialFeedAPIEndToEndTests.xctest */ = {isa = PBXFileReference; explicitFileType = wrapper.cfbundle; includeInIndex = 0; path = EssentialFeedAPIEndToEndTests.xctest; sourceTree = BUILT_PRODUCTS_DIR; };
		959EB54029522D32000AC421 /* EssentialFeedAPIEndToEndTests.swift */ = {isa = PBXFileReference; lastKnownFileType = sourcecode.swift; path = EssentialFeedAPIEndToEndTests.swift; sourceTree = "<group>"; };
		95A6AA8C2A6070FA00906BDA /* ImageCommentsMapperTests.swift */ = {isa = PBXFileReference; lastKnownFileType = sourcecode.swift; path = ImageCommentsMapperTests.swift; sourceTree = "<group>"; };
		95A6AA902A60739D00906BDA /* ImageCommentsMapper.swift */ = {isa = PBXFileReference; lastKnownFileType = sourcecode.swift; path = ImageCommentsMapper.swift; sourceTree = "<group>"; };
		95A6AA932A607E8300906BDA /* ImageComment.swift */ = {isa = PBXFileReference; lastKnownFileType = sourcecode.swift; path = ImageComment.swift; sourceTree = "<group>"; };
		95AB4CFB2962938A00AD0146 /* FeedCachePolicy.swift */ = {isa = PBXFileReference; lastKnownFileType = sourcecode.swift; path = FeedCachePolicy.swift; sourceTree = "<group>"; };
		95AE12FC29BDB2B00080338D /* Feed Presenter.swift */ = {isa = PBXFileReference; lastKnownFileType = sourcecode.swift; path = "Feed Presenter.swift"; sourceTree = "<group>"; };
		95B06E5829BCAFC90024819A /* en */ = {isa = PBXFileReference; lastKnownFileType = text.plist.strings; name = en; path = en.lproj/EssentialFeedLocalized.strings; sourceTree = "<group>"; };
		95B06E5A29BCAFCF0024819A /* el */ = {isa = PBXFileReference; lastKnownFileType = text.plist.strings; name = el; path = el.lproj/EssentialFeedLocalized.strings; sourceTree = "<group>"; };
		95B06E5B29BCAFD10024819A /* pt-BR */ = {isa = PBXFileReference; lastKnownFileType = text.plist.strings; name = "pt-BR"; path = "pt-BR.lproj/EssentialFeedLocalized.strings"; sourceTree = "<group>"; };
		95B39A9129B7A9540013CCB9 /* FeedPresenterTests.swift */ = {isa = PBXFileReference; lastKnownFileType = sourcecode.swift; path = FeedPresenterTests.swift; sourceTree = "<group>"; };
		95BBE171295DAB1200C21B2C /* LocalFeedImage.swift */ = {isa = PBXFileReference; lastKnownFileType = sourcecode.swift; path = LocalFeedImage.swift; sourceTree = "<group>"; };
		95BE2D27296F396200A6B1A5 /* FeedStore.xcdatamodel */ = {isa = PBXFileReference; lastKnownFileType = wrapper.xcdatamodel; path = FeedStore.xcdatamodel; sourceTree = "<group>"; };
		95BE8CF629E2D0E5006A2452 /* FeedImageDataCache.swift */ = {isa = PBXFileReference; lastKnownFileType = sourcecode.swift; path = FeedImageDataCache.swift; sourceTree = "<group>"; };
		95C08F33296F27FE004129F1 /* CoreDataFeedStoreTests.swift */ = {isa = PBXFileReference; lastKnownFileType = sourcecode.swift; path = CoreDataFeedStoreTests.swift; sourceTree = "<group>"; };
		95C08F35296F28E1004129F1 /* CoreDataFeedStore.swift */ = {isa = PBXFileReference; lastKnownFileType = sourcecode.swift; path = CoreDataFeedStore.swift; sourceTree = "<group>"; };
		95C10DD2295A1071000CBAE8 /* CacheFeedUseCaseTests.swift */ = {isa = PBXFileReference; lastKnownFileType = sourcecode.swift; path = CacheFeedUseCaseTests.swift; sourceTree = "<group>"; };
		95C36958296DA7D500DE34E3 /* XCTestCase+FailableRetriveFeedStoreSpecs.swift */ = {isa = PBXFileReference; lastKnownFileType = sourcecode.swift; path = "XCTestCase+FailableRetriveFeedStoreSpecs.swift"; sourceTree = "<group>"; };
		95C3695A296DA80D00DE34E3 /* XCTestCase+FailableInsertFeedStoreSpecs.swift */ = {isa = PBXFileReference; lastKnownFileType = sourcecode.swift; path = "XCTestCase+FailableInsertFeedStoreSpecs.swift"; sourceTree = "<group>"; };
		95C3695C296DA83500DE34E3 /* XCTestCase+FailableDeleteFeedStoreSpecs.swift */ = {isa = PBXFileReference; lastKnownFileType = sourcecode.swift; path = "XCTestCase+FailableDeleteFeedStoreSpecs.swift"; sourceTree = "<group>"; };
		95D8F0282A7A101600485D2A /* FeedSnapshotTests.swift */ = {isa = PBXFileReference; lastKnownFileType = sourcecode.swift; path = FeedSnapshotTests.swift; sourceTree = "<group>"; };
		95D8F02D2A7A167300485D2A /* UIImage+TestHelpers.swift */ = {isa = PBXFileReference; fileEncoding = 4; lastKnownFileType = sourcecode.swift; path = "UIImage+TestHelpers.swift"; sourceTree = "<group>"; };
		95D8F02F2A7A1AE300485D2A /* UITableView+HeaderSizing.swift */ = {isa = PBXFileReference; lastKnownFileType = sourcecode.swift; path = "UITableView+HeaderSizing.swift"; sourceTree = "<group>"; };
		95EC2D86295E94DA007992E3 /* LoadFeedFromCacheUseCaseTests.swift */ = {isa = PBXFileReference; lastKnownFileType = sourcecode.swift; path = LoadFeedFromCacheUseCaseTests.swift; sourceTree = "<group>"; };
		95EC2D89295E981C007992E3 /* FeedStoreSpy.swift */ = {isa = PBXFileReference; lastKnownFileType = sourcecode.swift; path = FeedStoreSpy.swift; sourceTree = "<group>"; };
		95ED6D7329B634EC00EA61E5 /* ErrorView.swift */ = {isa = PBXFileReference; lastKnownFileType = sourcecode.swift; path = ErrorView.swift; sourceTree = "<group>"; };
		95ED871F29C62B8C00D35139 /* HTTPURLResponse+StatusCode.swift */ = {isa = PBXFileReference; lastKnownFileType = sourcecode.swift; path = "HTTPURLResponse+StatusCode.swift"; sourceTree = "<group>"; };
		95ED872129C62D8500D35139 /* URLProtocolStub.swift */ = {isa = PBXFileReference; lastKnownFileType = sourcecode.swift; path = URLProtocolStub.swift; sourceTree = "<group>"; };
		95ED8F582A820CF000D94140 /* UIView+Container.swift */ = {isa = PBXFileReference; lastKnownFileType = sourcecode.swift; path = "UIView+Container.swift"; sourceTree = "<group>"; };
		95EE48022973E3600032BA2E /* EssentialFeedCacheIntegrationTests.xctest */ = {isa = PBXFileReference; explicitFileType = wrapper.cfbundle; includeInIndex = 0; path = EssentialFeedCacheIntegrationTests.xctest; sourceTree = BUILT_PRODUCTS_DIR; };
		95EE48042973E3600032BA2E /* EssentialFeedCacheIntegrationTests.swift */ = {isa = PBXFileReference; lastKnownFileType = sourcecode.swift; path = EssentialFeedCacheIntegrationTests.swift; sourceTree = "<group>"; };
		95F5171A29E1F26400EFB332 /* FeedCache.swift */ = {isa = PBXFileReference; lastKnownFileType = sourcecode.swift; path = FeedCache.swift; sourceTree = "<group>"; };
		95FD3F0C29C8797400FE2547 /* LocalFeedImageDataFromCacheUseCaseTests.swift */ = {isa = PBXFileReference; lastKnownFileType = sourcecode.swift; path = LocalFeedImageDataFromCacheUseCaseTests.swift; sourceTree = "<group>"; };
		95FD3F0E29C8E1A400FE2547 /* LocalFeedImageDataLoader.swift */ = {isa = PBXFileReference; lastKnownFileType = sourcecode.swift; path = LocalFeedImageDataLoader.swift; sourceTree = "<group>"; };
		95FD3F1029C8E25600FE2547 /* FeedImageDataStore.swift */ = {isa = PBXFileReference; lastKnownFileType = sourcecode.swift; path = FeedImageDataStore.swift; sourceTree = "<group>"; };
		95FE035F2A7ADB3A00F873DC /* XCTestCase+SnapshotTest.swift */ = {isa = PBXFileReference; lastKnownFileType = sourcecode.swift; path = "XCTestCase+SnapshotTest.swift"; sourceTree = "<group>"; };
/* End PBXFileReference section */

/* Begin PBXFrameworksBuildPhase section */
		952DEE4A29827EB600924576 /* Frameworks */ = {
			isa = PBXFrameworksBuildPhase;
			buildActionMask = 2147483647;
			files = (
				959BD43A29BA48E90077F76D /* EssentialFeed.framework in Frameworks */,
			);
			runOnlyForDeploymentPostprocessing = 0;
		};
		952DEE5129827EB700924576 /* Frameworks */ = {
			isa = PBXFrameworksBuildPhase;
			buildActionMask = 2147483647;
			files = (
				952DEE5529827EB700924576 /* EssentialFeediOS.framework in Frameworks */,
			);
			runOnlyForDeploymentPostprocessing = 0;
		};
		95501C5D294D037000267920 /* Frameworks */ = {
			isa = PBXFrameworksBuildPhase;
			buildActionMask = 2147483647;
			files = (
			);
			runOnlyForDeploymentPostprocessing = 0;
		};
		95501C65294D037000267920 /* Frameworks */ = {
			isa = PBXFrameworksBuildPhase;
			buildActionMask = 2147483647;
			files = (
				95501C69294D037000267920 /* EssentialFeed.framework in Frameworks */,
			);
			runOnlyForDeploymentPostprocessing = 0;
		};
		959EB53B29522D32000AC421 /* Frameworks */ = {
			isa = PBXFrameworksBuildPhase;
			buildActionMask = 2147483647;
			files = (
				959EB54229522D32000AC421 /* EssentialFeed.framework in Frameworks */,
			);
			runOnlyForDeploymentPostprocessing = 0;
		};
		95EE47FF2973E3600032BA2E /* Frameworks */ = {
			isa = PBXFrameworksBuildPhase;
			buildActionMask = 2147483647;
			files = (
				95EE48062973E3600032BA2E /* EssentialFeed.framework in Frameworks */,
			);
			runOnlyForDeploymentPostprocessing = 0;
		};
/* End PBXFrameworksBuildPhase section */

/* Begin PBXGroup section */
		9500A50129BA4A2C00A0550B /* FeedPresentation */ = {
			isa = PBXGroup;
			children = (
				9500A50C29BA51E800A0550B /* View */,
				95751CE429BBB267002F4477 /* FeedImagePresenter.swift */,
				95B06E5929BCAFC90024819A /* EssentialFeedLocalized.strings */,
				95AE12FC29BDB2B00080338D /* Feed Presenter.swift */,
			);
			path = FeedPresentation;
			sourceTree = "<group>";
		};
		9500A50C29BA51E800A0550B /* View */ = {
			isa = PBXGroup;
			children = (
				95751CE629BBB370002F4477 /* FeedImageViewModel.swift */,
			);
			path = View;
			sourceTree = "<group>";
		};
		9500A51C29BA583600A0550B /* FeedImage Presenter */ = {
			isa = PBXGroup;
			children = (
				9500A51D29BA585B00A0550B /* FeedImagePresenterTests.swift */,
			);
			path = "FeedImage Presenter";
			sourceTree = "<group>";
		};
		950DE4852A6BE55A00D4CC18 /* Shared Presentation */ = {
			isa = PBXGroup;
			children = (
				950DE4862A6BE5C100D4CC18 /* LoadResourcePresenterTests.swift */,
				950DE48D2A6D1CEB00D4CC18 /* SharedLocalizationTests.swift */,
			);
			path = "Shared Presentation";
			sourceTree = "<group>";
		};
		950DE4882A6BE66E00D4CC18 /* Shared Presentation */ = {
			isa = PBXGroup;
			children = (
				9500A51729BA527100A0550B /* ResourceErrorViewModel.swift */,
				9500A51529BA525C00A0550B /* ResourceErrorView.swift */,
				9500A51129BA522C00A0550B /* ResourceLoadingViewModel.swift */,
				9500A50F29BA521400A0550B /* ResourceLoadingView.swift */,
				950DE4892A6BE68E00D4CC18 /* LoadResourcePresenter.swift */,
				950DE4912A6D1DF600D4CC18 /* Shared.strings */,
			);
			path = "Shared Presentation";
			sourceTree = "<group>";
		};
		950DE4982A7189A100D4CC18 /* Image Comments Presentation */ = {
			isa = PBXGroup;
			children = (
				950DE4992A718A1700D4CC18 /* ImageCommentsPresenterTests.swift */,
				9563FDE72A718DA800AC269D /* ImageCommentsLocalizationTests.swift */,
			);
			path = "Image Comments Presentation";
			sourceTree = "<group>";
		};
		950DE49B2A718B1000D4CC18 /* Image Comments Presentation */ = {
			isa = PBXGroup;
			children = (
				950DE49C2A718B4900D4CC18 /* ImageCommentsPresenter.swift */,
				9563FDEB2A718E3500AC269D /* ImageComments.strings */,
			);
			path = "Image Comments Presentation";
			sourceTree = "<group>";
		};
		9512DF592A6277AC000DD1FB /* Image Comment API */ = {
			isa = PBXGroup;
			children = (
				95A6AA902A60739D00906BDA /* ImageCommentsMapper.swift */,
				95808DFF2A8B9EE00001431A /* ImageCommentsEndPoint.swift */,
			);
			path = "Image Comment API";
			sourceTree = "<group>";
		};
		9512DF5A2A6277FC000DD1FB /* Image Comment API */ = {
			isa = PBXGroup;
			children = (
				95A6AA8C2A6070FA00906BDA /* ImageCommentsMapperTests.swift */,
				9503EBBC2A8DEBC500E86B5B /* ImageCommentsEndPointTests.swift */,
			);
			path = "Image Comment API";
			sourceTree = "<group>";
		};
		9527C6312A7E88C10038C729 /* SharedUI */ = {
			isa = PBXGroup;
			children = (
				9527C6342A7E89B20038C729 /* snapshots */,
				9527C6322A7E88E70038C729 /* ListSnapshotTests.swift */,
			);
			path = SharedUI;
			sourceTree = "<group>";
		};
		9527C6342A7E89B20038C729 /* snapshots */ = {
			isa = PBXGroup;
			children = (
				956374922A8160AE008F17C5 /* LIST_WITH_ERROR_MESSAGE_dark_extraExtraExtraLarge.png */,
				9527C6362A7E89C00038C729 /* EMPTY_LIST_dark.png */,
				9527C6352A7E89C00038C729 /* EMPTY_LIST_light.png */,
				9527C63A2A7E8A810038C729 /* LIST_WITH_ERROR_MESSAGE_dark.png */,
				9527C6392A7E8A810038C729 /* LIST_WITH_ERROR_MESSAGE_light.png */,
			);
			path = snapshots;
			sourceTree = "<group>";
		};
		952C3A9B2992BF9C00EC864B /* Views */ = {
			isa = PBXGroup;
			children = (
				952F7553298807BF00E91793 /* FeedImageCell.swift */,
				95891F3829AB572200A376D9 /* Feed.storyboard */,
				95891F3A29AB57BE00A376D9 /* Feed.xcassets */,
			);
			path = Views;
			sourceTree = "<group>";
		};
		952C3A9C2992BFC900EC864B /* Controllers */ = {
			isa = PBXGroup;
			children = (
				955FAA762A50997A00F084FF /* FeedImageCellController.swift */,
			);
			path = Controllers;
			sourceTree = "<group>";
		};
		952C3A9D2992C00A00EC864B /* Feed UI */ = {
			isa = PBXGroup;
			children = (
				955DB9BE2A509A97003D6674 /* Helpers */,
				952C3A9C2992BFC900EC864B /* Controllers */,
				952C3A9B2992BF9C00EC864B /* Views */,
			);
			path = "Feed UI";
			sourceTree = "<group>";
		};
		952C8002297090C700BA5E6F /* Infrastructure */ = {
			isa = PBXGroup;
			children = (
				95978CA629CE3385003A71DC /* CoreData */,
			);
			path = Infrastructure;
			sourceTree = "<group>";
		};
		952DEE4E29827EB600924576 /* EssentialFeediOS */ = {
			isa = PBXGroup;
			children = (
				9541F7FA2A7EB827008DF28B /* imageCommentsUI */,
				956CAA852A7E7E4E00D4B767 /* SharedUI */,
				952C3A9D2992C00A00EC864B /* Feed UI */,
			);
			path = EssentialFeediOS;
			sourceTree = "<group>";
		};
		95414A4F295BFCCE0001E778 /* Feed Cache */ = {
			isa = PBXGroup;
			children = (
				95414A50295BFD220001E778 /* LocalFeedLoader.swift */,
				95414A52295BFE420001E778 /* FeedStore.swift */,
				95BBE171295DAB1200C21B2C /* LocalFeedImage.swift */,
				95AB4CFB2962938A00AD0146 /* FeedCachePolicy.swift */,
				952C8002297090C700BA5E6F /* Infrastructure */,
				95FD3F0E29C8E1A400FE2547 /* LocalFeedImageDataLoader.swift */,
				95FD3F1029C8E25600FE2547 /* FeedImageDataStore.swift */,
			);
			path = "Feed Cache";
			sourceTree = "<group>";
		};
		9541F7F62A7EB7C5008DF28B /* ImageCommentsUI */ = {
			isa = PBXGroup;
			children = (
				9541F7F82A7EB80E008DF28B /* ImageCommentsSnapshotTests.swift */,
			);
			path = ImageCommentsUI;
			sourceTree = "<group>";
		};
		9541F7FA2A7EB827008DF28B /* imageCommentsUI */ = {
			isa = PBXGroup;
			children = (
				9541F8002A7EB88C008DF28B /* Views */,
				9541F7FB2A7EB834008DF28B /* Controller */,
			);
			path = imageCommentsUI;
			sourceTree = "<group>";
		};
		9541F7FB2A7EB834008DF28B /* Controller */ = {
			isa = PBXGroup;
			children = (
				9541F7FC2A7EB857008DF28B /* ImageCommentsCellController.swift */,
			);
			path = Controller;
			sourceTree = "<group>";
		};
		9541F8002A7EB88C008DF28B /* Views */ = {
			isa = PBXGroup;
			children = (
				9541F8032A7EC915008DF28B /* ImageComments.storyboard */,
				9541F8052A7ECABD008DF28B /* ImageCommentCell.swift */,
			);
			path = Views;
			sourceTree = "<group>";
		};
		95501C56294D037000267920 = {
			isa = PBXGroup;
			children = (
				958FDD342984013300B97D8E /* EssentialFeed */,
				95501C6C294D037000267920 /* EssentialFeedTests */,
				959EB53F29522D32000AC421 /* EssentialFeedAPIEndToEndTests */,
				95EE48032973E3600032BA2E /* EssentialFeedCacheIntegrationTests */,
				952DEE4E29827EB600924576 /* EssentialFeediOS */,
				95D8F0272A7A0FC300485D2A /* EssentialFeediOSTests */,
				95501C61294D037000267920 /* Products */,
				958FDD2D2984007A00B97D8E /* Frameworks */,
				95B06E4D29BC82410024819A /* Recovered References */,
			);
			sourceTree = "<group>";
		};
		95501C61294D037000267920 /* Products */ = {
			isa = PBXGroup;
			children = (
				95501C60294D037000267920 /* EssentialFeed.framework */,
				95501C68294D037000267920 /* EssentialFeedTests.xctest */,
				959EB53E29522D32000AC421 /* EssentialFeedAPIEndToEndTests.xctest */,
				95EE48022973E3600032BA2E /* EssentialFeedCacheIntegrationTests.xctest */,
				952DEE4D29827EB600924576 /* EssentialFeediOS.framework */,
				952DEE5429827EB700924576 /* EssentialFeediOSTests.xctest */,
			);
			name = Products;
			sourceTree = "<group>";
		};
		95501C6C294D037000267920 /* EssentialFeedTests */ = {
			isa = PBXGroup;
			children = (
				9500A51C29BA583600A0550B /* FeedImage Presenter */,
				95B39A9029B7A9150013CCB9 /* Feed Presentation */,
				950DE4852A6BE55A00D4CC18 /* Shared Presentation */,
				95A6AA992A608B2800906BDA /* Shared API Infra */,
				9512DF5A2A6277FC000DD1FB /* Image Comment API */,
				950DE4982A7189A100D4CC18 /* Image Comments Presentation */,
				9562F937294F8ED800EB3964 /* Helper */,
				95C10DD1295A1037000CBAE8 /* Feed Cache */,
				955975D4294DEC6C00153928 /* Feed API */,
			);
			path = EssentialFeedTests;
			sourceTree = "<group>";
		};
		95501C7F294D075700267920 /* FeedFeature */ = {
			isa = PBXGroup;
			children = (
				952C3A9F2992C0C400EC864B /* FeedImageDataLoader.swift */,
				95501C78294D038900267920 /* FeedImage.swift */,
				95F5171A29E1F26400EFB332 /* FeedCache.swift */,
				95BE8CF629E2D0E5006A2452 /* FeedImageDataCache.swift */,
			);
			path = FeedFeature;
			sourceTree = "<group>";
		};
		95501C80294D076700267920 /* Feed API */ = {
			isa = PBXGroup;
			children = (
				95ED871E29C62B5F00D35139 /* Helpers */,
				955975D2294DDDED00153928 /* FeedItemsMapper.swift */,
				9548D8CE2A7448CF00D1A6F4 /* FeedImageMapper.swift */,
				9503EBB82A8DE98300E86B5B /* FeedEndPoint.swift */,
			);
			path = "Feed API";
			sourceTree = "<group>";
		};
		955975D4294DEC6C00153928 /* Feed API */ = {
			isa = PBXGroup;
			children = (
				95501C7D294D043300267920 /* FeedItemsMapperTests.swift */,
				9548D8CC2A7447E000D1A6F4 /* FeedImageMapperTests.swift */,
				9503EBBA2A8DEA9800E86B5B /* FeedEndpointTests.swift */,
			);
			path = "Feed API";
			sourceTree = "<group>";
		};
		955DB9BE2A509A97003D6674 /* Helpers */ = {
			isa = PBXGroup;
			children = (
				955DB9B92A509A81003D6674 /* UIImageView+Animation.swift */,
				955DB9B72A509A81003D6674 /* UIView+Shimmering.swift */,
			);
			path = Helpers;
			sourceTree = "<group>";
		};
		9562F937294F8ED800EB3964 /* Helper */ = {
			isa = PBXGroup;
			children = (
				956D98FD2960675200076FDF /* FeedCacheTestsHelper.swift */,
				95EC2D89295E981C007992E3 /* FeedStoreSpy.swift */,
				9562F938294F8F1C00EB3964 /* XCTestCase+TrackMemoryLeak.swift */,
				956D98FF2960690E00076FDF /* SharedTestsHelper.swift */,
				9549232829C9FCDA00916A87 /* FeedImageDataStoreSpy.swift */,
				950DE4942A6D26CE00D4CC18 /* SharedLocalizationTestsHelpers.swift */,
			);
			path = Helper;
			sourceTree = "<group>";
		};
		956CAA852A7E7E4E00D4B767 /* SharedUI */ = {
			isa = PBXGroup;
			children = (
				956CAA872A7E7E7D00D4B767 /* Views */,
				956CAA862A7E7E5A00D4B767 /* Controller */,
			);
			path = SharedUI;
			sourceTree = "<group>";
		};
		956CAA862A7E7E5A00D4B767 /* Controller */ = {
			isa = PBXGroup;
			children = (
				955FAA772A50997A00F084FF /* ListViewController.swift */,
				958A465F2A7FB4F500C0E031 /* CellController.swift */,
			);
			path = Controller;
			sourceTree = "<group>";
		};
		956CAA872A7E7E7D00D4B767 /* Views */ = {
			isa = PBXGroup;
			children = (
				956CAA882A7E7EB400D4B767 /* Helpers */,
				95ED6D7329B634EC00EA61E5 /* ErrorView.swift */,
			);
			path = Views;
			sourceTree = "<group>";
		};
		956CAA882A7E7EB400D4B767 /* Helpers */ = {
			isa = PBXGroup;
			children = (
				95D8F02F2A7A1AE300485D2A /* UITableView+HeaderSizing.swift */,
				955DB9B62A509A81003D6674 /* UITableView+dequeuing.swift */,
				955DB9B82A509A81003D6674 /* UIRefreshControl+Helpers.swift */,
				95ED8F582A820CF000D94140 /* UIView+Container.swift */,
			);
			path = Helpers;
			sourceTree = "<group>";
		};
		956CAA8A2A7E80EB00D4B767 /* FeedUI */ = {
			isa = PBXGroup;
			children = (
				9527C62F2A7E86BC0038C729 /* snapshots */,
				95D8F0282A7A101600485D2A /* FeedSnapshotTests.swift */,
			);
			path = FeedUI;
			sourceTree = "<group>";
		};
		958FDD2D2984007A00B97D8E /* Frameworks */ = {
			isa = PBXGroup;
			children = (
			);
			name = Frameworks;
			sourceTree = "<group>";
		};
		958FDD342984013300B97D8E /* EssentialFeed */ = {
			isa = PBXGroup;
			children = (
				950DE4882A6BE66E00D4CC18 /* Shared Presentation */,
				95A6AA952A608A7900906BDA /* Shared API */,
				95A6AA962A608A9D00906BDA /* Shared API Infra */,
				95A6AA922A607E1C00906BDA /* Image Comments Feature */,
				9512DF592A6277AC000DD1FB /* Image Comment API */,
				950DE49B2A718B1000D4CC18 /* Image Comments Presentation */,
				9500A50129BA4A2C00A0550B /* FeedPresentation */,
				95414A4F295BFCCE0001E778 /* Feed Cache */,
				95501C80294D076700267920 /* Feed API */,
				95501C7F294D075700267920 /* FeedFeature */,
			);
			path = EssentialFeed;
			sourceTree = "<group>";
		};
		95978CA629CE3385003A71DC /* CoreData */ = {
			isa = PBXGroup;
			children = (
				952C80032970940800BA5E6F /* CoreDataHelper.swift */,
				952C8005297094D400BA5E6F /* ManagedCache.swift */,
				952C8007297094ED00BA5E6F /* ManagedFeedImage.swift */,
				95C08F35296F28E1004129F1 /* CoreDataFeedStore.swift */,
				95BE2D29296F396D00A6B1A5 /* FeedStore.xcmodeld */,
				95978CA229CE1E0B003A71DC /* CoreDataFeedStore+FeedImageDataLoader.swift */,
				95978CA429CE3286003A71DC /* CoreDataFeedStore+FeedStore.swift */,
			);
			path = CoreData;
			sourceTree = "<group>";
		};
		959EB53F29522D32000AC421 /* EssentialFeedAPIEndToEndTests */ = {
			isa = PBXGroup;
			children = (
				959EB54029522D32000AC421 /* EssentialFeedAPIEndToEndTests.swift */,
			);
			path = EssentialFeedAPIEndToEndTests;
			sourceTree = "<group>";
		};
		95A6AA922A607E1C00906BDA /* Image Comments Feature */ = {
			isa = PBXGroup;
			children = (
				95A6AA932A607E8300906BDA /* ImageComment.swift */,
			);
			path = "Image Comments Feature";
			sourceTree = "<group>";
		};
		95A6AA952A608A7900906BDA /* Shared API */ = {
			isa = PBXGroup;
			children = (
				955975D0294DDDAC00153928 /* HTTPClient.swift */,
			);
			path = "Shared API";
			sourceTree = "<group>";
		};
		95A6AA962A608A9D00906BDA /* Shared API Infra */ = {
			isa = PBXGroup;
			children = (
				95944E532950A80E00DF54BB /* URLSessionHttpClient.swift */,
			);
			path = "Shared API Infra";
			sourceTree = "<group>";
		};
		95A6AA992A608B2800906BDA /* Shared API Infra */ = {
			isa = PBXGroup;
			children = (
				95A6AA9A2A608B6600906BDA /* Helpers */,
				955975D5294E0EC800153928 /* URLSessionHttpClientTests.swift */,
			);
			path = "Shared API Infra";
			sourceTree = "<group>";
		};
		95A6AA9A2A608B6600906BDA /* Helpers */ = {
			isa = PBXGroup;
			children = (
				95ED872129C62D8500D35139 /* URLProtocolStub.swift */,
			);
			path = Helpers;
			sourceTree = "<group>";
		};
		95B06E4D29BC82410024819A /* Recovered References */ = {
			isa = PBXGroup;
			children = (
				95B06E3A29BC727D0024819A /* Feed.strings */,
			);
			name = "Recovered References";
			sourceTree = "<group>";
		};
		95B39A9029B7A9150013CCB9 /* Feed Presentation */ = {
			isa = PBXGroup;
			children = (
				9519626E29AD2A2500A87C6C /* FeedLocalizationTests.swift */,
				95B39A9129B7A9540013CCB9 /* FeedPresenterTests.swift */,
			);
			path = "Feed Presentation";
			sourceTree = "<group>";
		};
		95BE2D29296F396D00A6B1A5 /* FeedStore.xcmodeld */ = {
			isa = PBXGroup;
			children = (
				95BE2D26296F396200A6B1A5 /* FeedStore.xcdatamodeld */,
			);
			path = FeedStore.xcmodeld;
			sourceTree = "<group>";
		};
		95C10DD1295A1037000CBAE8 /* Feed Cache */ = {
			isa = PBXGroup;
			children = (
				95C3695E296DA86200DE34E3 /* FeedStoreSpecs */,
				956D98F929605CEE00076FDF /* ValidateFeedCacheUseCaseTests.swift */,
				95C10DD2295A1071000CBAE8 /* CacheFeedUseCaseTests.swift */,
				95EC2D86295E94DA007992E3 /* LoadFeedFromCacheUseCaseTests.swift */,
				95C08F33296F27FE004129F1 /* CoreDataFeedStoreTests.swift */,
				95FD3F0C29C8797400FE2547 /* LocalFeedImageDataFromCacheUseCaseTests.swift */,
				9549232A29C9FFB400916A87 /* CacheFeedImageDataUseCaseTests.swift */,
				9549232C29CA27B500916A87 /* CoreDataFeedImageDataStoreTests.swift */,
			);
			path = "Feed Cache";
			sourceTree = "<group>";
		};
		95C3695E296DA86200DE34E3 /* FeedStoreSpecs */ = {
			isa = PBXGroup;
			children = (
				9548DEE8296CA49F00BCE861 /* FeedStoreSpecs.swift */,
				9548DEEB296CA7E400BCE861 /* XCTestCase+FeedStoreSpecs.swift */,
				95C36958296DA7D500DE34E3 /* XCTestCase+FailableRetriveFeedStoreSpecs.swift */,
				95C3695A296DA80D00DE34E3 /* XCTestCase+FailableInsertFeedStoreSpecs.swift */,
				95C3695C296DA83500DE34E3 /* XCTestCase+FailableDeleteFeedStoreSpecs.swift */,
			);
			path = FeedStoreSpecs;
			sourceTree = "<group>";
		};
		95D8F0272A7A0FC300485D2A /* EssentialFeediOSTests */ = {
			isa = PBXGroup;
			children = (
				9527C6312A7E88C10038C729 /* SharedUI */,
				9541F7F62A7EB7C5008DF28B /* ImageCommentsUI */,
				95D8F02C2A7A165200485D2A /* Helpers */,
				956CAA8A2A7E80EB00D4B767 /* FeedUI */,
			);
			path = EssentialFeediOSTests;
			sourceTree = "<group>";
		};
		95D8F02C2A7A165200485D2A /* Helpers */ = {
			isa = PBXGroup;
			children = (
				95D8F02D2A7A167300485D2A /* UIImage+TestHelpers.swift */,
				95FE035F2A7ADB3A00F873DC /* XCTestCase+SnapshotTest.swift */,
				956374902A815E37008F17C5 /* UIViewController+Snapshot.swift */,
			);
			path = Helpers;
			sourceTree = "<group>";
		};
		95ED871E29C62B5F00D35139 /* Helpers */ = {
			isa = PBXGroup;
			children = (
				95ED871F29C62B8C00D35139 /* HTTPURLResponse+StatusCode.swift */,
			);
			path = Helpers;
			sourceTree = "<group>";
		};
		95EE48032973E3600032BA2E /* EssentialFeedCacheIntegrationTests */ = {
			isa = PBXGroup;
			children = (
				95EE48042973E3600032BA2E /* EssentialFeedCacheIntegrationTests.swift */,
			);
			path = EssentialFeedCacheIntegrationTests;
			sourceTree = "<group>";
		};
/* End PBXGroup section */

/* Begin PBXHeadersBuildPhase section */
		952DEE4829827EB600924576 /* Headers */ = {
			isa = PBXHeadersBuildPhase;
			buildActionMask = 2147483647;
			files = (
			);
			runOnlyForDeploymentPostprocessing = 0;
		};
		95501C5B294D037000267920 /* Headers */ = {
			isa = PBXHeadersBuildPhase;
			buildActionMask = 2147483647;
			files = (
			);
			runOnlyForDeploymentPostprocessing = 0;
		};
/* End PBXHeadersBuildPhase section */

/* Begin PBXNativeTarget section */
		952DEE4C29827EB600924576 /* EssentialFeediOS */ = {
			isa = PBXNativeTarget;
			buildConfigurationList = 952DEE5C29827EB700924576 /* Build configuration list for PBXNativeTarget "EssentialFeediOS" */;
			buildPhases = (
				952DEE4829827EB600924576 /* Headers */,
				952DEE4929827EB600924576 /* Sources */,
				952DEE4A29827EB600924576 /* Frameworks */,
				952DEE4B29827EB600924576 /* Resources */,
				959BD43E29BA48E90077F76D /* Embed Frameworks */,
			);
			buildRules = (
			);
			dependencies = (
				959BD43D29BA48E90077F76D /* PBXTargetDependency */,
			);
			name = EssentialFeediOS;
			productName = EssentialFeediOS;
			productReference = 952DEE4D29827EB600924576 /* EssentialFeediOS.framework */;
			productType = "com.apple.product-type.framework";
		};
		952DEE5329827EB700924576 /* EssentialFeediOSTests */ = {
			isa = PBXNativeTarget;
			buildConfigurationList = 952DEE5F29827EB700924576 /* Build configuration list for PBXNativeTarget "EssentialFeediOSTests" */;
			buildPhases = (
				952DEE5029827EB700924576 /* Sources */,
				952DEE5129827EB700924576 /* Frameworks */,
				952DEE5229827EB700924576 /* Resources */,
			);
			buildRules = (
			);
			dependencies = (
				952DEE5729827EB700924576 /* PBXTargetDependency */,
			);
			name = EssentialFeediOSTests;
			productName = EssentialFeediOSTests;
			productReference = 952DEE5429827EB700924576 /* EssentialFeediOSTests.xctest */;
			productType = "com.apple.product-type.bundle.unit-test";
		};
		95501C5F294D037000267920 /* EssentialFeed */ = {
			isa = PBXNativeTarget;
			buildConfigurationList = 95501C72294D037000267920 /* Build configuration list for PBXNativeTarget "EssentialFeed" */;
			buildPhases = (
				95501C5B294D037000267920 /* Headers */,
				95501C5C294D037000267920 /* Sources */,
				95501C5D294D037000267920 /* Frameworks */,
				95501C5E294D037000267920 /* Resources */,
			);
			buildRules = (
			);
			dependencies = (
			);
			name = EssentialFeed;
			productName = EssentialFeed;
			productReference = 95501C60294D037000267920 /* EssentialFeed.framework */;
			productType = "com.apple.product-type.framework";
		};
		95501C67294D037000267920 /* EssentialFeedTests */ = {
			isa = PBXNativeTarget;
			buildConfigurationList = 95501C75294D037000267920 /* Build configuration list for PBXNativeTarget "EssentialFeedTests" */;
			buildPhases = (
				95501C64294D037000267920 /* Sources */,
				95501C65294D037000267920 /* Frameworks */,
				95501C66294D037000267920 /* Resources */,
			);
			buildRules = (
			);
			dependencies = (
				95501C6B294D037000267920 /* PBXTargetDependency */,
			);
			name = EssentialFeedTests;
			productName = EssentialFeedTests;
			productReference = 95501C68294D037000267920 /* EssentialFeedTests.xctest */;
			productType = "com.apple.product-type.bundle.unit-test";
		};
		959EB53D29522D32000AC421 /* EssentialFeedAPIEndToEndTests */ = {
			isa = PBXNativeTarget;
			buildConfigurationList = 959EB54729522D32000AC421 /* Build configuration list for PBXNativeTarget "EssentialFeedAPIEndToEndTests" */;
			buildPhases = (
				959EB53A29522D32000AC421 /* Sources */,
				959EB53B29522D32000AC421 /* Frameworks */,
				959EB53C29522D32000AC421 /* Resources */,
			);
			buildRules = (
			);
			dependencies = (
				959EB54429522D32000AC421 /* PBXTargetDependency */,
			);
			name = EssentialFeedAPIEndToEndTests;
			productName = EssentialFeedAPIEndToEndTests;
			productReference = 959EB53E29522D32000AC421 /* EssentialFeedAPIEndToEndTests.xctest */;
			productType = "com.apple.product-type.bundle.unit-test";
		};
		95EE48012973E3600032BA2E /* EssentialFeedCacheIntegrationTests */ = {
			isa = PBXNativeTarget;
			buildConfigurationList = 95EE480B2973E3600032BA2E /* Build configuration list for PBXNativeTarget "EssentialFeedCacheIntegrationTests" */;
			buildPhases = (
				95EE47FE2973E3600032BA2E /* Sources */,
				95EE47FF2973E3600032BA2E /* Frameworks */,
				95EE48002973E3600032BA2E /* Resources */,
			);
			buildRules = (
			);
			dependencies = (
				95EE48082973E3600032BA2E /* PBXTargetDependency */,
			);
			name = EssentialFeedCacheIntegrationTests;
			productName = EssentialFeedCacheIntegrationTests;
			productReference = 95EE48022973E3600032BA2E /* EssentialFeedCacheIntegrationTests.xctest */;
			productType = "com.apple.product-type.bundle.unit-test";
		};
/* End PBXNativeTarget section */

/* Begin PBXProject section */
		95501C57294D037000267920 /* Project object */ = {
			isa = PBXProject;
			attributes = {
				BuildIndependentTargetsInParallel = 1;
				LastSwiftUpdateCheck = 1420;
				LastUpgradeCheck = 1430;
				TargetAttributes = {
					952DEE4C29827EB600924576 = {
						CreatedOnToolsVersion = 14.2;
						LastSwiftMigration = 1420;
					};
					952DEE5329827EB700924576 = {
						CreatedOnToolsVersion = 14.2;
						LastSwiftMigration = 1420;
					};
					95501C5F294D037000267920 = {
						CreatedOnToolsVersion = 13.4.1;
						LastSwiftMigration = 1340;
					};
					95501C67294D037000267920 = {
						CreatedOnToolsVersion = 13.4.1;
					};
					959EB53D29522D32000AC421 = {
						CreatedOnToolsVersion = 13.4.1;
					};
					95EE48012973E3600032BA2E = {
						CreatedOnToolsVersion = 14.2;
					};
				};
			};
			buildConfigurationList = 95501C5A294D037000267920 /* Build configuration list for PBXProject "EssentialFeed" */;
			compatibilityVersion = "Xcode 13.0";
			developmentRegion = en;
			hasScannedForEncodings = 0;
			knownRegions = (
				en,
				Base,
				el,
				"pt-BR",
			);
			mainGroup = 95501C56294D037000267920;
			productRefGroup = 95501C61294D037000267920 /* Products */;
			projectDirPath = "";
			projectRoot = "";
			targets = (
				95501C5F294D037000267920 /* EssentialFeed */,
				95501C67294D037000267920 /* EssentialFeedTests */,
				959EB53D29522D32000AC421 /* EssentialFeedAPIEndToEndTests */,
				95EE48012973E3600032BA2E /* EssentialFeedCacheIntegrationTests */,
				952DEE4C29827EB600924576 /* EssentialFeediOS */,
				952DEE5329827EB700924576 /* EssentialFeediOSTests */,
			);
		};
/* End PBXProject section */

/* Begin PBXResourcesBuildPhase section */
		952DEE4B29827EB600924576 /* Resources */ = {
			isa = PBXResourcesBuildPhase;
			buildActionMask = 2147483647;
			files = (
				95891F3929AB572200A376D9 /* Feed.storyboard in Resources */,
				9541F8042A7EC915008DF28B /* ImageComments.storyboard in Resources */,
				95891F3B29AB57BE00A376D9 /* Feed.xcassets in Resources */,
			);
			runOnlyForDeploymentPostprocessing = 0;
		};
		952DEE5229827EB700924576 /* Resources */ = {
			isa = PBXResourcesBuildPhase;
			buildActionMask = 2147483647;
			files = (
				9527C6382A7E89C00038C729 /* EMPTY_LIST_dark.png in Resources */,
				9527C6372A7E89C00038C729 /* EMPTY_LIST_light.png in Resources */,
				9527C6302A7E86BC0038C729 /* snapshots in Resources */,
				956374932A8160AE008F17C5 /* LIST_WITH_ERROR_MESSAGE_dark_extraExtraExtraLarge.png in Resources */,
			);
			runOnlyForDeploymentPostprocessing = 0;
		};
		95501C5E294D037000267920 /* Resources */ = {
			isa = PBXResourcesBuildPhase;
			buildActionMask = 2147483647;
			files = (
				95B06E5729BCAFC90024819A /* EssentialFeedLocalized.strings in Resources */,
				95B06E3829BC727D0024819A /* Feed.strings in Resources */,
				9563FDE92A718E3500AC269D /* ImageComments.strings in Resources */,
				950DE48F2A6D1DF600D4CC18 /* Shared.strings in Resources */,
			);
			runOnlyForDeploymentPostprocessing = 0;
		};
		95501C66294D037000267920 /* Resources */ = {
			isa = PBXResourcesBuildPhase;
			buildActionMask = 2147483647;
			files = (
			);
			runOnlyForDeploymentPostprocessing = 0;
		};
		959EB53C29522D32000AC421 /* Resources */ = {
			isa = PBXResourcesBuildPhase;
			buildActionMask = 2147483647;
			files = (
			);
			runOnlyForDeploymentPostprocessing = 0;
		};
		95EE48002973E3600032BA2E /* Resources */ = {
			isa = PBXResourcesBuildPhase;
			buildActionMask = 2147483647;
			files = (
			);
			runOnlyForDeploymentPostprocessing = 0;
		};
/* End PBXResourcesBuildPhase section */

/* Begin PBXSourcesBuildPhase section */
		952DEE4929827EB600924576 /* Sources */ = {
			isa = PBXSourcesBuildPhase;
			buildActionMask = 2147483647;
			files = (
				95D8F0302A7A1AE300485D2A /* UITableView+HeaderSizing.swift in Sources */,
				9541F7FD2A7EB857008DF28B /* ImageCommentsCellController.swift in Sources */,
				952F7554298807BF00E91793 /* FeedImageCell.swift in Sources */,
				95ED8F592A820CF000D94140 /* UIView+Container.swift in Sources */,
				958A46602A7FB4F500C0E031 /* CellController.swift in Sources */,
				955DB9BC2A509A81003D6674 /* UIImageView+Animation.swift in Sources */,
				955DB9BA2A509A81003D6674 /* UITableView+dequeuing.swift in Sources */,
				95ED6D7429B634EC00EA61E5 /* ErrorView.swift in Sources */,
				955DB9BB2A509A81003D6674 /* UIView+Shimmering.swift in Sources */,
				955DB9BD2A509A81003D6674 /* UIRefreshControl+Helpers.swift in Sources */,
				955FAA792A50997A00F084FF /* ListViewController.swift in Sources */,
				955FAA782A50997A00F084FF /* FeedImageCellController.swift in Sources */,
				9541F8062A7ECABD008DF28B /* ImageCommentCell.swift in Sources */,
			);
			runOnlyForDeploymentPostprocessing = 0;
		};
		952DEE5029827EB700924576 /* Sources */ = {
			isa = PBXSourcesBuildPhase;
			buildActionMask = 2147483647;
			files = (
				958FDD362984098E00B97D8E /* XCTestCase+TrackMemoryLeak.swift in Sources */,
				95D8F0292A7A101600485D2A /* FeedSnapshotTests.swift in Sources */,
				956374912A815E37008F17C5 /* UIViewController+Snapshot.swift in Sources */,
				9527C6332A7E88E70038C729 /* ListSnapshotTests.swift in Sources */,
				95FE03602A7ADB3A00F873DC /* XCTestCase+SnapshotTest.swift in Sources */,
				9541F7F92A7EB80E008DF28B /* ImageCommentsSnapshotTests.swift in Sources */,
				95D8F02E2A7A167300485D2A /* UIImage+TestHelpers.swift in Sources */,
			);
			runOnlyForDeploymentPostprocessing = 0;
		};
		95501C5C294D037000267920 /* Sources */ = {
			isa = PBXSourcesBuildPhase;
			buildActionMask = 2147483647;
			files = (
				950DE48A2A6BE68E00D4CC18 /* LoadResourcePresenter.swift in Sources */,
				9548D8CF2A7448CF00D1A6F4 /* FeedImageMapper.swift in Sources */,
				95AE12FD29BDB2B00080338D /* Feed Presenter.swift in Sources */,
				952C80042970940800BA5E6F /* CoreDataHelper.swift in Sources */,
				95978CA329CE1E0B003A71DC /* CoreDataFeedStore+FeedImageDataLoader.swift in Sources */,
				95ED872029C62B8C00D35139 /* HTTPURLResponse+StatusCode.swift in Sources */,
				95978CA529CE3286003A71DC /* CoreDataFeedStore+FeedStore.swift in Sources */,
				955975D3294DDDED00153928 /* FeedItemsMapper.swift in Sources */,
				95BE8CF729E2D0E5006A2452 /* FeedImageDataCache.swift in Sources */,
				95AB4CFC2962938A00AD0146 /* FeedCachePolicy.swift in Sources */,
				95BE2D28296F396200A6B1A5 /* FeedStore.xcdatamodeld in Sources */,
				9537848E29C23B9900705EF5 /* FeedImageDataLoader.swift in Sources */,
				95A6AA942A607E8300906BDA /* ImageComment.swift in Sources */,
				9500A51229BA522C00A0550B /* ResourceLoadingViewModel.swift in Sources */,
				95BBE172295DAB1200C21B2C /* LocalFeedImage.swift in Sources */,
				95751CE529BBB267002F4477 /* FeedImagePresenter.swift in Sources */,
				9500A51829BA527100A0550B /* ResourceErrorViewModel.swift in Sources */,
				95414A53295BFE420001E778 /* FeedStore.swift in Sources */,
				95FD3F0F29C8E1A400FE2547 /* LocalFeedImageDataLoader.swift in Sources */,
				95751CE729BBB370002F4477 /* FeedImageViewModel.swift in Sources */,
				95414A51295BFD220001E778 /* LocalFeedLoader.swift in Sources */,
				95944E542950A80E00DF54BB /* URLSessionHttpClient.swift in Sources */,
				9503EBB92A8DE98300E86B5B /* FeedEndPoint.swift in Sources */,
				955975D1294DDDAC00153928 /* HTTPClient.swift in Sources */,
				95F5171B29E1F26400EFB332 /* FeedCache.swift in Sources */,
				9500A51629BA525C00A0550B /* ResourceErrorView.swift in Sources */,
				95501C79294D038900267920 /* FeedImage.swift in Sources */,
				95FD3F1129C8E25600FE2547 /* FeedImageDataStore.swift in Sources */,
				950DE49D2A718B4900D4CC18 /* ImageCommentsPresenter.swift in Sources */,
				95808E002A8B9EE00001431A /* ImageCommentsEndPoint.swift in Sources */,
				952C8006297094D400BA5E6F /* ManagedCache.swift in Sources */,
				95C08F36296F28E1004129F1 /* CoreDataFeedStore.swift in Sources */,
				952C8008297094ED00BA5E6F /* ManagedFeedImage.swift in Sources */,
				95A6AA912A60739D00906BDA /* ImageCommentsMapper.swift in Sources */,
				9500A51029BA521400A0550B /* ResourceLoadingView.swift in Sources */,
			);
			runOnlyForDeploymentPostprocessing = 0;
		};
		95501C64294D037000267920 /* Sources */ = {
			isa = PBXSourcesBuildPhase;
			buildActionMask = 2147483647;
			files = (
				956D98FE2960675200076FDF /* FeedCacheTestsHelper.swift in Sources */,
				956D98FA29605CEE00076FDF /* ValidateFeedCacheUseCaseTests.swift in Sources */,
				95B39A9229B7A9540013CCB9 /* FeedPresenterTests.swift in Sources */,
				95C36959296DA7D500DE34E3 /* XCTestCase+FailableRetriveFeedStoreSpecs.swift in Sources */,
				9500A51E29BA585B00A0550B /* FeedImagePresenterTests.swift in Sources */,
				95C3695B296DA80D00DE34E3 /* XCTestCase+FailableInsertFeedStoreSpecs.swift in Sources */,
				9500A51A29BA55F800A0550B /* FeedLocalizationTests.swift in Sources */,
				950DE49A2A718A1700D4CC18 /* ImageCommentsPresenterTests.swift in Sources */,
				9549232B29C9FFB400916A87 /* CacheFeedImageDataUseCaseTests.swift in Sources */,
				95501C7E294D043300267920 /* FeedItemsMapperTests.swift in Sources */,
				955975D6294E0EC800153928 /* URLSessionHttpClientTests.swift in Sources */,
				950DE48E2A6D1CEB00D4CC18 /* SharedLocalizationTests.swift in Sources */,
				9548D8CD2A7447E000D1A6F4 /* FeedImageMapperTests.swift in Sources */,
				95FD3F0D29C8797400FE2547 /* LocalFeedImageDataFromCacheUseCaseTests.swift in Sources */,
				950DE4952A6D26CE00D4CC18 /* SharedLocalizationTestsHelpers.swift in Sources */,
				950DE4872A6BE5C100D4CC18 /* LoadResourcePresenterTests.swift in Sources */,
				9503EBBD2A8DEBC500E86B5B /* ImageCommentsEndPointTests.swift in Sources */,
				95EC2D8A295E981C007992E3 /* FeedStoreSpy.swift in Sources */,
				95A6AA8D2A6070FA00906BDA /* ImageCommentsMapperTests.swift in Sources */,
				95C10DD3295A1071000CBAE8 /* CacheFeedUseCaseTests.swift in Sources */,
				95C3695D296DA83500DE34E3 /* XCTestCase+FailableDeleteFeedStoreSpecs.swift in Sources */,
				95EC2D87295E94DA007992E3 /* LoadFeedFromCacheUseCaseTests.swift in Sources */,
				9549232929C9FCDA00916A87 /* FeedImageDataStoreSpy.swift in Sources */,
				9503EBBB2A8DEA9800E86B5B /* FeedEndpointTests.swift in Sources */,
				9549232D29CA27B500916A87 /* CoreDataFeedImageDataStoreTests.swift in Sources */,
				9562F939294F8F1C00EB3964 /* XCTestCase+TrackMemoryLeak.swift in Sources */,
				9548DEEA296CA6AD00BCE861 /* FeedStoreSpecs.swift in Sources */,
				956D99002960690E00076FDF /* SharedTestsHelper.swift in Sources */,
				95C08F34296F27FE004129F1 /* CoreDataFeedStoreTests.swift in Sources */,
				9563FDE82A718DA800AC269D /* ImageCommentsLocalizationTests.swift in Sources */,
				9548DEEC296CA7E400BCE861 /* XCTestCase+FeedStoreSpecs.swift in Sources */,
				95ED872329C62E1800D35139 /* URLProtocolStub.swift in Sources */,
			);
			runOnlyForDeploymentPostprocessing = 0;
		};
		959EB53A29522D32000AC421 /* Sources */ = {
			isa = PBXSourcesBuildPhase;
			buildActionMask = 2147483647;
			files = (
				959EB54929523A54000AC421 /* XCTestCase+TrackMemoryLeak.swift in Sources */,
				959EB54129522D32000AC421 /* EssentialFeedAPIEndToEndTests.swift in Sources */,
			);
			runOnlyForDeploymentPostprocessing = 0;
		};
		95EE47FE2973E3600032BA2E /* Sources */ = {
			isa = PBXSourcesBuildPhase;
			buildActionMask = 2147483647;
			files = (
				95EE480E2973EEA60032BA2E /* SharedTestsHelper.swift in Sources */,
				95EE480C2973EA870032BA2E /* XCTestCase+TrackMemoryLeak.swift in Sources */,
				95EE48052973E3600032BA2E /* EssentialFeedCacheIntegrationTests.swift in Sources */,
				95EE480D2973EE9E0032BA2E /* FeedCacheTestsHelper.swift in Sources */,
			);
			runOnlyForDeploymentPostprocessing = 0;
		};
/* End PBXSourcesBuildPhase section */

/* Begin PBXTargetDependency section */
		952DEE5729827EB700924576 /* PBXTargetDependency */ = {
			isa = PBXTargetDependency;
			target = 952DEE4C29827EB600924576 /* EssentialFeediOS */;
			targetProxy = 952DEE5629827EB700924576 /* PBXContainerItemProxy */;
		};
		95501C6B294D037000267920 /* PBXTargetDependency */ = {
			isa = PBXTargetDependency;
			target = 95501C5F294D037000267920 /* EssentialFeed */;
			targetProxy = 95501C6A294D037000267920 /* PBXContainerItemProxy */;
		};
		959BD43D29BA48E90077F76D /* PBXTargetDependency */ = {
			isa = PBXTargetDependency;
			target = 95501C5F294D037000267920 /* EssentialFeed */;
			targetProxy = 959BD43C29BA48E90077F76D /* PBXContainerItemProxy */;
		};
		959EB54429522D32000AC421 /* PBXTargetDependency */ = {
			isa = PBXTargetDependency;
			target = 95501C5F294D037000267920 /* EssentialFeed */;
			targetProxy = 959EB54329522D32000AC421 /* PBXContainerItemProxy */;
		};
		95EE48082973E3600032BA2E /* PBXTargetDependency */ = {
			isa = PBXTargetDependency;
			target = 95501C5F294D037000267920 /* EssentialFeed */;
			targetProxy = 95EE48072973E3600032BA2E /* PBXContainerItemProxy */;
		};
/* End PBXTargetDependency section */

/* Begin PBXVariantGroup section */
		950DE4912A6D1DF600D4CC18 /* Shared.strings */ = {
			isa = PBXVariantGroup;
			children = (
				950DE4902A6D1DF600D4CC18 /* en */,
				950DE4922A6D1DF900D4CC18 /* el */,
				950DE4932A6D1DFA00D4CC18 /* pt-BR */,
			);
			name = Shared.strings;
			sourceTree = "<group>";
		};
		9563FDEB2A718E3500AC269D /* ImageComments.strings */ = {
			isa = PBXVariantGroup;
			children = (
				9563FDEA2A718E3500AC269D /* en */,
				9563FDEC2A718E3A00AC269D /* el */,
				9563FDED2A718E3B00AC269D /* pt-BR */,
			);
			name = ImageComments.strings;
			sourceTree = "<group>";
		};
		95B06E3A29BC727D0024819A /* Feed.strings */ = {
			isa = PBXVariantGroup;
			children = (
			);
			name = Feed.strings;
			sourceTree = "<group>";
		};
		95B06E5929BCAFC90024819A /* EssentialFeedLocalized.strings */ = {
			isa = PBXVariantGroup;
			children = (
				95B06E5829BCAFC90024819A /* en */,
				95B06E5A29BCAFCF0024819A /* el */,
				95B06E5B29BCAFD10024819A /* pt-BR */,
			);
			name = EssentialFeedLocalized.strings;
			sourceTree = "<group>";
		};
/* End PBXVariantGroup section */

/* Begin XCBuildConfiguration section */
		952DEE5D29827EB700924576 /* Debug */ = {
			isa = XCBuildConfiguration;
			buildSettings = {
				CLANG_CXX_LANGUAGE_STANDARD = "gnu++20";
				CLANG_ENABLE_MODULES = YES;
				CODE_SIGN_IDENTITY = "";
				CODE_SIGN_STYLE = Automatic;
				CURRENT_PROJECT_VERSION = 1;
				DEFINES_MODULE = YES;
				DYLIB_COMPATIBILITY_VERSION = 1;
				DYLIB_CURRENT_VERSION = 1;
				DYLIB_INSTALL_NAME_BASE = "@rpath";
				ENABLE_MODULE_VERIFIER = YES;
				GENERATE_INFOPLIST_FILE = YES;
				INFOPLIST_KEY_NSHumanReadableCopyright = "";
				INSTALL_PATH = "$(LOCAL_LIBRARY_DIR)/Frameworks";
				IPHONEOS_DEPLOYMENT_TARGET = 16.2;
				LD_RUNPATH_SEARCH_PATHS = (
					"$(inherited)",
					"@executable_path/Frameworks",
					"@loader_path/Frameworks",
				);
				MARKETING_VERSION = 1.0;
				MODULE_VERIFIER_SUPPORTED_LANGUAGES = "objective-c objective-c++";
				MODULE_VERIFIER_SUPPORTED_LANGUAGE_STANDARDS = "gnu11 gnu++20";
				PRODUCT_BUNDLE_IDENTIFIER = com.personal.EssentialFeediOS;
				PRODUCT_NAME = "$(TARGET_NAME:c99extidentifier)";
				SDKROOT = iphoneos;
				SKIP_INSTALL = YES;
				SUPPORTED_PLATFORMS = "iphoneos iphonesimulator";
				SUPPORTS_MACCATALYST = NO;
				SUPPORTS_MAC_DESIGNED_FOR_IPHONE_IPAD = NO;
				SWIFT_EMIT_LOC_STRINGS = YES;
				SWIFT_OPTIMIZATION_LEVEL = "-Onone";
				SWIFT_VERSION = 5.0;
				TARGETED_DEVICE_FAMILY = "1,2";
			};
			name = Debug;
		};
		952DEE5E29827EB700924576 /* Release */ = {
			isa = XCBuildConfiguration;
			buildSettings = {
				CLANG_CXX_LANGUAGE_STANDARD = "gnu++20";
				CLANG_ENABLE_MODULES = YES;
				CODE_SIGN_IDENTITY = "";
				CODE_SIGN_STYLE = Automatic;
				CURRENT_PROJECT_VERSION = 1;
				DEFINES_MODULE = YES;
				DYLIB_COMPATIBILITY_VERSION = 1;
				DYLIB_CURRENT_VERSION = 1;
				DYLIB_INSTALL_NAME_BASE = "@rpath";
				ENABLE_MODULE_VERIFIER = YES;
				GENERATE_INFOPLIST_FILE = YES;
				INFOPLIST_KEY_NSHumanReadableCopyright = "";
				INSTALL_PATH = "$(LOCAL_LIBRARY_DIR)/Frameworks";
				IPHONEOS_DEPLOYMENT_TARGET = 16.2;
				LD_RUNPATH_SEARCH_PATHS = (
					"$(inherited)",
					"@executable_path/Frameworks",
					"@loader_path/Frameworks",
				);
				MARKETING_VERSION = 1.0;
				MODULE_VERIFIER_SUPPORTED_LANGUAGES = "objective-c objective-c++";
				MODULE_VERIFIER_SUPPORTED_LANGUAGE_STANDARDS = "gnu11 gnu++20";
				PRODUCT_BUNDLE_IDENTIFIER = com.personal.EssentialFeediOS;
				PRODUCT_NAME = "$(TARGET_NAME:c99extidentifier)";
				SDKROOT = iphoneos;
				SKIP_INSTALL = YES;
				SUPPORTED_PLATFORMS = "iphoneos iphonesimulator";
				SUPPORTS_MACCATALYST = NO;
				SUPPORTS_MAC_DESIGNED_FOR_IPHONE_IPAD = NO;
				SWIFT_EMIT_LOC_STRINGS = YES;
				SWIFT_VERSION = 5.0;
				TARGETED_DEVICE_FAMILY = "1,2";
				VALIDATE_PRODUCT = YES;
			};
			name = Release;
		};
		952DEE6029827EB700924576 /* Debug */ = {
			isa = XCBuildConfiguration;
			buildSettings = {
				ALWAYS_EMBED_SWIFT_STANDARD_LIBRARIES = YES;
				CLANG_CXX_LANGUAGE_STANDARD = "gnu++20";
				CLANG_ENABLE_MODULES = YES;
				CODE_SIGN_STYLE = Automatic;
				CURRENT_PROJECT_VERSION = 1;
				GENERATE_INFOPLIST_FILE = YES;
				IPHONEOS_DEPLOYMENT_TARGET = 16.2;
				LD_RUNPATH_SEARCH_PATHS = (
					"$(inherited)",
					"@executable_path/Frameworks",
					"@loader_path/Frameworks",
				);
				MARKETING_VERSION = 1.0;
				PRODUCT_BUNDLE_IDENTIFIER = com.personal.EssentialFeediOSTests;
				PRODUCT_NAME = "$(TARGET_NAME)";
				SDKROOT = iphoneos;
				SUPPORTED_PLATFORMS = "iphoneos iphonesimulator";
				SUPPORTS_MACCATALYST = NO;
				SUPPORTS_MAC_DESIGNED_FOR_IPHONE_IPAD = NO;
				SWIFT_EMIT_LOC_STRINGS = NO;
				SWIFT_OPTIMIZATION_LEVEL = "-Onone";
				SWIFT_VERSION = 5.0;
				TARGETED_DEVICE_FAMILY = "1,2";
			};
			name = Debug;
		};
		952DEE6129827EB700924576 /* Release */ = {
			isa = XCBuildConfiguration;
			buildSettings = {
				ALWAYS_EMBED_SWIFT_STANDARD_LIBRARIES = YES;
				CLANG_CXX_LANGUAGE_STANDARD = "gnu++20";
				CLANG_ENABLE_MODULES = YES;
				CODE_SIGN_STYLE = Automatic;
				CURRENT_PROJECT_VERSION = 1;
				GENERATE_INFOPLIST_FILE = YES;
				IPHONEOS_DEPLOYMENT_TARGET = 16.2;
				LD_RUNPATH_SEARCH_PATHS = (
					"$(inherited)",
					"@executable_path/Frameworks",
					"@loader_path/Frameworks",
				);
				MARKETING_VERSION = 1.0;
				PRODUCT_BUNDLE_IDENTIFIER = com.personal.EssentialFeediOSTests;
				PRODUCT_NAME = "$(TARGET_NAME)";
				SDKROOT = iphoneos;
				SUPPORTED_PLATFORMS = "iphoneos iphonesimulator";
				SUPPORTS_MACCATALYST = NO;
				SUPPORTS_MAC_DESIGNED_FOR_IPHONE_IPAD = NO;
				SWIFT_EMIT_LOC_STRINGS = NO;
				SWIFT_VERSION = 5.0;
				TARGETED_DEVICE_FAMILY = "1,2";
				VALIDATE_PRODUCT = YES;
			};
			name = Release;
		};
		95501C70294D037000267920 /* Debug */ = {
			isa = XCBuildConfiguration;
			buildSettings = {
				ALWAYS_SEARCH_USER_PATHS = NO;
				CLANG_ANALYZER_LOCALIZABILITY_NONLOCALIZED = YES;
				CLANG_ANALYZER_NONNULL = YES;
				CLANG_ANALYZER_NUMBER_OBJECT_CONVERSION = YES_AGGRESSIVE;
				CLANG_CXX_LANGUAGE_STANDARD = "gnu++17";
				CLANG_ENABLE_MODULES = YES;
				CLANG_ENABLE_OBJC_ARC = YES;
				CLANG_ENABLE_OBJC_WEAK = YES;
				CLANG_WARN_BLOCK_CAPTURE_AUTORELEASING = YES;
				CLANG_WARN_BOOL_CONVERSION = YES;
				CLANG_WARN_COMMA = YES;
				CLANG_WARN_CONSTANT_CONVERSION = YES;
				CLANG_WARN_DEPRECATED_OBJC_IMPLEMENTATIONS = YES;
				CLANG_WARN_DIRECT_OBJC_ISA_USAGE = YES_ERROR;
				CLANG_WARN_DOCUMENTATION_COMMENTS = YES;
				CLANG_WARN_EMPTY_BODY = YES;
				CLANG_WARN_ENUM_CONVERSION = YES;
				CLANG_WARN_INFINITE_RECURSION = YES;
				CLANG_WARN_INT_CONVERSION = YES;
				CLANG_WARN_NON_LITERAL_NULL_CONVERSION = YES;
				CLANG_WARN_OBJC_IMPLICIT_RETAIN_SELF = YES;
				CLANG_WARN_OBJC_LITERAL_CONVERSION = YES;
				CLANG_WARN_OBJC_ROOT_CLASS = YES_ERROR;
				CLANG_WARN_QUOTED_INCLUDE_IN_FRAMEWORK_HEADER = YES;
				CLANG_WARN_RANGE_LOOP_ANALYSIS = YES;
				CLANG_WARN_STRICT_PROTOTYPES = YES;
				CLANG_WARN_SUSPICIOUS_MOVE = YES;
				CLANG_WARN_UNGUARDED_AVAILABILITY = YES_AGGRESSIVE;
				CLANG_WARN_UNREACHABLE_CODE = YES;
				CLANG_WARN__DUPLICATE_METHOD_MATCH = YES;
				COPY_PHASE_STRIP = NO;
				CURRENT_PROJECT_VERSION = 1;
				DEAD_CODE_STRIPPING = YES;
				DEBUG_INFORMATION_FORMAT = dwarf;
				ENABLE_STRICT_OBJC_MSGSEND = YES;
				ENABLE_TESTABILITY = YES;
				GCC_C_LANGUAGE_STANDARD = gnu11;
				GCC_DYNAMIC_NO_PIC = NO;
				GCC_NO_COMMON_BLOCKS = YES;
				GCC_OPTIMIZATION_LEVEL = 0;
				GCC_PREPROCESSOR_DEFINITIONS = (
					"DEBUG=1",
					"$(inherited)",
				);
				GCC_WARN_64_TO_32_BIT_CONVERSION = YES;
				GCC_WARN_ABOUT_RETURN_TYPE = YES_ERROR;
				GCC_WARN_UNDECLARED_SELECTOR = YES;
				GCC_WARN_UNINITIALIZED_AUTOS = YES_AGGRESSIVE;
				GCC_WARN_UNUSED_FUNCTION = YES;
				GCC_WARN_UNUSED_VARIABLE = YES;
				MACOSX_DEPLOYMENT_TARGET = 12.3;
				MTL_ENABLE_DEBUG_INFO = INCLUDE_SOURCE;
				MTL_FAST_MATH = YES;
				ONLY_ACTIVE_ARCH = YES;
				SDKROOT = macosx;
				SWIFT_ACTIVE_COMPILATION_CONDITIONS = DEBUG;
				SWIFT_OPTIMIZATION_LEVEL = "-Onone";
				VERSIONING_SYSTEM = "apple-generic";
				VERSION_INFO_PREFIX = "";
			};
			name = Debug;
		};
		95501C71294D037000267920 /* Release */ = {
			isa = XCBuildConfiguration;
			buildSettings = {
				ALWAYS_SEARCH_USER_PATHS = NO;
				CLANG_ANALYZER_LOCALIZABILITY_NONLOCALIZED = YES;
				CLANG_ANALYZER_NONNULL = YES;
				CLANG_ANALYZER_NUMBER_OBJECT_CONVERSION = YES_AGGRESSIVE;
				CLANG_CXX_LANGUAGE_STANDARD = "gnu++17";
				CLANG_ENABLE_MODULES = YES;
				CLANG_ENABLE_OBJC_ARC = YES;
				CLANG_ENABLE_OBJC_WEAK = YES;
				CLANG_WARN_BLOCK_CAPTURE_AUTORELEASING = YES;
				CLANG_WARN_BOOL_CONVERSION = YES;
				CLANG_WARN_COMMA = YES;
				CLANG_WARN_CONSTANT_CONVERSION = YES;
				CLANG_WARN_DEPRECATED_OBJC_IMPLEMENTATIONS = YES;
				CLANG_WARN_DIRECT_OBJC_ISA_USAGE = YES_ERROR;
				CLANG_WARN_DOCUMENTATION_COMMENTS = YES;
				CLANG_WARN_EMPTY_BODY = YES;
				CLANG_WARN_ENUM_CONVERSION = YES;
				CLANG_WARN_INFINITE_RECURSION = YES;
				CLANG_WARN_INT_CONVERSION = YES;
				CLANG_WARN_NON_LITERAL_NULL_CONVERSION = YES;
				CLANG_WARN_OBJC_IMPLICIT_RETAIN_SELF = YES;
				CLANG_WARN_OBJC_LITERAL_CONVERSION = YES;
				CLANG_WARN_OBJC_ROOT_CLASS = YES_ERROR;
				CLANG_WARN_QUOTED_INCLUDE_IN_FRAMEWORK_HEADER = YES;
				CLANG_WARN_RANGE_LOOP_ANALYSIS = YES;
				CLANG_WARN_STRICT_PROTOTYPES = YES;
				CLANG_WARN_SUSPICIOUS_MOVE = YES;
				CLANG_WARN_UNGUARDED_AVAILABILITY = YES_AGGRESSIVE;
				CLANG_WARN_UNREACHABLE_CODE = YES;
				CLANG_WARN__DUPLICATE_METHOD_MATCH = YES;
				COPY_PHASE_STRIP = NO;
				CURRENT_PROJECT_VERSION = 1;
				DEAD_CODE_STRIPPING = YES;
				DEBUG_INFORMATION_FORMAT = "dwarf-with-dsym";
				ENABLE_NS_ASSERTIONS = NO;
				ENABLE_STRICT_OBJC_MSGSEND = YES;
				GCC_C_LANGUAGE_STANDARD = gnu11;
				GCC_NO_COMMON_BLOCKS = YES;
				GCC_WARN_64_TO_32_BIT_CONVERSION = YES;
				GCC_WARN_ABOUT_RETURN_TYPE = YES_ERROR;
				GCC_WARN_UNDECLARED_SELECTOR = YES;
				GCC_WARN_UNINITIALIZED_AUTOS = YES_AGGRESSIVE;
				GCC_WARN_UNUSED_FUNCTION = YES;
				GCC_WARN_UNUSED_VARIABLE = YES;
				MACOSX_DEPLOYMENT_TARGET = 12.3;
				MTL_ENABLE_DEBUG_INFO = NO;
				MTL_FAST_MATH = YES;
				SDKROOT = macosx;
				SWIFT_COMPILATION_MODE = wholemodule;
				SWIFT_OPTIMIZATION_LEVEL = "-O";
				VERSIONING_SYSTEM = "apple-generic";
				VERSION_INFO_PREFIX = "";
			};
			name = Release;
		};
		95501C73294D037000267920 /* Debug */ = {
			isa = XCBuildConfiguration;
			buildSettings = {
				CLANG_ENABLE_MODULES = YES;
				CODE_SIGN_STYLE = Automatic;
				COMBINE_HIDPI_IMAGES = YES;
				CURRENT_PROJECT_VERSION = 1;
				DEAD_CODE_STRIPPING = YES;
				DEFINES_MODULE = YES;
				DYLIB_COMPATIBILITY_VERSION = 1;
				DYLIB_CURRENT_VERSION = 1;
				DYLIB_INSTALL_NAME_BASE = "@rpath";
				ENABLE_MODULE_VERIFIER = YES;
				GENERATE_INFOPLIST_FILE = YES;
				INFOPLIST_KEY_NSHumanReadableCopyright = "";
				INSTALL_PATH = "$(LOCAL_LIBRARY_DIR)/Frameworks";
				IPHONEOS_DEPLOYMENT_TARGET = 16.2;
				LD_RUNPATH_SEARCH_PATHS = (
					"$(inherited)",
					"@executable_path/../Frameworks",
					"@loader_path/Frameworks",
				);
				MACOSX_DEPLOYMENT_TARGET = 12.3;
				MARKETING_VERSION = 1.0;
				MODULE_VERIFIER_SUPPORTED_LANGUAGES = "objective-c objective-c++";
				MODULE_VERIFIER_SUPPORTED_LANGUAGE_STANDARDS = "gnu11 gnu++17";
				PRODUCT_BUNDLE_IDENTIFIER = com.personal.EssentialFeed;
				PRODUCT_NAME = "$(TARGET_NAME:c99extidentifier)";
				SKIP_INSTALL = YES;
				SUPPORTED_PLATFORMS = "iphoneos iphonesimulator macosx";
				SUPPORTS_MACCATALYST = NO;
				SUPPORTS_MAC_DESIGNED_FOR_IPHONE_IPAD = NO;
				SWIFT_EMIT_LOC_STRINGS = YES;
				SWIFT_OPTIMIZATION_LEVEL = "-Onone";
				SWIFT_VERSION = 5.0;
				TARGETED_DEVICE_FAMILY = 1;
			};
			name = Debug;
		};
		95501C74294D037000267920 /* Release */ = {
			isa = XCBuildConfiguration;
			buildSettings = {
				CLANG_ENABLE_MODULES = YES;
				CODE_SIGN_STYLE = Automatic;
				COMBINE_HIDPI_IMAGES = YES;
				CURRENT_PROJECT_VERSION = 1;
				DEAD_CODE_STRIPPING = YES;
				DEFINES_MODULE = YES;
				DYLIB_COMPATIBILITY_VERSION = 1;
				DYLIB_CURRENT_VERSION = 1;
				DYLIB_INSTALL_NAME_BASE = "@rpath";
				ENABLE_MODULE_VERIFIER = YES;
				GENERATE_INFOPLIST_FILE = YES;
				INFOPLIST_KEY_NSHumanReadableCopyright = "";
				INSTALL_PATH = "$(LOCAL_LIBRARY_DIR)/Frameworks";
				IPHONEOS_DEPLOYMENT_TARGET = 16.2;
				LD_RUNPATH_SEARCH_PATHS = (
					"$(inherited)",
					"@executable_path/../Frameworks",
					"@loader_path/Frameworks",
				);
				MACOSX_DEPLOYMENT_TARGET = 12.3;
				MARKETING_VERSION = 1.0;
				MODULE_VERIFIER_SUPPORTED_LANGUAGES = "objective-c objective-c++";
				MODULE_VERIFIER_SUPPORTED_LANGUAGE_STANDARDS = "gnu11 gnu++17";
				PRODUCT_BUNDLE_IDENTIFIER = com.personal.EssentialFeed;
				PRODUCT_NAME = "$(TARGET_NAME:c99extidentifier)";
				SKIP_INSTALL = YES;
				SUPPORTED_PLATFORMS = "iphoneos iphonesimulator macosx";
				SUPPORTS_MACCATALYST = NO;
				SUPPORTS_MAC_DESIGNED_FOR_IPHONE_IPAD = NO;
				SWIFT_EMIT_LOC_STRINGS = YES;
				SWIFT_VERSION = 5.0;
				TARGETED_DEVICE_FAMILY = 1;
			};
			name = Release;
		};
		95501C76294D037000267920 /* Debug */ = {
			isa = XCBuildConfiguration;
			buildSettings = {
				ALWAYS_EMBED_SWIFT_STANDARD_LIBRARIES = YES;
				CODE_SIGN_STYLE = Automatic;
				CURRENT_PROJECT_VERSION = 1;
				DEAD_CODE_STRIPPING = YES;
				GENERATE_INFOPLIST_FILE = YES;
				IPHONEOS_DEPLOYMENT_TARGET = 16.2;
				MACOSX_DEPLOYMENT_TARGET = 12.3;
				MARKETING_VERSION = 1.0;
				PRODUCT_BUNDLE_IDENTIFIER = com.personal.EssentialFeedTests;
				PRODUCT_NAME = "$(TARGET_NAME)";
				SUPPORTED_PLATFORMS = "iphoneos iphonesimulator macosx";
				SUPPORTS_MACCATALYST = NO;
				SUPPORTS_MAC_DESIGNED_FOR_IPHONE_IPAD = NO;
				SWIFT_EMIT_LOC_STRINGS = NO;
				SWIFT_VERSION = 5.0;
				TARGETED_DEVICE_FAMILY = 1;
			};
			name = Debug;
		};
		95501C77294D037000267920 /* Release */ = {
			isa = XCBuildConfiguration;
			buildSettings = {
				ALWAYS_EMBED_SWIFT_STANDARD_LIBRARIES = YES;
				CODE_SIGN_STYLE = Automatic;
				CURRENT_PROJECT_VERSION = 1;
				DEAD_CODE_STRIPPING = YES;
				GENERATE_INFOPLIST_FILE = YES;
				IPHONEOS_DEPLOYMENT_TARGET = 16.2;
				MACOSX_DEPLOYMENT_TARGET = 12.3;
				MARKETING_VERSION = 1.0;
				PRODUCT_BUNDLE_IDENTIFIER = com.personal.EssentialFeedTests;
				PRODUCT_NAME = "$(TARGET_NAME)";
				SUPPORTED_PLATFORMS = "iphoneos iphonesimulator macosx";
				SUPPORTS_MACCATALYST = NO;
				SUPPORTS_MAC_DESIGNED_FOR_IPHONE_IPAD = NO;
				SWIFT_EMIT_LOC_STRINGS = NO;
				SWIFT_VERSION = 5.0;
				TARGETED_DEVICE_FAMILY = 1;
			};
			name = Release;
		};
		959EB54529522D32000AC421 /* Debug */ = {
			isa = XCBuildConfiguration;
			buildSettings = {
				CODE_SIGN_STYLE = Automatic;
				CURRENT_PROJECT_VERSION = 1;
				DEAD_CODE_STRIPPING = YES;
				GENERATE_INFOPLIST_FILE = YES;
				IPHONEOS_DEPLOYMENT_TARGET = 16.2;
				MACOSX_DEPLOYMENT_TARGET = 12.3;
				MARKETING_VERSION = 1.0;
				PRODUCT_BUNDLE_IDENTIFIER = com.personal.EssentialFeedAPIEndToEndTests;
				PRODUCT_NAME = "$(TARGET_NAME)";
				SUPPORTED_PLATFORMS = "iphoneos iphonesimulator macosx";
				SUPPORTS_MACCATALYST = NO;
				SUPPORTS_MAC_DESIGNED_FOR_IPHONE_IPAD = NO;
				SWIFT_EMIT_LOC_STRINGS = NO;
				SWIFT_VERSION = 5.0;
				TARGETED_DEVICE_FAMILY = 1;
			};
			name = Debug;
		};
		959EB54629522D32000AC421 /* Release */ = {
			isa = XCBuildConfiguration;
			buildSettings = {
				CODE_SIGN_STYLE = Automatic;
				CURRENT_PROJECT_VERSION = 1;
				DEAD_CODE_STRIPPING = YES;
				GENERATE_INFOPLIST_FILE = YES;
				IPHONEOS_DEPLOYMENT_TARGET = 16.2;
				MACOSX_DEPLOYMENT_TARGET = 12.3;
				MARKETING_VERSION = 1.0;
				PRODUCT_BUNDLE_IDENTIFIER = com.personal.EssentialFeedAPIEndToEndTests;
				PRODUCT_NAME = "$(TARGET_NAME)";
				SUPPORTED_PLATFORMS = "iphoneos iphonesimulator macosx";
				SUPPORTS_MACCATALYST = NO;
				SUPPORTS_MAC_DESIGNED_FOR_IPHONE_IPAD = NO;
				SWIFT_EMIT_LOC_STRINGS = NO;
				SWIFT_VERSION = 5.0;
				TARGETED_DEVICE_FAMILY = 1;
			};
			name = Release;
		};
		95EE48092973E3600032BA2E /* Debug */ = {
			isa = XCBuildConfiguration;
			buildSettings = {
				CLANG_CXX_LANGUAGE_STANDARD = "gnu++20";
				CODE_SIGN_STYLE = Automatic;
				CURRENT_PROJECT_VERSION = 1;
				GENERATE_INFOPLIST_FILE = YES;
				IPHONEOS_DEPLOYMENT_TARGET = 16.2;
				MACOSX_DEPLOYMENT_TARGET = 12.3;
				MARKETING_VERSION = 1.0;
				PRODUCT_BUNDLE_IDENTIFIER = com.personal.EssentialFeedCacheIntegrationTests;
				PRODUCT_NAME = "$(TARGET_NAME)";
				SUPPORTED_PLATFORMS = "iphoneos iphonesimulator macosx";
				SUPPORTS_MACCATALYST = NO;
				SUPPORTS_MAC_DESIGNED_FOR_IPHONE_IPAD = NO;
				SWIFT_EMIT_LOC_STRINGS = NO;
				SWIFT_VERSION = 5.0;
				TARGETED_DEVICE_FAMILY = 1;
			};
			name = Debug;
		};
		95EE480A2973E3600032BA2E /* Release */ = {
			isa = XCBuildConfiguration;
			buildSettings = {
				CLANG_CXX_LANGUAGE_STANDARD = "gnu++20";
				CODE_SIGN_STYLE = Automatic;
				CURRENT_PROJECT_VERSION = 1;
				GENERATE_INFOPLIST_FILE = YES;
				IPHONEOS_DEPLOYMENT_TARGET = 16.2;
				MACOSX_DEPLOYMENT_TARGET = 12.3;
				MARKETING_VERSION = 1.0;
				PRODUCT_BUNDLE_IDENTIFIER = com.personal.EssentialFeedCacheIntegrationTests;
				PRODUCT_NAME = "$(TARGET_NAME)";
				SUPPORTED_PLATFORMS = "iphoneos iphonesimulator macosx";
				SUPPORTS_MACCATALYST = NO;
				SUPPORTS_MAC_DESIGNED_FOR_IPHONE_IPAD = NO;
				SWIFT_EMIT_LOC_STRINGS = NO;
				SWIFT_VERSION = 5.0;
				TARGETED_DEVICE_FAMILY = 1;
			};
			name = Release;
		};
/* End XCBuildConfiguration section */

/* Begin XCConfigurationList section */
		952DEE5C29827EB700924576 /* Build configuration list for PBXNativeTarget "EssentialFeediOS" */ = {
			isa = XCConfigurationList;
			buildConfigurations = (
				952DEE5D29827EB700924576 /* Debug */,
				952DEE5E29827EB700924576 /* Release */,
			);
			defaultConfigurationIsVisible = 0;
			defaultConfigurationName = Release;
		};
		952DEE5F29827EB700924576 /* Build configuration list for PBXNativeTarget "EssentialFeediOSTests" */ = {
			isa = XCConfigurationList;
			buildConfigurations = (
				952DEE6029827EB700924576 /* Debug */,
				952DEE6129827EB700924576 /* Release */,
			);
			defaultConfigurationIsVisible = 0;
			defaultConfigurationName = Release;
		};
		95501C5A294D037000267920 /* Build configuration list for PBXProject "EssentialFeed" */ = {
			isa = XCConfigurationList;
			buildConfigurations = (
				95501C70294D037000267920 /* Debug */,
				95501C71294D037000267920 /* Release */,
			);
			defaultConfigurationIsVisible = 0;
			defaultConfigurationName = Release;
		};
		95501C72294D037000267920 /* Build configuration list for PBXNativeTarget "EssentialFeed" */ = {
			isa = XCConfigurationList;
			buildConfigurations = (
				95501C73294D037000267920 /* Debug */,
				95501C74294D037000267920 /* Release */,
			);
			defaultConfigurationIsVisible = 0;
			defaultConfigurationName = Release;
		};
		95501C75294D037000267920 /* Build configuration list for PBXNativeTarget "EssentialFeedTests" */ = {
			isa = XCConfigurationList;
			buildConfigurations = (
				95501C76294D037000267920 /* Debug */,
				95501C77294D037000267920 /* Release */,
			);
			defaultConfigurationIsVisible = 0;
			defaultConfigurationName = Release;
		};
		959EB54729522D32000AC421 /* Build configuration list for PBXNativeTarget "EssentialFeedAPIEndToEndTests" */ = {
			isa = XCConfigurationList;
			buildConfigurations = (
				959EB54529522D32000AC421 /* Debug */,
				959EB54629522D32000AC421 /* Release */,
			);
			defaultConfigurationIsVisible = 0;
			defaultConfigurationName = Release;
		};
		95EE480B2973E3600032BA2E /* Build configuration list for PBXNativeTarget "EssentialFeedCacheIntegrationTests" */ = {
			isa = XCConfigurationList;
			buildConfigurations = (
				95EE48092973E3600032BA2E /* Debug */,
				95EE480A2973E3600032BA2E /* Release */,
			);
			defaultConfigurationIsVisible = 0;
			defaultConfigurationName = Release;
		};
/* End XCConfigurationList section */

/* Begin XCVersionGroup section */
		95BE2D26296F396200A6B1A5 /* FeedStore.xcdatamodeld */ = {
			isa = XCVersionGroup;
			children = (
				95978CA129CE1A8E003A71DC /* FeedStore 2.xcdatamodel */,
				95BE2D27296F396200A6B1A5 /* FeedStore.xcdatamodel */,
			);
			currentVersion = 95978CA129CE1A8E003A71DC /* FeedStore 2.xcdatamodel */;
			path = FeedStore.xcdatamodeld;
			sourceTree = "<group>";
			versionGroupType = wrapper.xcdatamodel;
		};
/* End XCVersionGroup section */
	};
	rootObject = 95501C57294D037000267920 /* Project object */;
}
