// !$*UTF8*$!
{
	archiveVersion = 1;
	classes = {
	};
	objectVersion = 55;
	objects = {

/* Begin PBXBuildFile section */
		95150E7B2982FF5300538EDF /* FeedViewControllerTests.swift in Sources */ = {isa = PBXBuildFile; fileRef = 95150E7A2982FF5300538EDF /* FeedViewControllerTests.swift */; };
		9522E73C29977DAC0026E3EC /* FeedViewModel.swift in Sources */ = {isa = PBXBuildFile; fileRef = 9522E73B29977DAC0026E3EC /* FeedViewModel.swift */; };
		952C3AA02992C0C400EC864B /* FeedImageDataLoader.swift in Sources */ = {isa = PBXBuildFile; fileRef = 952C3A9F2992C0C400EC864B /* FeedImageDataLoader.swift */; };
		952C3AA22992C72300EC864B /* FeedRefreshViewController.swift in Sources */ = {isa = PBXBuildFile; fileRef = 952C3AA12992C72300EC864B /* FeedRefreshViewController.swift */; };
		952C3AA42992D45F00EC864B /* FeedImageCellController.swift in Sources */ = {isa = PBXBuildFile; fileRef = 952C3AA32992D45F00EC864B /* FeedImageCellController.swift */; };
		952C80042970940800BA5E6F /* CoreDataHelper.swift in Sources */ = {isa = PBXBuildFile; fileRef = 952C80032970940800BA5E6F /* CoreDataHelper.swift */; };
		952C8006297094D400BA5E6F /* ManagedCache.swift in Sources */ = {isa = PBXBuildFile; fileRef = 952C8005297094D400BA5E6F /* ManagedCache.swift */; };
		952C8008297094ED00BA5E6F /* ManagedFeedImage.swift in Sources */ = {isa = PBXBuildFile; fileRef = 952C8007297094ED00BA5E6F /* ManagedFeedImage.swift */; };
		952DEE5529827EB700924576 /* EssentialFeediOS.framework in Frameworks */ = {isa = PBXBuildFile; fileRef = 952DEE4D29827EB600924576 /* EssentialFeediOS.framework */; };
		952F7554298807BF00E91793 /* FeedImageCell.swift in Sources */ = {isa = PBXBuildFile; fileRef = 952F7553298807BF00E91793 /* FeedImageCell.swift */; };
		95414A51295BFD220001E778 /* LocalFeedLoader.swift in Sources */ = {isa = PBXBuildFile; fileRef = 95414A50295BFD220001E778 /* LocalFeedLoader.swift */; };
		95414A53295BFE420001E778 /* FeedStore.swift in Sources */ = {isa = PBXBuildFile; fileRef = 95414A52295BFE420001E778 /* FeedStore.swift */; };
		9548DEEA296CA6AD00BCE861 /* FeedStoreSpecs.swift in Sources */ = {isa = PBXBuildFile; fileRef = 9548DEE8296CA49F00BCE861 /* FeedStoreSpecs.swift */; };
		9548DEEC296CA7E400BCE861 /* XCTestCase+FeedStoreSpecs.swift in Sources */ = {isa = PBXBuildFile; fileRef = 9548DEEB296CA7E400BCE861 /* XCTestCase+FeedStoreSpecs.swift */; };
		95501C69294D037000267920 /* EssentialFeed.framework in Frameworks */ = {isa = PBXBuildFile; fileRef = 95501C60294D037000267920 /* EssentialFeed.framework */; };
		95501C79294D038900267920 /* FeedImage.swift in Sources */ = {isa = PBXBuildFile; fileRef = 95501C78294D038900267920 /* FeedImage.swift */; };
		95501C7C294D03AE00267920 /* FeedLoader.swift in Sources */ = {isa = PBXBuildFile; fileRef = 95501C7B294D03AE00267920 /* FeedLoader.swift */; };
		95501C7E294D043300267920 /* LoadFeedFromRemoteUseCaseTests.swift in Sources */ = {isa = PBXBuildFile; fileRef = 95501C7D294D043300267920 /* LoadFeedFromRemoteUseCaseTests.swift */; };
		95501C82294D078200267920 /* RemoteFeedLoader.swift in Sources */ = {isa = PBXBuildFile; fileRef = 95501C81294D078200267920 /* RemoteFeedLoader.swift */; };
		955975D1294DDDAC00153928 /* HTTPClient.swift in Sources */ = {isa = PBXBuildFile; fileRef = 955975D0294DDDAC00153928 /* HTTPClient.swift */; };
		955975D3294DDDED00153928 /* FeedItemsMapper.swift in Sources */ = {isa = PBXBuildFile; fileRef = 955975D2294DDDED00153928 /* FeedItemsMapper.swift */; };
		955975D6294E0EC800153928 /* URLSessionHttpClientTests.swift in Sources */ = {isa = PBXBuildFile; fileRef = 955975D5294E0EC800153928 /* URLSessionHttpClientTests.swift */; };
		9562F939294F8F1C00EB3964 /* XCTestCase+TrackMemoryLeak.swift in Sources */ = {isa = PBXBuildFile; fileRef = 9562F938294F8F1C00EB3964 /* XCTestCase+TrackMemoryLeak.swift */; };
		956D98FA29605CEE00076FDF /* ValidateFeedCacheUseCaseTests.swift in Sources */ = {isa = PBXBuildFile; fileRef = 956D98F929605CEE00076FDF /* ValidateFeedCacheUseCaseTests.swift */; };
		956D98FE2960675200076FDF /* FeedCacheTestsHelper.swift in Sources */ = {isa = PBXBuildFile; fileRef = 956D98FD2960675200076FDF /* FeedCacheTestsHelper.swift */; };
		956D99002960690E00076FDF /* SharedTestsHelper.swift in Sources */ = {isa = PBXBuildFile; fileRef = 956D98FF2960690E00076FDF /* SharedTestsHelper.swift */; };
		9585825529935C4B00AF5954 /* FeedUIComposer.swift in Sources */ = {isa = PBXBuildFile; fileRef = 9585825429935C4B00AF5954 /* FeedUIComposer.swift */; };
		958FDD362984098E00B97D8E /* XCTestCase+TrackMemoryLeak.swift in Sources */ = {isa = PBXBuildFile; fileRef = 9562F938294F8F1C00EB3964 /* XCTestCase+TrackMemoryLeak.swift */; };
		958FDD38298449B100B97D8E /* FeedViewController.swift in Sources */ = {isa = PBXBuildFile; fileRef = 958FDD37298449B100B97D8E /* FeedViewController.swift */; };
		95944E542950A80E00DF54BB /* URLSessionHttpClient.swift in Sources */ = {isa = PBXBuildFile; fileRef = 95944E532950A80E00DF54BB /* URLSessionHttpClient.swift */; };
		9597D1F32997C92A003A266B /* FeedImageViewModel.swift in Sources */ = {isa = PBXBuildFile; fileRef = 9597D1F22997C92A003A266B /* FeedImageViewModel.swift */; };
		959EB54129522D32000AC421 /* EssentialFeedAPIEndToEndTests.swift in Sources */ = {isa = PBXBuildFile; fileRef = 959EB54029522D32000AC421 /* EssentialFeedAPIEndToEndTests.swift */; };
		959EB54229522D32000AC421 /* EssentialFeed.framework in Frameworks */ = {isa = PBXBuildFile; fileRef = 95501C60294D037000267920 /* EssentialFeed.framework */; };
		959EB54929523A54000AC421 /* XCTestCase+TrackMemoryLeak.swift in Sources */ = {isa = PBXBuildFile; fileRef = 9562F938294F8F1C00EB3964 /* XCTestCase+TrackMemoryLeak.swift */; };
		95AB4CFC2962938A00AD0146 /* FeedCachePolicy.swift in Sources */ = {isa = PBXBuildFile; fileRef = 95AB4CFB2962938A00AD0146 /* FeedCachePolicy.swift */; };
		95BBE170295DAADE00C21B2C /* RemoteFeedItem.swift in Sources */ = {isa = PBXBuildFile; fileRef = 95BBE16F295DAADE00C21B2C /* RemoteFeedItem.swift */; };
		95BBE172295DAB1200C21B2C /* LocalFeedImage.swift in Sources */ = {isa = PBXBuildFile; fileRef = 95BBE171295DAB1200C21B2C /* LocalFeedImage.swift */; };
		95BE2D28296F396200A6B1A5 /* FeedStore.xcdatamodeld in Sources */ = {isa = PBXBuildFile; fileRef = 95BE2D26296F396200A6B1A5 /* FeedStore.xcdatamodeld */; };
		95C08F34296F27FE004129F1 /* CoreDataFeedStoreTests.swift in Sources */ = {isa = PBXBuildFile; fileRef = 95C08F33296F27FE004129F1 /* CoreDataFeedStoreTests.swift */; };
		95C08F36296F28E1004129F1 /* CoreDataFeedStore.swift in Sources */ = {isa = PBXBuildFile; fileRef = 95C08F35296F28E1004129F1 /* CoreDataFeedStore.swift */; };
		95C10DD3295A1071000CBAE8 /* CacheFeedUseCaseTests.swift in Sources */ = {isa = PBXBuildFile; fileRef = 95C10DD2295A1071000CBAE8 /* CacheFeedUseCaseTests.swift */; };
		95C36959296DA7D500DE34E3 /* XCTestCase+FailableRetriveFeedStoreSpecs.swift in Sources */ = {isa = PBXBuildFile; fileRef = 95C36958296DA7D500DE34E3 /* XCTestCase+FailableRetriveFeedStoreSpecs.swift */; };
		95C3695B296DA80D00DE34E3 /* XCTestCase+FailableInsertFeedStoreSpecs.swift in Sources */ = {isa = PBXBuildFile; fileRef = 95C3695A296DA80D00DE34E3 /* XCTestCase+FailableInsertFeedStoreSpecs.swift */; };
		95C3695D296DA83500DE34E3 /* XCTestCase+FailableDeleteFeedStoreSpecs.swift in Sources */ = {isa = PBXBuildFile; fileRef = 95C3695C296DA83500DE34E3 /* XCTestCase+FailableDeleteFeedStoreSpecs.swift */; };
		95EB33A729898E5E0091CAD7 /* UIView+Shimmering.swift in Sources */ = {isa = PBXBuildFile; fileRef = 95EB33A629898E5E0091CAD7 /* UIView+Shimmering.swift */; };
		95EC2D87295E94DA007992E3 /* LoadFeedFromCacheUseCaseTests.swift in Sources */ = {isa = PBXBuildFile; fileRef = 95EC2D86295E94DA007992E3 /* LoadFeedFromCacheUseCaseTests.swift */; };
		95EC2D8A295E981C007992E3 /* FeedStoreSpy.swift in Sources */ = {isa = PBXBuildFile; fileRef = 95EC2D89295E981C007992E3 /* FeedStoreSpy.swift */; };
		95EE48052973E3600032BA2E /* EssentialFeedCacheIntegrationTests.swift in Sources */ = {isa = PBXBuildFile; fileRef = 95EE48042973E3600032BA2E /* EssentialFeedCacheIntegrationTests.swift */; };
		95EE48062973E3600032BA2E /* EssentialFeed.framework in Frameworks */ = {isa = PBXBuildFile; fileRef = 95501C60294D037000267920 /* EssentialFeed.framework */; };
		95EE480C2973EA870032BA2E /* XCTestCase+TrackMemoryLeak.swift in Sources */ = {isa = PBXBuildFile; fileRef = 9562F938294F8F1C00EB3964 /* XCTestCase+TrackMemoryLeak.swift */; };
		95EE480D2973EE9E0032BA2E /* FeedCacheTestsHelper.swift in Sources */ = {isa = PBXBuildFile; fileRef = 956D98FD2960675200076FDF /* FeedCacheTestsHelper.swift */; };
		95EE480E2973EEA60032BA2E /* SharedTestsHelper.swift in Sources */ = {isa = PBXBuildFile; fileRef = 956D98FF2960690E00076FDF /* SharedTestsHelper.swift */; };
/* End PBXBuildFile section */

/* Begin PBXContainerItemProxy section */
		952DEE5629827EB700924576 /* PBXContainerItemProxy */ = {
			isa = PBXContainerItemProxy;
			containerPortal = 95501C57294D037000267920 /* Project object */;
			proxyType = 1;
			remoteGlobalIDString = 952DEE4C29827EB600924576;
			remoteInfo = EssentialFeediOS;
		};
		95501C6A294D037000267920 /* PBXContainerItemProxy */ = {
			isa = PBXContainerItemProxy;
			containerPortal = 95501C57294D037000267920 /* Project object */;
			proxyType = 1;
			remoteGlobalIDString = 95501C5F294D037000267920;
			remoteInfo = EssentialFeed;
		};
		959EB54329522D32000AC421 /* PBXContainerItemProxy */ = {
			isa = PBXContainerItemProxy;
			containerPortal = 95501C57294D037000267920 /* Project object */;
			proxyType = 1;
			remoteGlobalIDString = 95501C5F294D037000267920;
			remoteInfo = EssentialFeed;
		};
		95EE48072973E3600032BA2E /* PBXContainerItemProxy */ = {
			isa = PBXContainerItemProxy;
			containerPortal = 95501C57294D037000267920 /* Project object */;
			proxyType = 1;
			remoteGlobalIDString = 95501C5F294D037000267920;
			remoteInfo = EssentialFeed;
		};
/* End PBXContainerItemProxy section */

/* Begin PBXFileReference section */
		95150E7A2982FF5300538EDF /* FeedViewControllerTests.swift */ = {isa = PBXFileReference; lastKnownFileType = sourcecode.swift; path = FeedViewControllerTests.swift; sourceTree = "<group>"; };
		9522E73B29977DAC0026E3EC /* FeedViewModel.swift */ = {isa = PBXFileReference; lastKnownFileType = sourcecode.swift; path = FeedViewModel.swift; sourceTree = "<group>"; };
		952C3A9F2992C0C400EC864B /* FeedImageDataLoader.swift */ = {isa = PBXFileReference; lastKnownFileType = sourcecode.swift; path = FeedImageDataLoader.swift; sourceTree = "<group>"; };
		952C3AA12992C72300EC864B /* FeedRefreshViewController.swift */ = {isa = PBXFileReference; lastKnownFileType = sourcecode.swift; path = FeedRefreshViewController.swift; sourceTree = "<group>"; };
		952C3AA32992D45F00EC864B /* FeedImageCellController.swift */ = {isa = PBXFileReference; lastKnownFileType = sourcecode.swift; path = FeedImageCellController.swift; sourceTree = "<group>"; };
		952C80032970940800BA5E6F /* CoreDataHelper.swift */ = {isa = PBXFileReference; lastKnownFileType = sourcecode.swift; path = CoreDataHelper.swift; sourceTree = "<group>"; };
		952C8005297094D400BA5E6F /* ManagedCache.swift */ = {isa = PBXFileReference; lastKnownFileType = sourcecode.swift; path = ManagedCache.swift; sourceTree = "<group>"; };
		952C8007297094ED00BA5E6F /* ManagedFeedImage.swift */ = {isa = PBXFileReference; lastKnownFileType = sourcecode.swift; path = ManagedFeedImage.swift; sourceTree = "<group>"; };
		952DEE4D29827EB600924576 /* EssentialFeediOS.framework */ = {isa = PBXFileReference; explicitFileType = wrapper.framework; includeInIndex = 0; path = EssentialFeediOS.framework; sourceTree = BUILT_PRODUCTS_DIR; };
		952DEE5429827EB700924576 /* EssentialFeediOSTests.xctest */ = {isa = PBXFileReference; explicitFileType = wrapper.cfbundle; includeInIndex = 0; path = EssentialFeediOSTests.xctest; sourceTree = BUILT_PRODUCTS_DIR; };
		952F7553298807BF00E91793 /* FeedImageCell.swift */ = {isa = PBXFileReference; lastKnownFileType = sourcecode.swift; path = FeedImageCell.swift; sourceTree = "<group>"; };
		95414A50295BFD220001E778 /* LocalFeedLoader.swift */ = {isa = PBXFileReference; lastKnownFileType = sourcecode.swift; path = LocalFeedLoader.swift; sourceTree = "<group>"; };
		95414A52295BFE420001E778 /* FeedStore.swift */ = {isa = PBXFileReference; lastKnownFileType = sourcecode.swift; path = FeedStore.swift; sourceTree = "<group>"; };
		9548DEE8296CA49F00BCE861 /* FeedStoreSpecs.swift */ = {isa = PBXFileReference; lastKnownFileType = sourcecode.swift; path = FeedStoreSpecs.swift; sourceTree = "<group>"; };
		9548DEEB296CA7E400BCE861 /* XCTestCase+FeedStoreSpecs.swift */ = {isa = PBXFileReference; lastKnownFileType = sourcecode.swift; path = "XCTestCase+FeedStoreSpecs.swift"; sourceTree = "<group>"; };
		95501C60294D037000267920 /* EssentialFeed.framework */ = {isa = PBXFileReference; explicitFileType = wrapper.framework; includeInIndex = 0; path = EssentialFeed.framework; sourceTree = BUILT_PRODUCTS_DIR; };
		95501C68294D037000267920 /* EssentialFeedTests.xctest */ = {isa = PBXFileReference; explicitFileType = wrapper.cfbundle; includeInIndex = 0; path = EssentialFeedTests.xctest; sourceTree = BUILT_PRODUCTS_DIR; };
		95501C78294D038900267920 /* FeedImage.swift */ = {isa = PBXFileReference; lastKnownFileType = sourcecode.swift; path = FeedImage.swift; sourceTree = "<group>"; };
		95501C7B294D03AE00267920 /* FeedLoader.swift */ = {isa = PBXFileReference; lastKnownFileType = sourcecode.swift; path = FeedLoader.swift; sourceTree = "<group>"; };
		95501C7D294D043300267920 /* LoadFeedFromRemoteUseCaseTests.swift */ = {isa = PBXFileReference; lastKnownFileType = sourcecode.swift; path = LoadFeedFromRemoteUseCaseTests.swift; sourceTree = "<group>"; };
		95501C81294D078200267920 /* RemoteFeedLoader.swift */ = {isa = PBXFileReference; lastKnownFileType = sourcecode.swift; path = RemoteFeedLoader.swift; sourceTree = "<group>"; };
		955975D0294DDDAC00153928 /* HTTPClient.swift */ = {isa = PBXFileReference; lastKnownFileType = sourcecode.swift; path = HTTPClient.swift; sourceTree = "<group>"; };
		955975D2294DDDED00153928 /* FeedItemsMapper.swift */ = {isa = PBXFileReference; lastKnownFileType = sourcecode.swift; path = FeedItemsMapper.swift; sourceTree = "<group>"; };
		955975D5294E0EC800153928 /* URLSessionHttpClientTests.swift */ = {isa = PBXFileReference; lastKnownFileType = sourcecode.swift; path = URLSessionHttpClientTests.swift; sourceTree = "<group>"; };
		9562F938294F8F1C00EB3964 /* XCTestCase+TrackMemoryLeak.swift */ = {isa = PBXFileReference; lastKnownFileType = sourcecode.swift; path = "XCTestCase+TrackMemoryLeak.swift"; sourceTree = "<group>"; };
		956D98F929605CEE00076FDF /* ValidateFeedCacheUseCaseTests.swift */ = {isa = PBXFileReference; lastKnownFileType = sourcecode.swift; path = ValidateFeedCacheUseCaseTests.swift; sourceTree = "<group>"; };
		956D98FD2960675200076FDF /* FeedCacheTestsHelper.swift */ = {isa = PBXFileReference; lastKnownFileType = sourcecode.swift; path = FeedCacheTestsHelper.swift; sourceTree = "<group>"; };
		956D98FF2960690E00076FDF /* SharedTestsHelper.swift */ = {isa = PBXFileReference; lastKnownFileType = sourcecode.swift; path = SharedTestsHelper.swift; sourceTree = "<group>"; };
		9585825429935C4B00AF5954 /* FeedUIComposer.swift */ = {isa = PBXFileReference; lastKnownFileType = sourcecode.swift; path = FeedUIComposer.swift; sourceTree = "<group>"; };
		958FDD37298449B100B97D8E /* FeedViewController.swift */ = {isa = PBXFileReference; lastKnownFileType = sourcecode.swift; path = FeedViewController.swift; sourceTree = "<group>"; };
		95944E532950A80E00DF54BB /* URLSessionHttpClient.swift */ = {isa = PBXFileReference; lastKnownFileType = sourcecode.swift; path = URLSessionHttpClient.swift; sourceTree = "<group>"; };
		9597D1F22997C92A003A266B /* FeedImageViewModel.swift */ = {isa = PBXFileReference; lastKnownFileType = sourcecode.swift; path = FeedImageViewModel.swift; sourceTree = "<group>"; };
		959EB53E29522D32000AC421 /* EssentialFeedAPIEndToEndTests.xctest */ = {isa = PBXFileReference; explicitFileType = wrapper.cfbundle; includeInIndex = 0; path = EssentialFeedAPIEndToEndTests.xctest; sourceTree = BUILT_PRODUCTS_DIR; };
		959EB54029522D32000AC421 /* EssentialFeedAPIEndToEndTests.swift */ = {isa = PBXFileReference; lastKnownFileType = sourcecode.swift; path = EssentialFeedAPIEndToEndTests.swift; sourceTree = "<group>"; };
		95AB4CFB2962938A00AD0146 /* FeedCachePolicy.swift */ = {isa = PBXFileReference; lastKnownFileType = sourcecode.swift; path = FeedCachePolicy.swift; sourceTree = "<group>"; };
		95BBE16F295DAADE00C21B2C /* RemoteFeedItem.swift */ = {isa = PBXFileReference; lastKnownFileType = sourcecode.swift; path = RemoteFeedItem.swift; sourceTree = "<group>"; };
		95BBE171295DAB1200C21B2C /* LocalFeedImage.swift */ = {isa = PBXFileReference; lastKnownFileType = sourcecode.swift; path = LocalFeedImage.swift; sourceTree = "<group>"; };
		95BE2D27296F396200A6B1A5 /* FeedStore.xcdatamodel */ = {isa = PBXFileReference; lastKnownFileType = wrapper.xcdatamodel; path = FeedStore.xcdatamodel; sourceTree = "<group>"; };
		95C08F33296F27FE004129F1 /* CoreDataFeedStoreTests.swift */ = {isa = PBXFileReference; lastKnownFileType = sourcecode.swift; path = CoreDataFeedStoreTests.swift; sourceTree = "<group>"; };
		95C08F35296F28E1004129F1 /* CoreDataFeedStore.swift */ = {isa = PBXFileReference; lastKnownFileType = sourcecode.swift; path = CoreDataFeedStore.swift; sourceTree = "<group>"; };
		95C10DD2295A1071000CBAE8 /* CacheFeedUseCaseTests.swift */ = {isa = PBXFileReference; lastKnownFileType = sourcecode.swift; path = CacheFeedUseCaseTests.swift; sourceTree = "<group>"; };
		95C36958296DA7D500DE34E3 /* XCTestCase+FailableRetriveFeedStoreSpecs.swift */ = {isa = PBXFileReference; lastKnownFileType = sourcecode.swift; path = "XCTestCase+FailableRetriveFeedStoreSpecs.swift"; sourceTree = "<group>"; };
		95C3695A296DA80D00DE34E3 /* XCTestCase+FailableInsertFeedStoreSpecs.swift */ = {isa = PBXFileReference; lastKnownFileType = sourcecode.swift; path = "XCTestCase+FailableInsertFeedStoreSpecs.swift"; sourceTree = "<group>"; };
		95C3695C296DA83500DE34E3 /* XCTestCase+FailableDeleteFeedStoreSpecs.swift */ = {isa = PBXFileReference; lastKnownFileType = sourcecode.swift; path = "XCTestCase+FailableDeleteFeedStoreSpecs.swift"; sourceTree = "<group>"; };
		95EB33A629898E5E0091CAD7 /* UIView+Shimmering.swift */ = {isa = PBXFileReference; lastKnownFileType = sourcecode.swift; path = "UIView+Shimmering.swift"; sourceTree = "<group>"; };
		95EC2D86295E94DA007992E3 /* LoadFeedFromCacheUseCaseTests.swift */ = {isa = PBXFileReference; lastKnownFileType = sourcecode.swift; path = LoadFeedFromCacheUseCaseTests.swift; sourceTree = "<group>"; };
		95EC2D89295E981C007992E3 /* FeedStoreSpy.swift */ = {isa = PBXFileReference; lastKnownFileType = sourcecode.swift; path = FeedStoreSpy.swift; sourceTree = "<group>"; };
		95EE48022973E3600032BA2E /* EssentialFeedCacheIntegrationTests.xctest */ = {isa = PBXFileReference; explicitFileType = wrapper.cfbundle; includeInIndex = 0; path = EssentialFeedCacheIntegrationTests.xctest; sourceTree = BUILT_PRODUCTS_DIR; };
		95EE48042973E3600032BA2E /* EssentialFeedCacheIntegrationTests.swift */ = {isa = PBXFileReference; lastKnownFileType = sourcecode.swift; path = EssentialFeedCacheIntegrationTests.swift; sourceTree = "<group>"; };
/* End PBXFileReference section */

/* Begin PBXFrameworksBuildPhase section */
		952DEE4A29827EB600924576 /* Frameworks */ = {
			isa = PBXFrameworksBuildPhase;
			buildActionMask = 2147483647;
			files = (
			);
			runOnlyForDeploymentPostprocessing = 0;
		};
		952DEE5129827EB700924576 /* Frameworks */ = {
			isa = PBXFrameworksBuildPhase;
			buildActionMask = 2147483647;
			files = (
				952DEE5529827EB700924576 /* EssentialFeediOS.framework in Frameworks */,
			);
			runOnlyForDeploymentPostprocessing = 0;
		};
		95501C5D294D037000267920 /* Frameworks */ = {
			isa = PBXFrameworksBuildPhase;
			buildActionMask = 2147483647;
			files = (
			);
			runOnlyForDeploymentPostprocessing = 0;
		};
		95501C65294D037000267920 /* Frameworks */ = {
			isa = PBXFrameworksBuildPhase;
			buildActionMask = 2147483647;
			files = (
				95501C69294D037000267920 /* EssentialFeed.framework in Frameworks */,
			);
			runOnlyForDeploymentPostprocessing = 0;
		};
		959EB53B29522D32000AC421 /* Frameworks */ = {
			isa = PBXFrameworksBuildPhase;
			buildActionMask = 2147483647;
			files = (
				959EB54229522D32000AC421 /* EssentialFeed.framework in Frameworks */,
			);
			runOnlyForDeploymentPostprocessing = 0;
		};
		95EE47FF2973E3600032BA2E /* Frameworks */ = {
			isa = PBXFrameworksBuildPhase;
			buildActionMask = 2147483647;
			files = (
				95EE48062973E3600032BA2E /* EssentialFeed.framework in Frameworks */,
			);
			runOnlyForDeploymentPostprocessing = 0;
		};
/* End PBXFrameworksBuildPhase section */

/* Begin PBXGroup section */
		9522E73A29977D9A0026E3EC /* Models */ = {
			isa = PBXGroup;
			children = (
				9522E73B29977DAC0026E3EC /* FeedViewModel.swift */,
				9597D1F22997C92A003A266B /* FeedImageViewModel.swift */,
			);
			path = Models;
			sourceTree = "<group>";
		};
		952C3A9B2992BF9C00EC864B /* Views */ = {
			isa = PBXGroup;
			children = (
				952F7553298807BF00E91793 /* FeedImageCell.swift */,
				95EB33A629898E5E0091CAD7 /* UIView+Shimmering.swift */,
			);
			path = Views;
			sourceTree = "<group>";
		};
		952C3A9C2992BFC900EC864B /* Controllers */ = {
			isa = PBXGroup;
			children = (
				958FDD37298449B100B97D8E /* FeedViewController.swift */,
				952C3AA12992C72300EC864B /* FeedRefreshViewController.swift */,
				952C3AA32992D45F00EC864B /* FeedImageCellController.swift */,
			);
			path = Controllers;
			sourceTree = "<group>";
		};
		952C3A9D2992C00A00EC864B /* Feed UI */ = {
			isa = PBXGroup;
			children = (
				9522E73A29977D9A0026E3EC /* Models */,
				9585825329935C2700AF5954 /* Composer */,
				952C3A9C2992BFC900EC864B /* Controllers */,
				952C3A9B2992BF9C00EC864B /* Views */,
			);
			path = "Feed UI";
			sourceTree = "<group>";
		};
		952C3A9E2992C07D00EC864B /* Feed Image Loader */ = {
			isa = PBXGroup;
			children = (
				952C3A9F2992C0C400EC864B /* FeedImageDataLoader.swift */,
			);
			path = "Feed Image Loader";
			sourceTree = "<group>";
		};
		952C8002297090C700BA5E6F /* Infrastructure */ = {
			isa = PBXGroup;
			children = (
				952C80032970940800BA5E6F /* CoreDataHelper.swift */,
				952C8005297094D400BA5E6F /* ManagedCache.swift */,
				952C8007297094ED00BA5E6F /* ManagedFeedImage.swift */,
				95C08F35296F28E1004129F1 /* CoreDataFeedStore.swift */,
				95BE2D29296F396D00A6B1A5 /* FeedStore.xcmodeld */,
			);
			path = Infrastructure;
			sourceTree = "<group>";
		};
		952DEE4E29827EB600924576 /* EssentialFeediOS */ = {
			isa = PBXGroup;
			children = (
				952C3A9E2992C07D00EC864B /* Feed Image Loader */,
				952C3A9D2992C00A00EC864B /* Feed UI */,
			);
			path = EssentialFeediOS;
			sourceTree = "<group>";
		};
		952DEE5829827EB700924576 /* EssentialFeediOSTests */ = {
			isa = PBXGroup;
			children = (
				95150E7A2982FF5300538EDF /* FeedViewControllerTests.swift */,
			);
			path = EssentialFeediOSTests;
			sourceTree = "<group>";
		};
		95414A4F295BFCCE0001E778 /* Feed Cache */ = {
			isa = PBXGroup;
			children = (
				95414A50295BFD220001E778 /* LocalFeedLoader.swift */,
				95414A52295BFE420001E778 /* FeedStore.swift */,
				95BBE171295DAB1200C21B2C /* LocalFeedImage.swift */,
				95AB4CFB2962938A00AD0146 /* FeedCachePolicy.swift */,
				952C8002297090C700BA5E6F /* Infrastructure */,
			);
			path = "Feed Cache";
			sourceTree = "<group>";
		};
		95501C56294D037000267920 = {
			isa = PBXGroup;
			children = (
				958FDD342984013300B97D8E /* EssentialFeed */,
				95501C6C294D037000267920 /* EssentialFeedTests */,
				959EB53F29522D32000AC421 /* EssentialFeedAPIEndToEndTests */,
				95EE48032973E3600032BA2E /* EssentialFeedCacheIntegrationTests */,
				952DEE4E29827EB600924576 /* EssentialFeediOS */,
				952DEE5829827EB700924576 /* EssentialFeediOSTests */,
				95501C61294D037000267920 /* Products */,
				958FDD2D2984007A00B97D8E /* Frameworks */,
			);
			sourceTree = "<group>";
		};
		95501C61294D037000267920 /* Products */ = {
			isa = PBXGroup;
			children = (
				95501C60294D037000267920 /* EssentialFeed.framework */,
				95501C68294D037000267920 /* EssentialFeedTests.xctest */,
				959EB53E29522D32000AC421 /* EssentialFeedAPIEndToEndTests.xctest */,
				95EE48022973E3600032BA2E /* EssentialFeedCacheIntegrationTests.xctest */,
				952DEE4D29827EB600924576 /* EssentialFeediOS.framework */,
				952DEE5429827EB700924576 /* EssentialFeediOSTests.xctest */,
			);
			name = Products;
			sourceTree = "<group>";
		};
		95501C6C294D037000267920 /* EssentialFeedTests */ = {
			isa = PBXGroup;
			children = (
				9562F937294F8ED800EB3964 /* Helper */,
				95C10DD1295A1037000CBAE8 /* Feed Cache */,
				955975D4294DEC6C00153928 /* Feed API */,
			);
			path = EssentialFeedTests;
			sourceTree = "<group>";
		};
		95501C7F294D075700267920 /* FeedFeature */ = {
			isa = PBXGroup;
			children = (
				95501C7B294D03AE00267920 /* FeedLoader.swift */,
				95501C78294D038900267920 /* FeedImage.swift */,
			);
			path = FeedFeature;
			sourceTree = "<group>";
		};
		95501C80294D076700267920 /* Feed API */ = {
			isa = PBXGroup;
			children = (
				95501C81294D078200267920 /* RemoteFeedLoader.swift */,
				955975D0294DDDAC00153928 /* HTTPClient.swift */,
				955975D2294DDDED00153928 /* FeedItemsMapper.swift */,
				95944E532950A80E00DF54BB /* URLSessionHttpClient.swift */,
				95BBE16F295DAADE00C21B2C /* RemoteFeedItem.swift */,
			);
			path = "Feed API";
			sourceTree = "<group>";
		};
		955975D4294DEC6C00153928 /* Feed API */ = {
			isa = PBXGroup;
			children = (
				95501C7D294D043300267920 /* LoadFeedFromRemoteUseCaseTests.swift */,
				955975D5294E0EC800153928 /* URLSessionHttpClientTests.swift */,
			);
			path = "Feed API";
			sourceTree = "<group>";
		};
		9562F937294F8ED800EB3964 /* Helper */ = {
			isa = PBXGroup;
			children = (
				9562F938294F8F1C00EB3964 /* XCTestCase+TrackMemoryLeak.swift */,
				956D98FF2960690E00076FDF /* SharedTestsHelper.swift */,
			);
			path = Helper;
			sourceTree = "<group>";
		};
		9585825329935C2700AF5954 /* Composer */ = {
			isa = PBXGroup;
			children = (
				9585825429935C4B00AF5954 /* FeedUIComposer.swift */,
			);
			path = Composer;
			sourceTree = "<group>";
		};
		958FDD2D2984007A00B97D8E /* Frameworks */ = {
			isa = PBXGroup;
			children = (
			);
			name = Frameworks;
			sourceTree = "<group>";
		};
		958FDD342984013300B97D8E /* EssentialFeed */ = {
			isa = PBXGroup;
			children = (
				95414A4F295BFCCE0001E778 /* Feed Cache */,
				95501C80294D076700267920 /* Feed API */,
				95501C7F294D075700267920 /* FeedFeature */,
			);
			path = EssentialFeed;
			sourceTree = "<group>";
		};
		959EB53F29522D32000AC421 /* EssentialFeedAPIEndToEndTests */ = {
			isa = PBXGroup;
			children = (
				959EB54029522D32000AC421 /* EssentialFeedAPIEndToEndTests.swift */,
			);
			path = EssentialFeedAPIEndToEndTests;
			sourceTree = "<group>";
		};
		95BE2D29296F396D00A6B1A5 /* FeedStore.xcmodeld */ = {
			isa = PBXGroup;
			children = (
				95BE2D26296F396200A6B1A5 /* FeedStore.xcdatamodeld */,
			);
			path = FeedStore.xcmodeld;
			sourceTree = "<group>";
		};
		95C10DD1295A1037000CBAE8 /* Feed Cache */ = {
			isa = PBXGroup;
			children = (
				95EC2D88295E97FD007992E3 /* Helper */,
				95C3695E296DA86200DE34E3 /* FeedStoreSpecs */,
				956D98F929605CEE00076FDF /* ValidateFeedCacheUseCaseTests.swift */,
				95C10DD2295A1071000CBAE8 /* CacheFeedUseCaseTests.swift */,
				95EC2D86295E94DA007992E3 /* LoadFeedFromCacheUseCaseTests.swift */,
				95C08F33296F27FE004129F1 /* CoreDataFeedStoreTests.swift */,
			);
			path = "Feed Cache";
			sourceTree = "<group>";
		};
		95C3695E296DA86200DE34E3 /* FeedStoreSpecs */ = {
			isa = PBXGroup;
			children = (
				9548DEE8296CA49F00BCE861 /* FeedStoreSpecs.swift */,
				9548DEEB296CA7E400BCE861 /* XCTestCase+FeedStoreSpecs.swift */,
				95C36958296DA7D500DE34E3 /* XCTestCase+FailableRetriveFeedStoreSpecs.swift */,
				95C3695A296DA80D00DE34E3 /* XCTestCase+FailableInsertFeedStoreSpecs.swift */,
				95C3695C296DA83500DE34E3 /* XCTestCase+FailableDeleteFeedStoreSpecs.swift */,
			);
			path = FeedStoreSpecs;
			sourceTree = "<group>";
		};
		95EC2D88295E97FD007992E3 /* Helper */ = {
			isa = PBXGroup;
			children = (
				95EC2D89295E981C007992E3 /* FeedStoreSpy.swift */,
				956D98FD2960675200076FDF /* FeedCacheTestsHelper.swift */,
			);
			path = Helper;
			sourceTree = "<group>";
		};
		95EE48032973E3600032BA2E /* EssentialFeedCacheIntegrationTests */ = {
			isa = PBXGroup;
			children = (
				95EE48042973E3600032BA2E /* EssentialFeedCacheIntegrationTests.swift */,
			);
			path = EssentialFeedCacheIntegrationTests;
			sourceTree = "<group>";
		};
/* End PBXGroup section */

/* Begin PBXHeadersBuildPhase section */
		952DEE4829827EB600924576 /* Headers */ = {
			isa = PBXHeadersBuildPhase;
			buildActionMask = 2147483647;
			files = (
			);
			runOnlyForDeploymentPostprocessing = 0;
		};
		95501C5B294D037000267920 /* Headers */ = {
			isa = PBXHeadersBuildPhase;
			buildActionMask = 2147483647;
			files = (
			);
			runOnlyForDeploymentPostprocessing = 0;
		};
/* End PBXHeadersBuildPhase section */

/* Begin PBXNativeTarget section */
		952DEE4C29827EB600924576 /* EssentialFeediOS */ = {
			isa = PBXNativeTarget;
			buildConfigurationList = 952DEE5C29827EB700924576 /* Build configuration list for PBXNativeTarget "EssentialFeediOS" */;
			buildPhases = (
				952DEE4829827EB600924576 /* Headers */,
				952DEE4929827EB600924576 /* Sources */,
				952DEE4A29827EB600924576 /* Frameworks */,
				952DEE4B29827EB600924576 /* Resources */,
			);
			buildRules = (
			);
			dependencies = (
			);
			name = EssentialFeediOS;
			productName = EssentialFeediOS;
			productReference = 952DEE4D29827EB600924576 /* EssentialFeediOS.framework */;
			productType = "com.apple.product-type.framework";
		};
		952DEE5329827EB700924576 /* EssentialFeediOSTests */ = {
			isa = PBXNativeTarget;
			buildConfigurationList = 952DEE5F29827EB700924576 /* Build configuration list for PBXNativeTarget "EssentialFeediOSTests" */;
			buildPhases = (
				952DEE5029827EB700924576 /* Sources */,
				952DEE5129827EB700924576 /* Frameworks */,
				952DEE5229827EB700924576 /* Resources */,
			);
			buildRules = (
			);
			dependencies = (
				952DEE5729827EB700924576 /* PBXTargetDependency */,
			);
			name = EssentialFeediOSTests;
			productName = EssentialFeediOSTests;
			productReference = 952DEE5429827EB700924576 /* EssentialFeediOSTests.xctest */;
			productType = "com.apple.product-type.bundle.unit-test";
		};
		95501C5F294D037000267920 /* EssentialFeed */ = {
			isa = PBXNativeTarget;
			buildConfigurationList = 95501C72294D037000267920 /* Build configuration list for PBXNativeTarget "EssentialFeed" */;
			buildPhases = (
				95501C5B294D037000267920 /* Headers */,
				95501C5C294D037000267920 /* Sources */,
				95501C5D294D037000267920 /* Frameworks */,
				95501C5E294D037000267920 /* Resources */,
			);
			buildRules = (
			);
			dependencies = (
			);
			name = EssentialFeed;
			productName = EssentialFeed;
			productReference = 95501C60294D037000267920 /* EssentialFeed.framework */;
			productType = "com.apple.product-type.framework";
		};
		95501C67294D037000267920 /* EssentialFeedTests */ = {
			isa = PBXNativeTarget;
			buildConfigurationList = 95501C75294D037000267920 /* Build configuration list for PBXNativeTarget "EssentialFeedTests" */;
			buildPhases = (
				95501C64294D037000267920 /* Sources */,
				95501C65294D037000267920 /* Frameworks */,
				95501C66294D037000267920 /* Resources */,
			);
			buildRules = (
			);
			dependencies = (
				95501C6B294D037000267920 /* PBXTargetDependency */,
			);
			name = EssentialFeedTests;
			productName = EssentialFeedTests;
			productReference = 95501C68294D037000267920 /* EssentialFeedTests.xctest */;
			productType = "com.apple.product-type.bundle.unit-test";
		};
		959EB53D29522D32000AC421 /* EssentialFeedAPIEndToEndTests */ = {
			isa = PBXNativeTarget;
			buildConfigurationList = 959EB54729522D32000AC421 /* Build configuration list for PBXNativeTarget "EssentialFeedAPIEndToEndTests" */;
			buildPhases = (
				959EB53A29522D32000AC421 /* Sources */,
				959EB53B29522D32000AC421 /* Frameworks */,
				959EB53C29522D32000AC421 /* Resources */,
			);
			buildRules = (
			);
			dependencies = (
				959EB54429522D32000AC421 /* PBXTargetDependency */,
			);
			name = EssentialFeedAPIEndToEndTests;
			productName = EssentialFeedAPIEndToEndTests;
			productReference = 959EB53E29522D32000AC421 /* EssentialFeedAPIEndToEndTests.xctest */;
			productType = "com.apple.product-type.bundle.unit-test";
		};
		95EE48012973E3600032BA2E /* EssentialFeedCacheIntegrationTests */ = {
			isa = PBXNativeTarget;
			buildConfigurationList = 95EE480B2973E3600032BA2E /* Build configuration list for PBXNativeTarget "EssentialFeedCacheIntegrationTests" */;
			buildPhases = (
				95EE47FE2973E3600032BA2E /* Sources */,
				95EE47FF2973E3600032BA2E /* Frameworks */,
				95EE48002973E3600032BA2E /* Resources */,
			);
			buildRules = (
			);
			dependencies = (
				95EE48082973E3600032BA2E /* PBXTargetDependency */,
			);
			name = EssentialFeedCacheIntegrationTests;
			productName = EssentialFeedCacheIntegrationTests;
			productReference = 95EE48022973E3600032BA2E /* EssentialFeedCacheIntegrationTests.xctest */;
			productType = "com.apple.product-type.bundle.unit-test";
		};
/* End PBXNativeTarget section */

/* Begin PBXProject section */
		95501C57294D037000267920 /* Project object */ = {
			isa = PBXProject;
			attributes = {
				BuildIndependentTargetsInParallel = 1;
				LastSwiftUpdateCheck = 1420;
				LastUpgradeCheck = 1420;
				TargetAttributes = {
					952DEE4C29827EB600924576 = {
						CreatedOnToolsVersion = 14.2;
						LastSwiftMigration = 1420;
					};
					952DEE5329827EB700924576 = {
						CreatedOnToolsVersion = 14.2;
						LastSwiftMigration = 1420;
					};
					95501C5F294D037000267920 = {
						CreatedOnToolsVersion = 13.4.1;
						LastSwiftMigration = 1340;
					};
					95501C67294D037000267920 = {
						CreatedOnToolsVersion = 13.4.1;
					};
					959EB53D29522D32000AC421 = {
						CreatedOnToolsVersion = 13.4.1;
					};
					95EE48012973E3600032BA2E = {
						CreatedOnToolsVersion = 14.2;
					};
				};
			};
			buildConfigurationList = 95501C5A294D037000267920 /* Build configuration list for PBXProject "EssentialFeed" */;
			compatibilityVersion = "Xcode 13.0";
			developmentRegion = en;
			hasScannedForEncodings = 0;
			knownRegions = (
				en,
				Base,
			);
			mainGroup = 95501C56294D037000267920;
			productRefGroup = 95501C61294D037000267920 /* Products */;
			projectDirPath = "";
			projectRoot = "";
			targets = (
				95501C5F294D037000267920 /* EssentialFeed */,
				95501C67294D037000267920 /* EssentialFeedTests */,
				959EB53D29522D32000AC421 /* EssentialFeedAPIEndToEndTests */,
				95EE48012973E3600032BA2E /* EssentialFeedCacheIntegrationTests */,
				952DEE4C29827EB600924576 /* EssentialFeediOS */,
				952DEE5329827EB700924576 /* EssentialFeediOSTests */,
			);
		};
/* End PBXProject section */

/* Begin PBXResourcesBuildPhase section */
		952DEE4B29827EB600924576 /* Resources */ = {
			isa = PBXResourcesBuildPhase;
			buildActionMask = 2147483647;
			files = (
			);
			runOnlyForDeploymentPostprocessing = 0;
		};
		952DEE5229827EB700924576 /* Resources */ = {
			isa = PBXResourcesBuildPhase;
			buildActionMask = 2147483647;
			files = (
			);
			runOnlyForDeploymentPostprocessing = 0;
		};
		95501C5E294D037000267920 /* Resources */ = {
			isa = PBXResourcesBuildPhase;
			buildActionMask = 2147483647;
			files = (
			);
			runOnlyForDeploymentPostprocessing = 0;
		};
		95501C66294D037000267920 /* Resources */ = {
			isa = PBXResourcesBuildPhase;
			buildActionMask = 2147483647;
			files = (
			);
			runOnlyForDeploymentPostprocessing = 0;
		};
		959EB53C29522D32000AC421 /* Resources */ = {
			isa = PBXResourcesBuildPhase;
			buildActionMask = 2147483647;
			files = (
			);
			runOnlyForDeploymentPostprocessing = 0;
		};
		95EE48002973E3600032BA2E /* Resources */ = {
			isa = PBXResourcesBuildPhase;
			buildActionMask = 2147483647;
			files = (
			);
			runOnlyForDeploymentPostprocessing = 0;
		};
/* End PBXResourcesBuildPhase section */

/* Begin PBXSourcesBuildPhase section */
		952DEE4929827EB600924576 /* Sources */ = {
			isa = PBXSourcesBuildPhase;
			buildActionMask = 2147483647;
			files = (
				952C3AA02992C0C400EC864B /* FeedImageDataLoader.swift in Sources */,
				952C3AA22992C72300EC864B /* FeedRefreshViewController.swift in Sources */,
				95EB33A729898E5E0091CAD7 /* UIView+Shimmering.swift in Sources */,
				958FDD38298449B100B97D8E /* FeedViewController.swift in Sources */,
				952F7554298807BF00E91793 /* FeedImageCell.swift in Sources */,
				9597D1F32997C92A003A266B /* FeedImageViewModel.swift in Sources */,
				952C3AA42992D45F00EC864B /* FeedImageCellController.swift in Sources */,
				9522E73C29977DAC0026E3EC /* FeedViewModel.swift in Sources */,
				9585825529935C4B00AF5954 /* FeedUIComposer.swift in Sources */,
			);
			runOnlyForDeploymentPostprocessing = 0;
		};
		952DEE5029827EB700924576 /* Sources */ = {
			isa = PBXSourcesBuildPhase;
			buildActionMask = 2147483647;
			files = (
				958FDD362984098E00B97D8E /* XCTestCase+TrackMemoryLeak.swift in Sources */,
				95150E7B2982FF5300538EDF /* FeedViewControllerTests.swift in Sources */,
			);
			runOnlyForDeploymentPostprocessing = 0;
		};
		95501C5C294D037000267920 /* Sources */ = {
			isa = PBXSourcesBuildPhase;
			buildActionMask = 2147483647;
			files = (
				952C80042970940800BA5E6F /* CoreDataHelper.swift in Sources */,
				955975D3294DDDED00153928 /* FeedItemsMapper.swift in Sources */,
				95501C7C294D03AE00267920 /* FeedLoader.swift in Sources */,
				95BBE170295DAADE00C21B2C /* RemoteFeedItem.swift in Sources */,
				95AB4CFC2962938A00AD0146 /* FeedCachePolicy.swift in Sources */,
				95501C82294D078200267920 /* RemoteFeedLoader.swift in Sources */,
				95BE2D28296F396200A6B1A5 /* FeedStore.xcdatamodeld in Sources */,
				95BBE172295DAB1200C21B2C /* LocalFeedImage.swift in Sources */,
				95414A53295BFE420001E778 /* FeedStore.swift in Sources */,
				95414A51295BFD220001E778 /* LocalFeedLoader.swift in Sources */,
				95944E542950A80E00DF54BB /* URLSessionHttpClient.swift in Sources */,
				955975D1294DDDAC00153928 /* HTTPClient.swift in Sources */,
				95501C79294D038900267920 /* FeedImage.swift in Sources */,
				952C8006297094D400BA5E6F /* ManagedCache.swift in Sources */,
				95C08F36296F28E1004129F1 /* CoreDataFeedStore.swift in Sources */,
				952C8008297094ED00BA5E6F /* ManagedFeedImage.swift in Sources */,
			);
			runOnlyForDeploymentPostprocessing = 0;
		};
		95501C64294D037000267920 /* Sources */ = {
			isa = PBXSourcesBuildPhase;
			buildActionMask = 2147483647;
			files = (
				956D98FE2960675200076FDF /* FeedCacheTestsHelper.swift in Sources */,
				956D98FA29605CEE00076FDF /* ValidateFeedCacheUseCaseTests.swift in Sources */,
				95C36959296DA7D500DE34E3 /* XCTestCase+FailableRetriveFeedStoreSpecs.swift in Sources */,
				95C3695B296DA80D00DE34E3 /* XCTestCase+FailableInsertFeedStoreSpecs.swift in Sources */,
				95501C7E294D043300267920 /* LoadFeedFromRemoteUseCaseTests.swift in Sources */,
				955975D6294E0EC800153928 /* URLSessionHttpClientTests.swift in Sources */,
				95EC2D8A295E981C007992E3 /* FeedStoreSpy.swift in Sources */,
				95C10DD3295A1071000CBAE8 /* CacheFeedUseCaseTests.swift in Sources */,
				95C3695D296DA83500DE34E3 /* XCTestCase+FailableDeleteFeedStoreSpecs.swift in Sources */,
				95EC2D87295E94DA007992E3 /* LoadFeedFromCacheUseCaseTests.swift in Sources */,
				9562F939294F8F1C00EB3964 /* XCTestCase+TrackMemoryLeak.swift in Sources */,
				9548DEEA296CA6AD00BCE861 /* FeedStoreSpecs.swift in Sources */,
				956D99002960690E00076FDF /* SharedTestsHelper.swift in Sources */,
				95C08F34296F27FE004129F1 /* CoreDataFeedStoreTests.swift in Sources */,
				9548DEEC296CA7E400BCE861 /* XCTestCase+FeedStoreSpecs.swift in Sources */,
			);
			runOnlyForDeploymentPostprocessing = 0;
		};
		959EB53A29522D32000AC421 /* Sources */ = {
			isa = PBXSourcesBuildPhase;
			buildActionMask = 2147483647;
			files = (
				959EB54929523A54000AC421 /* XCTestCase+TrackMemoryLeak.swift in Sources */,
				959EB54129522D32000AC421 /* EssentialFeedAPIEndToEndTests.swift in Sources */,
			);
			runOnlyForDeploymentPostprocessing = 0;
		};
		95EE47FE2973E3600032BA2E /* Sources */ = {
			isa = PBXSourcesBuildPhase;
			buildActionMask = 2147483647;
			files = (
				95EE480E2973EEA60032BA2E /* SharedTestsHelper.swift in Sources */,
				95EE480C2973EA870032BA2E /* XCTestCase+TrackMemoryLeak.swift in Sources */,
				95EE48052973E3600032BA2E /* EssentialFeedCacheIntegrationTests.swift in Sources */,
				95EE480D2973EE9E0032BA2E /* FeedCacheTestsHelper.swift in Sources */,
			);
			runOnlyForDeploymentPostprocessing = 0;
		};
/* End PBXSourcesBuildPhase section */

/* Begin PBXTargetDependency section */
		952DEE5729827EB700924576 /* PBXTargetDependency */ = {
			isa = PBXTargetDependency;
			target = 952DEE4C29827EB600924576 /* EssentialFeediOS */;
			targetProxy = 952DEE5629827EB700924576 /* PBXContainerItemProxy */;
		};
		95501C6B294D037000267920 /* PBXTargetDependency */ = {
			isa = PBXTargetDependency;
			target = 95501C5F294D037000267920 /* EssentialFeed */;
			targetProxy = 95501C6A294D037000267920 /* PBXContainerItemProxy */;
		};
		959EB54429522D32000AC421 /* PBXTargetDependency */ = {
			isa = PBXTargetDependency;
			target = 95501C5F294D037000267920 /* EssentialFeed */;
			targetProxy = 959EB54329522D32000AC421 /* PBXContainerItemProxy */;
		};
		95EE48082973E3600032BA2E /* PBXTargetDependency */ = {
			isa = PBXTargetDependency;
			target = 95501C5F294D037000267920 /* EssentialFeed */;
			targetProxy = 95EE48072973E3600032BA2E /* PBXContainerItemProxy */;
		};
/* End PBXTargetDependency section */

/* Begin XCBuildConfiguration section */
		952DEE5D29827EB700924576 /* Debug */ = {
			isa = XCBuildConfiguration;
			buildSettings = {
				CLANG_CXX_LANGUAGE_STANDARD = "gnu++20";
				CLANG_ENABLE_MODULES = YES;
				CODE_SIGN_STYLE = Automatic;
				CURRENT_PROJECT_VERSION = 1;
				DEFINES_MODULE = YES;
				DYLIB_COMPATIBILITY_VERSION = 1;
				DYLIB_CURRENT_VERSION = 1;
				DYLIB_INSTALL_NAME_BASE = "@rpath";
				GENERATE_INFOPLIST_FILE = YES;
				INFOPLIST_KEY_NSHumanReadableCopyright = "";
				INSTALL_PATH = "$(LOCAL_LIBRARY_DIR)/Frameworks";
				IPHONEOS_DEPLOYMENT_TARGET = 16.2;
				LD_RUNPATH_SEARCH_PATHS = (
					"$(inherited)",
					"@executable_path/Frameworks",
					"@loader_path/Frameworks",
				);
				MARKETING_VERSION = 1.0;
				PRODUCT_BUNDLE_IDENTIFIER = com.personal.EssentialFeediOS;
				PRODUCT_NAME = "$(TARGET_NAME:c99extidentifier)";
				SDKROOT = iphoneos;
				SKIP_INSTALL = YES;
				SUPPORTED_PLATFORMS = "iphoneos iphonesimulator";
				SUPPORTS_MACCATALYST = NO;
				SUPPORTS_MAC_DESIGNED_FOR_IPHONE_IPAD = NO;
				SWIFT_EMIT_LOC_STRINGS = YES;
				SWIFT_OPTIMIZATION_LEVEL = "-Onone";
				SWIFT_VERSION = 5.0;
				TARGETED_DEVICE_FAMILY = "1,2";
			};
			name = Debug;
		};
		952DEE5E29827EB700924576 /* Release */ = {
			isa = XCBuildConfiguration;
			buildSettings = {
				CLANG_CXX_LANGUAGE_STANDARD = "gnu++20";
				CLANG_ENABLE_MODULES = YES;
				CODE_SIGN_STYLE = Automatic;
				CURRENT_PROJECT_VERSION = 1;
				DEFINES_MODULE = YES;
				DYLIB_COMPATIBILITY_VERSION = 1;
				DYLIB_CURRENT_VERSION = 1;
				DYLIB_INSTALL_NAME_BASE = "@rpath";
				GENERATE_INFOPLIST_FILE = YES;
				INFOPLIST_KEY_NSHumanReadableCopyright = "";
				INSTALL_PATH = "$(LOCAL_LIBRARY_DIR)/Frameworks";
				IPHONEOS_DEPLOYMENT_TARGET = 16.2;
				LD_RUNPATH_SEARCH_PATHS = (
					"$(inherited)",
					"@executable_path/Frameworks",
					"@loader_path/Frameworks",
				);
				MARKETING_VERSION = 1.0;
				PRODUCT_BUNDLE_IDENTIFIER = com.personal.EssentialFeediOS;
				PRODUCT_NAME = "$(TARGET_NAME:c99extidentifier)";
				SDKROOT = iphoneos;
				SKIP_INSTALL = YES;
				SUPPORTED_PLATFORMS = "iphoneos iphonesimulator";
				SUPPORTS_MACCATALYST = NO;
				SUPPORTS_MAC_DESIGNED_FOR_IPHONE_IPAD = NO;
				SWIFT_EMIT_LOC_STRINGS = YES;
				SWIFT_VERSION = 5.0;
				TARGETED_DEVICE_FAMILY = "1,2";
				VALIDATE_PRODUCT = YES;
			};
			name = Release;
		};
		952DEE6029827EB700924576 /* Debug */ = {
			isa = XCBuildConfiguration;
			buildSettings = {
				ALWAYS_EMBED_SWIFT_STANDARD_LIBRARIES = YES;
				CLANG_CXX_LANGUAGE_STANDARD = "gnu++20";
				CLANG_ENABLE_MODULES = YES;
				CODE_SIGN_STYLE = Automatic;
				CURRENT_PROJECT_VERSION = 1;
				GENERATE_INFOPLIST_FILE = YES;
				IPHONEOS_DEPLOYMENT_TARGET = 16.2;
				LD_RUNPATH_SEARCH_PATHS = (
					"$(inherited)",
					"@executable_path/Frameworks",
					"@loader_path/Frameworks",
				);
				MARKETING_VERSION = 1.0;
				PRODUCT_BUNDLE_IDENTIFIER = com.personal.EssentialFeediOSTests;
				PRODUCT_NAME = "$(TARGET_NAME)";
				SDKROOT = iphoneos;
				SUPPORTED_PLATFORMS = "iphoneos iphonesimulator";
				SUPPORTS_MACCATALYST = NO;
				SUPPORTS_MAC_DESIGNED_FOR_IPHONE_IPAD = NO;
				SWIFT_EMIT_LOC_STRINGS = NO;
				SWIFT_OPTIMIZATION_LEVEL = "-Onone";
				SWIFT_VERSION = 5.0;
				TARGETED_DEVICE_FAMILY = "1,2";
			};
			name = Debug;
		};
		952DEE6129827EB700924576 /* Release */ = {
			isa = XCBuildConfiguration;
			buildSettings = {
				ALWAYS_EMBED_SWIFT_STANDARD_LIBRARIES = YES;
				CLANG_CXX_LANGUAGE_STANDARD = "gnu++20";
				CLANG_ENABLE_MODULES = YES;
				CODE_SIGN_STYLE = Automatic;
				CURRENT_PROJECT_VERSION = 1;
				GENERATE_INFOPLIST_FILE = YES;
				IPHONEOS_DEPLOYMENT_TARGET = 16.2;
				LD_RUNPATH_SEARCH_PATHS = (
					"$(inherited)",
					"@executable_path/Frameworks",
					"@loader_path/Frameworks",
				);
				MARKETING_VERSION = 1.0;
				PRODUCT_BUNDLE_IDENTIFIER = com.personal.EssentialFeediOSTests;
				PRODUCT_NAME = "$(TARGET_NAME)";
				SDKROOT = iphoneos;
				SUPPORTED_PLATFORMS = "iphoneos iphonesimulator";
				SUPPORTS_MACCATALYST = NO;
				SUPPORTS_MAC_DESIGNED_FOR_IPHONE_IPAD = NO;
				SWIFT_EMIT_LOC_STRINGS = NO;
				SWIFT_VERSION = 5.0;
				TARGETED_DEVICE_FAMILY = "1,2";
				VALIDATE_PRODUCT = YES;
			};
			name = Release;
		};
		95501C70294D037000267920 /* Debug */ = {
			isa = XCBuildConfiguration;
			buildSettings = {
				ALWAYS_SEARCH_USER_PATHS = NO;
				CLANG_ANALYZER_NONNULL = YES;
				CLANG_ANALYZER_NUMBER_OBJECT_CONVERSION = YES_AGGRESSIVE;
				CLANG_CXX_LANGUAGE_STANDARD = "gnu++17";
				CLANG_ENABLE_MODULES = YES;
				CLANG_ENABLE_OBJC_ARC = YES;
				CLANG_ENABLE_OBJC_WEAK = YES;
				CLANG_WARN_BLOCK_CAPTURE_AUTORELEASING = YES;
				CLANG_WARN_BOOL_CONVERSION = YES;
				CLANG_WARN_COMMA = YES;
				CLANG_WARN_CONSTANT_CONVERSION = YES;
				CLANG_WARN_DEPRECATED_OBJC_IMPLEMENTATIONS = YES;
				CLANG_WARN_DIRECT_OBJC_ISA_USAGE = YES_ERROR;
				CLANG_WARN_DOCUMENTATION_COMMENTS = YES;
				CLANG_WARN_EMPTY_BODY = YES;
				CLANG_WARN_ENUM_CONVERSION = YES;
				CLANG_WARN_INFINITE_RECURSION = YES;
				CLANG_WARN_INT_CONVERSION = YES;
				CLANG_WARN_NON_LITERAL_NULL_CONVERSION = YES;
				CLANG_WARN_OBJC_IMPLICIT_RETAIN_SELF = YES;
				CLANG_WARN_OBJC_LITERAL_CONVERSION = YES;
				CLANG_WARN_OBJC_ROOT_CLASS = YES_ERROR;
				CLANG_WARN_QUOTED_INCLUDE_IN_FRAMEWORK_HEADER = YES;
				CLANG_WARN_RANGE_LOOP_ANALYSIS = YES;
				CLANG_WARN_STRICT_PROTOTYPES = YES;
				CLANG_WARN_SUSPICIOUS_MOVE = YES;
				CLANG_WARN_UNGUARDED_AVAILABILITY = YES_AGGRESSIVE;
				CLANG_WARN_UNREACHABLE_CODE = YES;
				CLANG_WARN__DUPLICATE_METHOD_MATCH = YES;
				COPY_PHASE_STRIP = NO;
				CURRENT_PROJECT_VERSION = 1;
				DEAD_CODE_STRIPPING = YES;
				DEBUG_INFORMATION_FORMAT = dwarf;
				ENABLE_STRICT_OBJC_MSGSEND = YES;
				ENABLE_TESTABILITY = YES;
				GCC_C_LANGUAGE_STANDARD = gnu11;
				GCC_DYNAMIC_NO_PIC = NO;
				GCC_NO_COMMON_BLOCKS = YES;
				GCC_OPTIMIZATION_LEVEL = 0;
				GCC_PREPROCESSOR_DEFINITIONS = (
					"DEBUG=1",
					"$(inherited)",
				);
				GCC_WARN_64_TO_32_BIT_CONVERSION = YES;
				GCC_WARN_ABOUT_RETURN_TYPE = YES_ERROR;
				GCC_WARN_UNDECLARED_SELECTOR = YES;
				GCC_WARN_UNINITIALIZED_AUTOS = YES_AGGRESSIVE;
				GCC_WARN_UNUSED_FUNCTION = YES;
				GCC_WARN_UNUSED_VARIABLE = YES;
				MACOSX_DEPLOYMENT_TARGET = 12.3;
				MTL_ENABLE_DEBUG_INFO = INCLUDE_SOURCE;
				MTL_FAST_MATH = YES;
				ONLY_ACTIVE_ARCH = YES;
				SDKROOT = macosx;
				SWIFT_ACTIVE_COMPILATION_CONDITIONS = DEBUG;
				SWIFT_OPTIMIZATION_LEVEL = "-Onone";
				VERSIONING_SYSTEM = "apple-generic";
				VERSION_INFO_PREFIX = "";
			};
			name = Debug;
		};
		95501C71294D037000267920 /* Release */ = {
			isa = XCBuildConfiguration;
			buildSettings = {
				ALWAYS_SEARCH_USER_PATHS = NO;
				CLANG_ANALYZER_NONNULL = YES;
				CLANG_ANALYZER_NUMBER_OBJECT_CONVERSION = YES_AGGRESSIVE;
				CLANG_CXX_LANGUAGE_STANDARD = "gnu++17";
				CLANG_ENABLE_MODULES = YES;
				CLANG_ENABLE_OBJC_ARC = YES;
				CLANG_ENABLE_OBJC_WEAK = YES;
				CLANG_WARN_BLOCK_CAPTURE_AUTORELEASING = YES;
				CLANG_WARN_BOOL_CONVERSION = YES;
				CLANG_WARN_COMMA = YES;
				CLANG_WARN_CONSTANT_CONVERSION = YES;
				CLANG_WARN_DEPRECATED_OBJC_IMPLEMENTATIONS = YES;
				CLANG_WARN_DIRECT_OBJC_ISA_USAGE = YES_ERROR;
				CLANG_WARN_DOCUMENTATION_COMMENTS = YES;
				CLANG_WARN_EMPTY_BODY = YES;
				CLANG_WARN_ENUM_CONVERSION = YES;
				CLANG_WARN_INFINITE_RECURSION = YES;
				CLANG_WARN_INT_CONVERSION = YES;
				CLANG_WARN_NON_LITERAL_NULL_CONVERSION = YES;
				CLANG_WARN_OBJC_IMPLICIT_RETAIN_SELF = YES;
				CLANG_WARN_OBJC_LITERAL_CONVERSION = YES;
				CLANG_WARN_OBJC_ROOT_CLASS = YES_ERROR;
				CLANG_WARN_QUOTED_INCLUDE_IN_FRAMEWORK_HEADER = YES;
				CLANG_WARN_RANGE_LOOP_ANALYSIS = YES;
				CLANG_WARN_STRICT_PROTOTYPES = YES;
				CLANG_WARN_SUSPICIOUS_MOVE = YES;
				CLANG_WARN_UNGUARDED_AVAILABILITY = YES_AGGRESSIVE;
				CLANG_WARN_UNREACHABLE_CODE = YES;
				CLANG_WARN__DUPLICATE_METHOD_MATCH = YES;
				COPY_PHASE_STRIP = NO;
				CURRENT_PROJECT_VERSION = 1;
				DEAD_CODE_STRIPPING = YES;
				DEBUG_INFORMATION_FORMAT = "dwarf-with-dsym";
				ENABLE_NS_ASSERTIONS = NO;
				ENABLE_STRICT_OBJC_MSGSEND = YES;
				GCC_C_LANGUAGE_STANDARD = gnu11;
				GCC_NO_COMMON_BLOCKS = YES;
				GCC_WARN_64_TO_32_BIT_CONVERSION = YES;
				GCC_WARN_ABOUT_RETURN_TYPE = YES_ERROR;
				GCC_WARN_UNDECLARED_SELECTOR = YES;
				GCC_WARN_UNINITIALIZED_AUTOS = YES_AGGRESSIVE;
				GCC_WARN_UNUSED_FUNCTION = YES;
				GCC_WARN_UNUSED_VARIABLE = YES;
				MACOSX_DEPLOYMENT_TARGET = 12.3;
				MTL_ENABLE_DEBUG_INFO = NO;
				MTL_FAST_MATH = YES;
				SDKROOT = macosx;
				SWIFT_COMPILATION_MODE = wholemodule;
				SWIFT_OPTIMIZATION_LEVEL = "-O";
				VERSIONING_SYSTEM = "apple-generic";
				VERSION_INFO_PREFIX = "";
			};
			name = Release;
		};
		95501C73294D037000267920 /* Debug */ = {
			isa = XCBuildConfiguration;
			buildSettings = {
				CLANG_ENABLE_MODULES = YES;
				CODE_SIGN_STYLE = Automatic;
				COMBINE_HIDPI_IMAGES = YES;
				CURRENT_PROJECT_VERSION = 1;
				DEAD_CODE_STRIPPING = YES;
				DEFINES_MODULE = YES;
				DYLIB_COMPATIBILITY_VERSION = 1;
				DYLIB_CURRENT_VERSION = 1;
				DYLIB_INSTALL_NAME_BASE = "@rpath";
				GENERATE_INFOPLIST_FILE = YES;
				INFOPLIST_KEY_NSHumanReadableCopyright = "";
				INSTALL_PATH = "$(LOCAL_LIBRARY_DIR)/Frameworks";
				LD_RUNPATH_SEARCH_PATHS = (
					"$(inherited)",
					"@executable_path/../Frameworks",
					"@loader_path/Frameworks",
				);
				MARKETING_VERSION = 1.0;
				PRODUCT_BUNDLE_IDENTIFIER = com.personal.EssentialFeed;
				PRODUCT_NAME = "$(TARGET_NAME:c99extidentifier)";
				SKIP_INSTALL = YES;
				SUPPORTED_PLATFORMS = "iphoneos iphonesimulator macosx";
				SUPPORTS_MACCATALYST = NO;
				SUPPORTS_MAC_DESIGNED_FOR_IPHONE_IPAD = NO;
				SWIFT_EMIT_LOC_STRINGS = YES;
				SWIFT_OPTIMIZATION_LEVEL = "-Onone";
				SWIFT_VERSION = 5.0;
				TARGETED_DEVICE_FAMILY = 1;
			};
			name = Debug;
		};
		95501C74294D037000267920 /* Release */ = {
			isa = XCBuildConfiguration;
			buildSettings = {
				CLANG_ENABLE_MODULES = YES;
				CODE_SIGN_STYLE = Automatic;
				COMBINE_HIDPI_IMAGES = YES;
				CURRENT_PROJECT_VERSION = 1;
				DEAD_CODE_STRIPPING = YES;
				DEFINES_MODULE = YES;
				DYLIB_COMPATIBILITY_VERSION = 1;
				DYLIB_CURRENT_VERSION = 1;
				DYLIB_INSTALL_NAME_BASE = "@rpath";
				GENERATE_INFOPLIST_FILE = YES;
				INFOPLIST_KEY_NSHumanReadableCopyright = "";
				INSTALL_PATH = "$(LOCAL_LIBRARY_DIR)/Frameworks";
				LD_RUNPATH_SEARCH_PATHS = (
					"$(inherited)",
					"@executable_path/../Frameworks",
					"@loader_path/Frameworks",
				);
				MARKETING_VERSION = 1.0;
				PRODUCT_BUNDLE_IDENTIFIER = com.personal.EssentialFeed;
				PRODUCT_NAME = "$(TARGET_NAME:c99extidentifier)";
				SKIP_INSTALL = YES;
				SUPPORTED_PLATFORMS = "iphoneos iphonesimulator macosx";
				SUPPORTS_MACCATALYST = NO;
				SUPPORTS_MAC_DESIGNED_FOR_IPHONE_IPAD = NO;
				SWIFT_EMIT_LOC_STRINGS = YES;
				SWIFT_VERSION = 5.0;
				TARGETED_DEVICE_FAMILY = 1;
			};
			name = Release;
		};
		95501C76294D037000267920 /* Debug */ = {
			isa = XCBuildConfiguration;
			buildSettings = {
				ALWAYS_EMBED_SWIFT_STANDARD_LIBRARIES = YES;
				CODE_SIGN_STYLE = Automatic;
				CURRENT_PROJECT_VERSION = 1;
				DEAD_CODE_STRIPPING = YES;
				GENERATE_INFOPLIST_FILE = YES;
				MARKETING_VERSION = 1.0;
				PRODUCT_BUNDLE_IDENTIFIER = com.personal.EssentialFeedTests;
				PRODUCT_NAME = "$(TARGET_NAME)";
				SUPPORTED_PLATFORMS = "iphoneos iphonesimulator macosx";
				SUPPORTS_MACCATALYST = NO;
				SUPPORTS_MAC_DESIGNED_FOR_IPHONE_IPAD = NO;
				SWIFT_EMIT_LOC_STRINGS = NO;
				SWIFT_VERSION = 5.0;
				TARGETED_DEVICE_FAMILY = 1;
			};
			name = Debug;
		};
		95501C77294D037000267920 /* Release */ = {
			isa = XCBuildConfiguration;
			buildSettings = {
				ALWAYS_EMBED_SWIFT_STANDARD_LIBRARIES = YES;
				CODE_SIGN_STYLE = Automatic;
				CURRENT_PROJECT_VERSION = 1;
				DEAD_CODE_STRIPPING = YES;
				GENERATE_INFOPLIST_FILE = YES;
				MARKETING_VERSION = 1.0;
				PRODUCT_BUNDLE_IDENTIFIER = com.personal.EssentialFeedTests;
				PRODUCT_NAME = "$(TARGET_NAME)";
				SUPPORTED_PLATFORMS = "iphoneos iphonesimulator macosx";
				SUPPORTS_MACCATALYST = NO;
				SUPPORTS_MAC_DESIGNED_FOR_IPHONE_IPAD = NO;
				SWIFT_EMIT_LOC_STRINGS = NO;
				SWIFT_VERSION = 5.0;
				TARGETED_DEVICE_FAMILY = 1;
			};
			name = Release;
		};
		959EB54529522D32000AC421 /* Debug */ = {
			isa = XCBuildConfiguration;
			buildSettings = {
				CODE_SIGN_STYLE = Automatic;
				CURRENT_PROJECT_VERSION = 1;
				DEAD_CODE_STRIPPING = YES;
				GENERATE_INFOPLIST_FILE = YES;
				MARKETING_VERSION = 1.0;
				PRODUCT_BUNDLE_IDENTIFIER = com.personal.EssentialFeedAPIEndToEndTests;
				PRODUCT_NAME = "$(TARGET_NAME)";
				SUPPORTED_PLATFORMS = "iphoneos iphonesimulator macosx";
				SUPPORTS_MACCATALYST = NO;
				SUPPORTS_MAC_DESIGNED_FOR_IPHONE_IPAD = NO;
				SWIFT_EMIT_LOC_STRINGS = NO;
				SWIFT_VERSION = 5.0;
				TARGETED_DEVICE_FAMILY = 1;
			};
			name = Debug;
		};
		959EB54629522D32000AC421 /* Release */ = {
			isa = XCBuildConfiguration;
			buildSettings = {
				CODE_SIGN_STYLE = Automatic;
				CURRENT_PROJECT_VERSION = 1;
				DEAD_CODE_STRIPPING = YES;
				GENERATE_INFOPLIST_FILE = YES;
				MARKETING_VERSION = 1.0;
				PRODUCT_BUNDLE_IDENTIFIER = com.personal.EssentialFeedAPIEndToEndTests;
				PRODUCT_NAME = "$(TARGET_NAME)";
				SUPPORTED_PLATFORMS = "iphoneos iphonesimulator macosx";
				SUPPORTS_MACCATALYST = NO;
				SUPPORTS_MAC_DESIGNED_FOR_IPHONE_IPAD = NO;
				SWIFT_EMIT_LOC_STRINGS = NO;
				SWIFT_VERSION = 5.0;
				TARGETED_DEVICE_FAMILY = 1;
			};
			name = Release;
		};
		95EE48092973E3600032BA2E /* Debug */ = {
			isa = XCBuildConfiguration;
			buildSettings = {
				CLANG_CXX_LANGUAGE_STANDARD = "gnu++20";
				CODE_SIGN_STYLE = Automatic;
				CURRENT_PROJECT_VERSION = 1;
				GENERATE_INFOPLIST_FILE = YES;
				MACOSX_DEPLOYMENT_TARGET = 13.1;
				MARKETING_VERSION = 1.0;
				PRODUCT_BUNDLE_IDENTIFIER = com.personal.EssentialFeedCacheIntegrationTests;
				PRODUCT_NAME = "$(TARGET_NAME)";
				SUPPORTED_PLATFORMS = "iphoneos iphonesimulator macosx";
				SUPPORTS_MACCATALYST = NO;
				SUPPORTS_MAC_DESIGNED_FOR_IPHONE_IPAD = NO;
				SWIFT_EMIT_LOC_STRINGS = NO;
				SWIFT_VERSION = 5.0;
				TARGETED_DEVICE_FAMILY = 1;
			};
			name = Debug;
		};
		95EE480A2973E3600032BA2E /* Release */ = {
			isa = XCBuildConfiguration;
			buildSettings = {
				CLANG_CXX_LANGUAGE_STANDARD = "gnu++20";
				CODE_SIGN_STYLE = Automatic;
				CURRENT_PROJECT_VERSION = 1;
				GENERATE_INFOPLIST_FILE = YES;
				MACOSX_DEPLOYMENT_TARGET = 13.1;
				MARKETING_VERSION = 1.0;
				PRODUCT_BUNDLE_IDENTIFIER = com.personal.EssentialFeedCacheIntegrationTests;
				PRODUCT_NAME = "$(TARGET_NAME)";
				SUPPORTED_PLATFORMS = "iphoneos iphonesimulator macosx";
				SUPPORTS_MACCATALYST = NO;
				SUPPORTS_MAC_DESIGNED_FOR_IPHONE_IPAD = NO;
				SWIFT_EMIT_LOC_STRINGS = NO;
				SWIFT_VERSION = 5.0;
				TARGETED_DEVICE_FAMILY = 1;
			};
			name = Release;
		};
/* End XCBuildConfiguration section */

/* Begin XCConfigurationList section */
		952DEE5C29827EB700924576 /* Build configuration list for PBXNativeTarget "EssentialFeediOS" */ = {
			isa = XCConfigurationList;
			buildConfigurations = (
				952DEE5D29827EB700924576 /* Debug */,
				952DEE5E29827EB700924576 /* Release */,
			);
			defaultConfigurationIsVisible = 0;
			defaultConfigurationName = Release;
		};
		952DEE5F29827EB700924576 /* Build configuration list for PBXNativeTarget "EssentialFeediOSTests" */ = {
			isa = XCConfigurationList;
			buildConfigurations = (
				952DEE6029827EB700924576 /* Debug */,
				952DEE6129827EB700924576 /* Release */,
			);
			defaultConfigurationIsVisible = 0;
			defaultConfigurationName = Release;
		};
		95501C5A294D037000267920 /* Build configuration list for PBXProject "EssentialFeed" */ = {
			isa = XCConfigurationList;
			buildConfigurations = (
				95501C70294D037000267920 /* Debug */,
				95501C71294D037000267920 /* Release */,
			);
			defaultConfigurationIsVisible = 0;
			defaultConfigurationName = Release;
		};
		95501C72294D037000267920 /* Build configuration list for PBXNativeTarget "EssentialFeed" */ = {
			isa = XCConfigurationList;
			buildConfigurations = (
				95501C73294D037000267920 /* Debug */,
				95501C74294D037000267920 /* Release */,
			);
			defaultConfigurationIsVisible = 0;
			defaultConfigurationName = Release;
		};
		95501C75294D037000267920 /* Build configuration list for PBXNativeTarget "EssentialFeedTests" */ = {
			isa = XCConfigurationList;
			buildConfigurations = (
				95501C76294D037000267920 /* Debug */,
				95501C77294D037000267920 /* Release */,
			);
			defaultConfigurationIsVisible = 0;
			defaultConfigurationName = Release;
		};
		959EB54729522D32000AC421 /* Build configuration list for PBXNativeTarget "EssentialFeedAPIEndToEndTests" */ = {
			isa = XCConfigurationList;
			buildConfigurations = (
				959EB54529522D32000AC421 /* Debug */,
				959EB54629522D32000AC421 /* Release */,
			);
			defaultConfigurationIsVisible = 0;
			defaultConfigurationName = Release;
		};
		95EE480B2973E3600032BA2E /* Build configuration list for PBXNativeTarget "EssentialFeedCacheIntegrationTests" */ = {
			isa = XCConfigurationList;
			buildConfigurations = (
				95EE48092973E3600032BA2E /* Debug */,
				95EE480A2973E3600032BA2E /* Release */,
			);
			defaultConfigurationIsVisible = 0;
			defaultConfigurationName = Release;
		};
/* End XCConfigurationList section */

/* Begin XCVersionGroup section */
		95BE2D26296F396200A6B1A5 /* FeedStore.xcdatamodeld */ = {
			isa = XCVersionGroup;
			children = (
				95BE2D27296F396200A6B1A5 /* FeedStore.xcdatamodel */,
			);
			currentVersion = 95BE2D27296F396200A6B1A5 /* FeedStore.xcdatamodel */;
			path = FeedStore.xcdatamodeld;
			sourceTree = "<group>";
			versionGroupType = wrapper.xcdatamodel;
		};
/* End XCVersionGroup section */
	};
	rootObject = 95501C57294D037000267920 /* Project object */;
}
