// !$*UTF8*$!
{
	archiveVersion = 1;
	classes = {
	};
	objectVersion = 56;
	objects = {

/* Begin PBXBuildFile section */
		9503D58B29E2A7650092D3CA /* FeedImageDataLoaderSpy.swift in Sources */ = {isa = PBXBuildFile; fileRef = 9503D58A29E2A7650092D3CA /* FeedImageDataLoaderSpy.swift */; };
		9503D58D29E2A9040092D3CA /* XCTestCase+FeedImageDataLoader.swift in Sources */ = {isa = PBXBuildFile; fileRef = 9503D58C29E2A9040092D3CA /* XCTestCase+FeedImageDataLoader.swift */; };
		95144CF829E125C700B82282 /* SharedTestHelpers.swift in Sources */ = {isa = PBXBuildFile; fileRef = 95144CF729E125C700B82282 /* SharedTestHelpers.swift */; };
		9515FD232A88ECBE00AD4F0A /* FeedUIIntegrationTests+LoaderSpy.swift in Sources */ = {isa = PBXBuildFile; fileRef = 9515FD222A88ECBE00AD4F0A /* FeedUIIntegrationTests+LoaderSpy.swift */; };
		9544D3122A5977B6000130F4 /* CombineHelpers.swift in Sources */ = {isa = PBXBuildFile; fileRef = 9544D3112A5977B5000130F4 /* CombineHelpers.swift */; };
		955DB9BF2A509C50003D6674 /* XCTestCaseTrackMemoryLeak.swift in Sources */ = {isa = PBXBuildFile; fileRef = 95144CF229E1244100B82282 /* XCTestCaseTrackMemoryLeak.swift */; };
		955FAA422A508DC200F084FF /* SceneDelegateTests.swift in Sources */ = {isa = PBXBuildFile; fileRef = 955FAA412A508DC200F084FF /* SceneDelegateTests.swift */; };
		955FAA452A5094C900F084FF /* FeedUIComposer.swift in Sources */ = {isa = PBXBuildFile; fileRef = 955FAA442A5094C900F084FF /* FeedUIComposer.swift */; };
		955FAA4D2A50952700F084FF /* FeedUIComposer.swift in Sources */ = {isa = PBXBuildFile; fileRef = 955FAA4B2A50952700F084FF /* FeedUIComposer.swift */; };
		955FAA502A5095A000F084FF /* WeakRefVirtualProxy.swift in Sources */ = {isa = PBXBuildFile; fileRef = 955FAA4F2A5095A000F084FF /* WeakRefVirtualProxy.swift */; };
		955FAA522A50960800F084FF /* FeedViewAdapter.swift in Sources */ = {isa = PBXBuildFile; fileRef = 955FAA512A50960800F084FF /* FeedViewAdapter.swift */; };
		955FAA562A50967E00F084FF /* LoadResourcePresentationAdapter.swift in Sources */ = {isa = PBXBuildFile; fileRef = 955FAA552A50967E00F084FF /* LoadResourcePresentationAdapter.swift */; };
		955FAA6C2A50982400F084FF /* FeedUIIntegrationTests+Localization.swift in Sources */ = {isa = PBXBuildFile; fileRef = 955FAA6A2A50982400F084FF /* FeedUIIntegrationTests+Localization.swift */; };
		955FAA6D2A50982400F084FF /* FeedUIIntegrationTests+UIButton.swift in Sources */ = {isa = PBXBuildFile; fileRef = 955FAA652A50982400F084FF /* FeedUIIntegrationTests+UIButton.swift */; };
		955FAA6E2A50982400F084FF /* FeedUIIntegrationTests+UIImage.swift in Sources */ = {isa = PBXBuildFile; fileRef = 955FAA662A50982400F084FF /* FeedUIIntegrationTests+UIImage.swift */; };
		955FAA6F2A50982400F084FF /* FeedUIIntegrationTests+Assertions.swift in Sources */ = {isa = PBXBuildFile; fileRef = 955FAA682A50982400F084FF /* FeedUIIntegrationTests+Assertions.swift */; };
		955FAA702A50982400F084FF /* FeedUIIntegrationTests+FeedImageCell.swift in Sources */ = {isa = PBXBuildFile; fileRef = 955FAA6B2A50982400F084FF /* FeedUIIntegrationTests+FeedImageCell.swift */; };
		955FAA712A50982400F084FF /* FeedUIIntegration+TestsHelpers.swift in Sources */ = {isa = PBXBuildFile; fileRef = 955FAA672A50982400F084FF /* FeedUIIntegration+TestsHelpers.swift */; };
		955FAA722A50982400F084FF /* FeedUIIntegrationTests+UIRefresh.swift in Sources */ = {isa = PBXBuildFile; fileRef = 955FAA692A50982400F084FF /* FeedUIIntegrationTests+UIRefresh.swift */; };
		955FAA732A50982400F084FF /* UIView+TestHelpers.swift in Sources */ = {isa = PBXBuildFile; fileRef = 955FAA642A50982400F084FF /* UIView+TestHelpers.swift */; };
		955FAA752A50983C00F084FF /* FeedUIIntegrationTests.swift in Sources */ = {isa = PBXBuildFile; fileRef = 955FAA742A50983C00F084FF /* FeedUIIntegrationTests.swift */; };
		957FEA102A88DEC4003C2700 /* CommentsUIIntegrationTests.swift in Sources */ = {isa = PBXBuildFile; fileRef = 957FEA0F2A88DEC4003C2700 /* CommentsUIIntegrationTests.swift */; };
		957FEA122A88E085003C2700 /* CommentsUIComposer.swift in Sources */ = {isa = PBXBuildFile; fileRef = 957FEA112A88E085003C2700 /* CommentsUIComposer.swift */; };
		959E9C6829D9928D00DABE63 /* AppDelegate.swift in Sources */ = {isa = PBXBuildFile; fileRef = 959E9C6729D9928D00DABE63 /* AppDelegate.swift */; };
		959E9C6A29D9928D00DABE63 /* SceneDelegate.swift in Sources */ = {isa = PBXBuildFile; fileRef = 959E9C6929D9928D00DABE63 /* SceneDelegate.swift */; };
		959E9C6C29D9928D00DABE63 /* ViewController.swift in Sources */ = {isa = PBXBuildFile; fileRef = 959E9C6B29D9928D00DABE63 /* ViewController.swift */; };
		959E9C7129D9928D00DABE63 /* Assets.xcassets in Resources */ = {isa = PBXBuildFile; fileRef = 959E9C7029D9928D00DABE63 /* Assets.xcassets */; };
		959E9C7429D9928D00DABE63 /* LaunchScreen.storyboard in Resources */ = {isa = PBXBuildFile; fileRef = 959E9C7229D9928D00DABE63 /* LaunchScreen.storyboard */; };
		959E9C9A29D9939500DABE63 /* EssentialFeed.framework in Frameworks */ = {isa = PBXBuildFile; fileRef = 959E9C9829D9939500DABE63 /* EssentialFeed.framework */; };
		959E9C9B29D9939500DABE63 /* EssentialFeed.framework in Embed Frameworks */ = {isa = PBXBuildFile; fileRef = 959E9C9829D9939500DABE63 /* EssentialFeed.framework */; settings = {ATTRIBUTES = (CodeSignOnCopy, RemoveHeadersOnCopy, ); }; };
		959E9C9C29D9939500DABE63 /* EssentialFeediOS.framework in Frameworks */ = {isa = PBXBuildFile; fileRef = 959E9C9929D9939500DABE63 /* EssentialFeediOS.framework */; };
		959E9C9D29D9939500DABE63 /* EssentialFeediOS.framework in Embed Frameworks */ = {isa = PBXBuildFile; fileRef = 959E9C9929D9939500DABE63 /* EssentialFeediOS.framework */; settings = {ATTRIBUTES = (CodeSignOnCopy, RemoveHeadersOnCopy, ); }; };
		95B46ED72A51873A0057BCFE /* FeedAcceptanceTests.swift in Sources */ = {isa = PBXBuildFile; fileRef = 95B46ED62A51873A0057BCFE /* FeedAcceptanceTests.swift */; };
/* End PBXBuildFile section */

/* Begin PBXContainerItemProxy section */
		959E9C7B29D9928D00DABE63 /* PBXContainerItemProxy */ = {
			isa = PBXContainerItemProxy;
			containerPortal = 959E9C5C29D9928D00DABE63 /* Project object */;
			proxyType = 1;
			remoteGlobalIDString = 959E9C6329D9928D00DABE63;
			remoteInfo = EssentialApp;
		};
/* End PBXContainerItemProxy section */

/* Begin PBXCopyFilesBuildPhase section */
		959E9C9E29D9939500DABE63 /* Embed Frameworks */ = {
			isa = PBXCopyFilesBuildPhase;
			buildActionMask = 2147483647;
			dstPath = "";
			dstSubfolderSpec = 10;
			files = (
				959E9C9B29D9939500DABE63 /* EssentialFeed.framework in Embed Frameworks */,
				959E9C9D29D9939500DABE63 /* EssentialFeediOS.framework in Embed Frameworks */,
			);
			name = "Embed Frameworks";
			runOnlyForDeploymentPostprocessing = 0;
		};
/* End PBXCopyFilesBuildPhase section */

/* Begin PBXFileReference section */
		9503D58A29E2A7650092D3CA /* FeedImageDataLoaderSpy.swift */ = {isa = PBXFileReference; lastKnownFileType = sourcecode.swift; path = FeedImageDataLoaderSpy.swift; sourceTree = "<group>"; };
		9503D58C29E2A9040092D3CA /* XCTestCase+FeedImageDataLoader.swift */ = {isa = PBXFileReference; lastKnownFileType = sourcecode.swift; path = "XCTestCase+FeedImageDataLoader.swift"; sourceTree = "<group>"; };
		95144CF229E1244100B82282 /* XCTestCaseTrackMemoryLeak.swift */ = {isa = PBXFileReference; lastKnownFileType = sourcecode.swift; path = XCTestCaseTrackMemoryLeak.swift; sourceTree = "<group>"; };
		95144CF729E125C700B82282 /* SharedTestHelpers.swift */ = {isa = PBXFileReference; lastKnownFileType = sourcecode.swift; path = SharedTestHelpers.swift; sourceTree = "<group>"; };
		9515FD222A88ECBE00AD4F0A /* FeedUIIntegrationTests+LoaderSpy.swift */ = {isa = PBXFileReference; lastKnownFileType = sourcecode.swift; path = "FeedUIIntegrationTests+LoaderSpy.swift"; sourceTree = "<group>"; };
		9544D3112A5977B5000130F4 /* CombineHelpers.swift */ = {isa = PBXFileReference; lastKnownFileType = sourcecode.swift; path = CombineHelpers.swift; sourceTree = "<group>"; };
		955FAA412A508DC200F084FF /* SceneDelegateTests.swift */ = {isa = PBXFileReference; lastKnownFileType = sourcecode.swift; path = SceneDelegateTests.swift; sourceTree = "<group>"; };
		955FAA442A5094C900F084FF /* FeedUIComposer.swift */ = {isa = PBXFileReference; lastKnownFileType = sourcecode.swift; path = FeedUIComposer.swift; sourceTree = "<group>"; };
		955FAA4B2A50952700F084FF /* FeedUIComposer.swift */ = {isa = PBXFileReference; fileEncoding = 4; lastKnownFileType = sourcecode.swift; path = FeedUIComposer.swift; sourceTree = "<group>"; };
		955FAA4F2A5095A000F084FF /* WeakRefVirtualProxy.swift */ = {isa = PBXFileReference; lastKnownFileType = sourcecode.swift; path = WeakRefVirtualProxy.swift; sourceTree = "<group>"; };
		955FAA512A50960800F084FF /* FeedViewAdapter.swift */ = {isa = PBXFileReference; lastKnownFileType = sourcecode.swift; path = FeedViewAdapter.swift; sourceTree = "<group>"; };
		955FAA552A50967E00F084FF /* LoadResourcePresentationAdapter.swift */ = {isa = PBXFileReference; lastKnownFileType = sourcecode.swift; path = LoadResourcePresentationAdapter.swift; sourceTree = "<group>"; };
		955FAA642A50982400F084FF /* UIView+TestHelpers.swift */ = {isa = PBXFileReference; lastKnownFileType = sourcecode.swift; path = "UIView+TestHelpers.swift"; sourceTree = "<group>"; };
		955FAA652A50982400F084FF /* FeedUIIntegrationTests+UIButton.swift */ = {isa = PBXFileReference; lastKnownFileType = sourcecode.swift; path = "FeedUIIntegrationTests+UIButton.swift"; sourceTree = "<group>"; };
		955FAA662A50982400F084FF /* FeedUIIntegrationTests+UIImage.swift */ = {isa = PBXFileReference; lastKnownFileType = sourcecode.swift; path = "FeedUIIntegrationTests+UIImage.swift"; sourceTree = "<group>"; };
		955FAA672A50982400F084FF /* FeedUIIntegration+TestsHelpers.swift */ = {isa = PBXFileReference; lastKnownFileType = sourcecode.swift; path = "FeedUIIntegration+TestsHelpers.swift"; sourceTree = "<group>"; };
		955FAA682A50982400F084FF /* FeedUIIntegrationTests+Assertions.swift */ = {isa = PBXFileReference; lastKnownFileType = sourcecode.swift; path = "FeedUIIntegrationTests+Assertions.swift"; sourceTree = "<group>"; };
		955FAA692A50982400F084FF /* FeedUIIntegrationTests+UIRefresh.swift */ = {isa = PBXFileReference; lastKnownFileType = sourcecode.swift; path = "FeedUIIntegrationTests+UIRefresh.swift"; sourceTree = "<group>"; };
		955FAA6A2A50982400F084FF /* FeedUIIntegrationTests+Localization.swift */ = {isa = PBXFileReference; lastKnownFileType = sourcecode.swift; path = "FeedUIIntegrationTests+Localization.swift"; sourceTree = "<group>"; };
		955FAA6B2A50982400F084FF /* FeedUIIntegrationTests+FeedImageCell.swift */ = {isa = PBXFileReference; lastKnownFileType = sourcecode.swift; path = "FeedUIIntegrationTests+FeedImageCell.swift"; sourceTree = "<group>"; };
		955FAA742A50983C00F084FF /* FeedUIIntegrationTests.swift */ = {isa = PBXFileReference; lastKnownFileType = sourcecode.swift; path = FeedUIIntegrationTests.swift; sourceTree = "<group>"; };
		957FEA0F2A88DEC4003C2700 /* CommentsUIIntegrationTests.swift */ = {isa = PBXFileReference; lastKnownFileType = sourcecode.swift; path = CommentsUIIntegrationTests.swift; sourceTree = "<group>"; };
		957FEA112A88E085003C2700 /* CommentsUIComposer.swift */ = {isa = PBXFileReference; lastKnownFileType = sourcecode.swift; path = CommentsUIComposer.swift; sourceTree = "<group>"; };
		959E9C6429D9928D00DABE63 /* EssentialApp.app */ = {isa = PBXFileReference; explicitFileType = wrapper.application; includeInIndex = 0; path = EssentialApp.app; sourceTree = BUILT_PRODUCTS_DIR; };
		959E9C6729D9928D00DABE63 /* AppDelegate.swift */ = {isa = PBXFileReference; lastKnownFileType = sourcecode.swift; path = AppDelegate.swift; sourceTree = "<group>"; };
		959E9C6929D9928D00DABE63 /* SceneDelegate.swift */ = {isa = PBXFileReference; lastKnownFileType = sourcecode.swift; path = SceneDelegate.swift; sourceTree = "<group>"; };
		959E9C6B29D9928D00DABE63 /* ViewController.swift */ = {isa = PBXFileReference; lastKnownFileType = sourcecode.swift; path = ViewController.swift; sourceTree = "<group>"; };
		959E9C7029D9928D00DABE63 /* Assets.xcassets */ = {isa = PBXFileReference; lastKnownFileType = folder.assetcatalog; path = Assets.xcassets; sourceTree = "<group>"; };
		959E9C7329D9928D00DABE63 /* Base */ = {isa = PBXFileReference; lastKnownFileType = file.storyboard; name = Base; path = Base.lproj/LaunchScreen.storyboard; sourceTree = "<group>"; };
		959E9C7529D9928D00DABE63 /* Info.plist */ = {isa = PBXFileReference; lastKnownFileType = text.plist.xml; path = Info.plist; sourceTree = "<group>"; };
		959E9C7A29D9928D00DABE63 /* EssentialAppTests.xctest */ = {isa = PBXFileReference; explicitFileType = wrapper.cfbundle; includeInIndex = 0; path = EssentialAppTests.xctest; sourceTree = BUILT_PRODUCTS_DIR; };
		959E9C9829D9939500DABE63 /* EssentialFeed.framework */ = {isa = PBXFileReference; explicitFileType = wrapper.framework; path = EssentialFeed.framework; sourceTree = BUILT_PRODUCTS_DIR; };
		959E9C9929D9939500DABE63 /* EssentialFeediOS.framework */ = {isa = PBXFileReference; explicitFileType = wrapper.framework; path = EssentialFeediOS.framework; sourceTree = BUILT_PRODUCTS_DIR; };
		95B46ED62A51873A0057BCFE /* FeedAcceptanceTests.swift */ = {isa = PBXFileReference; lastKnownFileType = sourcecode.swift; path = FeedAcceptanceTests.swift; sourceTree = "<group>"; };
/* End PBXFileReference section */

/* Begin PBXFrameworksBuildPhase section */
		959E9C6129D9928D00DABE63 /* Frameworks */ = {
			isa = PBXFrameworksBuildPhase;
			buildActionMask = 2147483647;
			files = (
				959E9C9A29D9939500DABE63 /* EssentialFeed.framework in Frameworks */,
				959E9C9C29D9939500DABE63 /* EssentialFeediOS.framework in Frameworks */,
			);
			runOnlyForDeploymentPostprocessing = 0;
		};
		959E9C7729D9928D00DABE63 /* Frameworks */ = {
			isa = PBXFrameworksBuildPhase;
			buildActionMask = 2147483647;
			files = (
			);
			runOnlyForDeploymentPostprocessing = 0;
		};
/* End PBXFrameworksBuildPhase section */

/* Begin PBXGroup section */
		95144CF129E1241D00B82282 /* Helpers */ = {
			isa = PBXGroup;
			children = (
				955FAA662A50982400F084FF /* FeedUIIntegrationTests+UIImage.swift */,
				955FAA6A2A50982400F084FF /* FeedUIIntegrationTests+Localization.swift */,
				955FAA692A50982400F084FF /* FeedUIIntegrationTests+UIRefresh.swift */,
				955FAA652A50982400F084FF /* FeedUIIntegrationTests+UIButton.swift */,
				955FAA6B2A50982400F084FF /* FeedUIIntegrationTests+FeedImageCell.swift */,
				955FAA672A50982400F084FF /* FeedUIIntegration+TestsHelpers.swift */,
				955FAA682A50982400F084FF /* FeedUIIntegrationTests+Assertions.swift */,
				955FAA642A50982400F084FF /* UIView+TestHelpers.swift */,
				95144CF229E1244100B82282 /* XCTestCaseTrackMemoryLeak.swift */,
				95144CF729E125C700B82282 /* SharedTestHelpers.swift */,
				9503D58A29E2A7650092D3CA /* FeedImageDataLoaderSpy.swift */,
				9503D58C29E2A9040092D3CA /* XCTestCase+FeedImageDataLoader.swift */,
				9515FD222A88ECBE00AD4F0A /* FeedUIIntegrationTests+LoaderSpy.swift */,
			);
			path = Helpers;
			sourceTree = "<group>";
		};
		959E9C5B29D9928D00DABE63 = {
			isa = PBXGroup;
			children = (
				959E9C6629D9928D00DABE63 /* EssentialApp */,
				959E9C7D29D9928D00DABE63 /* EssentialAppTests */,
				959E9C6529D9928D00DABE63 /* Products */,
				959E9C9729D9939500DABE63 /* Frameworks */,
			);
			sourceTree = "<group>";
		};
		959E9C6529D9928D00DABE63 /* Products */ = {
			isa = PBXGroup;
			children = (
				959E9C6429D9928D00DABE63 /* EssentialApp.app */,
				959E9C7A29D9928D00DABE63 /* EssentialAppTests.xctest */,
			);
			name = Products;
			sourceTree = "<group>";
		};
		959E9C6629D9928D00DABE63 /* EssentialApp */ = {
			isa = PBXGroup;
			children = (
				955FAA4F2A5095A000F084FF /* WeakRefVirtualProxy.swift */,
				955FAA442A5094C900F084FF /* FeedUIComposer.swift */,
				959E9C6729D9928D00DABE63 /* AppDelegate.swift */,
				959E9C6929D9928D00DABE63 /* SceneDelegate.swift */,
				959E9C6B29D9928D00DABE63 /* ViewController.swift */,
				955FAA4B2A50952700F084FF /* FeedUIComposer.swift */,
				959E9C7029D9928D00DABE63 /* Assets.xcassets */,
				959E9C7229D9928D00DABE63 /* LaunchScreen.storyboard */,
				959E9C7529D9928D00DABE63 /* Info.plist */,
				955FAA512A50960800F084FF /* FeedViewAdapter.swift */,
				955FAA552A50967E00F084FF /* LoadResourcePresentationAdapter.swift */,
				9544D3112A5977B5000130F4 /* CombineHelpers.swift */,
				957FEA112A88E085003C2700 /* CommentsUIComposer.swift */,
			);
			path = EssentialApp;
			sourceTree = "<group>";
		};
		959E9C7D29D9928D00DABE63 /* EssentialAppTests */ = {
			isa = PBXGroup;
			children = (
				95144CF129E1241D00B82282 /* Helpers */,
				955FAA742A50983C00F084FF /* FeedUIIntegrationTests.swift */,
				955FAA412A508DC200F084FF /* SceneDelegateTests.swift */,
				95B46ED62A51873A0057BCFE /* FeedAcceptanceTests.swift */,
				957FEA0F2A88DEC4003C2700 /* CommentsUIIntegrationTests.swift */,
			);
			path = EssentialAppTests;
			sourceTree = "<group>";
		};
		959E9C9729D9939500DABE63 /* Frameworks */ = {
			isa = PBXGroup;
			children = (
				959E9C9829D9939500DABE63 /* EssentialFeed.framework */,
				959E9C9929D9939500DABE63 /* EssentialFeediOS.framework */,
			);
			name = Frameworks;
			sourceTree = "<group>";
		};
/* End PBXGroup section */

/* Begin PBXNativeTarget section */
		959E9C6329D9928D00DABE63 /* EssentialApp */ = {
			isa = PBXNativeTarget;
			buildConfigurationList = 959E9C8E29D9928D00DABE63 /* Build configuration list for PBXNativeTarget "EssentialApp" */;
			buildPhases = (
				959E9C6029D9928D00DABE63 /* Sources */,
				959E9C6129D9928D00DABE63 /* Frameworks */,
				959E9C6229D9928D00DABE63 /* Resources */,
				959E9C9E29D9939500DABE63 /* Embed Frameworks */,
			);
			buildRules = (
			);
			dependencies = (
			);
			name = EssentialApp;
			productName = EssentialApp;
			productReference = 959E9C6429D9928D00DABE63 /* EssentialApp.app */;
			productType = "com.apple.product-type.application";
		};
		959E9C7929D9928D00DABE63 /* EssentialAppTests */ = {
			isa = PBXNativeTarget;
			buildConfigurationList = 959E9C9129D9928D00DABE63 /* Build configuration list for PBXNativeTarget "EssentialAppTests" */;
			buildPhases = (
				959E9C7629D9928D00DABE63 /* Sources */,
				959E9C7729D9928D00DABE63 /* Frameworks */,
				959E9C7829D9928D00DABE63 /* Resources */,
			);
			buildRules = (
			);
			dependencies = (
				959E9C7C29D9928D00DABE63 /* PBXTargetDependency */,
			);
			name = EssentialAppTests;
			productName = EssentialAppTests;
			productReference = 959E9C7A29D9928D00DABE63 /* EssentialAppTests.xctest */;
			productType = "com.apple.product-type.bundle.unit-test";
		};
/* End PBXNativeTarget section */

/* Begin PBXProject section */
		959E9C5C29D9928D00DABE63 /* Project object */ = {
			isa = PBXProject;
			attributes = {
				BuildIndependentTargetsInParallel = 1;
				LastSwiftUpdateCheck = 1420;
				LastUpgradeCheck = 1420;
				TargetAttributes = {
					959E9C6329D9928D00DABE63 = {
						CreatedOnToolsVersion = 14.2;
					};
					959E9C7929D9928D00DABE63 = {
						CreatedOnToolsVersion = 14.2;
						LastSwiftMigration = 1420;
						TestTargetID = 959E9C6329D9928D00DABE63;
					};
				};
			};
			buildConfigurationList = 959E9C5F29D9928D00DABE63 /* Build configuration list for PBXProject "EssentialApp" */;
			compatibilityVersion = "Xcode 14.0";
			developmentRegion = en;
			hasScannedForEncodings = 0;
			knownRegions = (
				en,
				Base,
			);
			mainGroup = 959E9C5B29D9928D00DABE63;
			productRefGroup = 959E9C6529D9928D00DABE63 /* Products */;
			projectDirPath = "";
			projectRoot = "";
			targets = (
				959E9C6329D9928D00DABE63 /* EssentialApp */,
				959E9C7929D9928D00DABE63 /* EssentialAppTests */,
			);
		};
/* End PBXProject section */

/* Begin PBXResourcesBuildPhase section */
		959E9C6229D9928D00DABE63 /* Resources */ = {
			isa = PBXResourcesBuildPhase;
			buildActionMask = 2147483647;
			files = (
				959E9C7429D9928D00DABE63 /* LaunchScreen.storyboard in Resources */,
				959E9C7129D9928D00DABE63 /* Assets.xcassets in Resources */,
			);
			runOnlyForDeploymentPostprocessing = 0;
		};
		959E9C7829D9928D00DABE63 /* Resources */ = {
			isa = PBXResourcesBuildPhase;
			buildActionMask = 2147483647;
			files = (
			);
			runOnlyForDeploymentPostprocessing = 0;
		};
/* End PBXResourcesBuildPhase section */

/* Begin PBXSourcesBuildPhase section */
		959E9C6029D9928D00DABE63 /* Sources */ = {
			isa = PBXSourcesBuildPhase;
			buildActionMask = 2147483647;
			files = (
				959E9C6C29D9928D00DABE63 /* ViewController.swift in Sources */,
				955FAA452A5094C900F084FF /* FeedUIComposer.swift in Sources */,
				959E9C6829D9928D00DABE63 /* AppDelegate.swift in Sources */,
				9544D3122A5977B6000130F4 /* CombineHelpers.swift in Sources */,
				955FAA562A50967E00F084FF /* LoadResourcePresentationAdapter.swift in Sources */,
				959E9C6A29D9928D00DABE63 /* SceneDelegate.swift in Sources */,
				955FAA4D2A50952700F084FF /* FeedUIComposer.swift in Sources */,
				955FAA502A5095A000F084FF /* WeakRefVirtualProxy.swift in Sources */,
				955FAA522A50960800F084FF /* FeedViewAdapter.swift in Sources */,
				957FEA122A88E085003C2700 /* CommentsUIComposer.swift in Sources */,
			);
			runOnlyForDeploymentPostprocessing = 0;
		};
		959E9C7629D9928D00DABE63 /* Sources */ = {
			isa = PBXSourcesBuildPhase;
			buildActionMask = 2147483647;
			files = (
				9515FD232A88ECBE00AD4F0A /* FeedUIIntegrationTests+LoaderSpy.swift in Sources */,
				955FAA702A50982400F084FF /* FeedUIIntegrationTests+FeedImageCell.swift in Sources */,
				955FAA712A50982400F084FF /* FeedUIIntegration+TestsHelpers.swift in Sources */,
				95144CF829E125C700B82282 /* SharedTestHelpers.swift in Sources */,
				955FAA752A50983C00F084FF /* FeedUIIntegrationTests.swift in Sources */,
				9503D58D29E2A9040092D3CA /* XCTestCase+FeedImageDataLoader.swift in Sources */,
				955FAA732A50982400F084FF /* UIView+TestHelpers.swift in Sources */,
				955FAA6F2A50982400F084FF /* FeedUIIntegrationTests+Assertions.swift in Sources */,
				955FAA6E2A50982400F084FF /* FeedUIIntegrationTests+UIImage.swift in Sources */,
				955FAA422A508DC200F084FF /* SceneDelegateTests.swift in Sources */,
				955FAA6C2A50982400F084FF /* FeedUIIntegrationTests+Localization.swift in Sources */,
				955FAA722A50982400F084FF /* FeedUIIntegrationTests+UIRefresh.swift in Sources */,
				9503D58B29E2A7650092D3CA /* FeedImageDataLoaderSpy.swift in Sources */,
				957FEA102A88DEC4003C2700 /* CommentsUIIntegrationTests.swift in Sources */,
				955DB9BF2A509C50003D6674 /* XCTestCaseTrackMemoryLeak.swift in Sources */,
				95B46ED72A51873A0057BCFE /* FeedAcceptanceTests.swift in Sources */,
				955FAA6D2A50982400F084FF /* FeedUIIntegrationTests+UIButton.swift in Sources */,
			);
			runOnlyForDeploymentPostprocessing = 0;
		};
/* End PBXSourcesBuildPhase section */

/* Begin PBXTargetDependency section */
		959E9C7C29D9928D00DABE63 /* PBXTargetDependency */ = {
			isa = PBXTargetDependency;
			target = 959E9C6329D9928D00DABE63 /* EssentialApp */;
			targetProxy = 959E9C7B29D9928D00DABE63 /* PBXContainerItemProxy */;
		};
/* End PBXTargetDependency section */

/* Begin PBXVariantGroup section */
		959E9C7229D9928D00DABE63 /* LaunchScreen.storyboard */ = {
			isa = PBXVariantGroup;
			children = (
				959E9C7329D9928D00DABE63 /* Base */,
			);
			name = LaunchScreen.storyboard;
			sourceTree = "<group>";
		};
/* End PBXVariantGroup section */

/* Begin XCBuildConfiguration section */
		959E9C8C29D9928D00DABE63 /* Debug */ = {
			isa = XCBuildConfiguration;
			buildSettings = {
				ALWAYS_SEARCH_USER_PATHS = NO;
				CLANG_ANALYZER_NONNULL = YES;
				CLANG_ANALYZER_NUMBER_OBJECT_CONVERSION = YES_AGGRESSIVE;
				CLANG_CXX_LANGUAGE_STANDARD = "gnu++20";
				CLANG_ENABLE_MODULES = YES;
				CLANG_ENABLE_OBJC_ARC = YES;
				CLANG_ENABLE_OBJC_WEAK = YES;
				CLANG_WARN_BLOCK_CAPTURE_AUTORELEASING = YES;
				CLANG_WARN_BOOL_CONVERSION = YES;
				CLANG_WARN_COMMA = YES;
				CLANG_WARN_CONSTANT_CONVERSION = YES;
				CLANG_WARN_DEPRECATED_OBJC_IMPLEMENTATIONS = YES;
				CLANG_WARN_DIRECT_OBJC_ISA_USAGE = YES_ERROR;
				CLANG_WARN_DOCUMENTATION_COMMENTS = YES;
				CLANG_WARN_EMPTY_BODY = YES;
				CLANG_WARN_ENUM_CONVERSION = YES;
				CLANG_WARN_INFINITE_RECURSION = YES;
				CLANG_WARN_INT_CONVERSION = YES;
				CLANG_WARN_NON_LITERAL_NULL_CONVERSION = YES;
				CLANG_WARN_OBJC_IMPLICIT_RETAIN_SELF = YES;
				CLANG_WARN_OBJC_LITERAL_CONVERSION = YES;
				CLANG_WARN_OBJC_ROOT_CLASS = YES_ERROR;
				CLANG_WARN_QUOTED_INCLUDE_IN_FRAMEWORK_HEADER = YES;
				CLANG_WARN_RANGE_LOOP_ANALYSIS = YES;
				CLANG_WARN_STRICT_PROTOTYPES = YES;
				CLANG_WARN_SUSPICIOUS_MOVE = YES;
				CLANG_WARN_UNGUARDED_AVAILABILITY = YES_AGGRESSIVE;
				CLANG_WARN_UNREACHABLE_CODE = YES;
				CLANG_WARN__DUPLICATE_METHOD_MATCH = YES;
				COPY_PHASE_STRIP = NO;
				DEBUG_INFORMATION_FORMAT = dwarf;
				ENABLE_STRICT_OBJC_MSGSEND = YES;
				ENABLE_TESTABILITY = YES;
				GCC_C_LANGUAGE_STANDARD = gnu11;
				GCC_DYNAMIC_NO_PIC = NO;
				GCC_NO_COMMON_BLOCKS = YES;
				GCC_OPTIMIZATION_LEVEL = 0;
				GCC_PREPROCESSOR_DEFINITIONS = (
					"DEBUG=1",
					"$(inherited)",
				);
				GCC_WARN_64_TO_32_BIT_CONVERSION = YES;
				GCC_WARN_ABOUT_RETURN_TYPE = YES_ERROR;
				GCC_WARN_UNDECLARED_SELECTOR = YES;
				GCC_WARN_UNINITIALIZED_AUTOS = YES_AGGRESSIVE;
				GCC_WARN_UNUSED_FUNCTION = YES;
				GCC_WARN_UNUSED_VARIABLE = YES;
				IPHONEOS_DEPLOYMENT_TARGET = 16.2;
				MTL_ENABLE_DEBUG_INFO = INCLUDE_SOURCE;
				MTL_FAST_MATH = YES;
				ONLY_ACTIVE_ARCH = YES;
				SDKROOT = iphoneos;
				SWIFT_ACTIVE_COMPILATION_CONDITIONS = DEBUG;
				SWIFT_OPTIMIZATION_LEVEL = "-Onone";
			};
			name = Debug;
		};
		959E9C8D29D9928D00DABE63 /* Release */ = {
			isa = XCBuildConfiguration;
			buildSettings = {
				ALWAYS_SEARCH_USER_PATHS = NO;
				CLANG_ANALYZER_NONNULL = YES;
				CLANG_ANALYZER_NUMBER_OBJECT_CONVERSION = YES_AGGRESSIVE;
				CLANG_CXX_LANGUAGE_STANDARD = "gnu++20";
				CLANG_ENABLE_MODULES = YES;
				CLANG_ENABLE_OBJC_ARC = YES;
				CLANG_ENABLE_OBJC_WEAK = YES;
				CLANG_WARN_BLOCK_CAPTURE_AUTORELEASING = YES;
				CLANG_WARN_BOOL_CONVERSION = YES;
				CLANG_WARN_COMMA = YES;
				CLANG_WARN_CONSTANT_CONVERSION = YES;
				CLANG_WARN_DEPRECATED_OBJC_IMPLEMENTATIONS = YES;
				CLANG_WARN_DIRECT_OBJC_ISA_USAGE = YES_ERROR;
				CLANG_WARN_DOCUMENTATION_COMMENTS = YES;
				CLANG_WARN_EMPTY_BODY = YES;
				CLANG_WARN_ENUM_CONVERSION = YES;
				CLANG_WARN_INFINITE_RECURSION = YES;
				CLANG_WARN_INT_CONVERSION = YES;
				CLANG_WARN_NON_LITERAL_NULL_CONVERSION = YES;
				CLANG_WARN_OBJC_IMPLICIT_RETAIN_SELF = YES;
				CLANG_WARN_OBJC_LITERAL_CONVERSION = YES;
				CLANG_WARN_OBJC_ROOT_CLASS = YES_ERROR;
				CLANG_WARN_QUOTED_INCLUDE_IN_FRAMEWORK_HEADER = YES;
				CLANG_WARN_RANGE_LOOP_ANALYSIS = YES;
				CLANG_WARN_STRICT_PROTOTYPES = YES;
				CLANG_WARN_SUSPICIOUS_MOVE = YES;
				CLANG_WARN_UNGUARDED_AVAILABILITY = YES_AGGRESSIVE;
				CLANG_WARN_UNREACHABLE_CODE = YES;
				CLANG_WARN__DUPLICATE_METHOD_MATCH = YES;
				COPY_PHASE_STRIP = NO;
				DEBUG_INFORMATION_FORMAT = "dwarf-with-dsym";
				ENABLE_NS_ASSERTIONS = NO;
				ENABLE_STRICT_OBJC_MSGSEND = YES;
				GCC_C_LANGUAGE_STANDARD = gnu11;
				GCC_NO_COMMON_BLOCKS = YES;
				GCC_WARN_64_TO_32_BIT_CONVERSION = YES;
				GCC_WARN_ABOUT_RETURN_TYPE = YES_ERROR;
				GCC_WARN_UNDECLARED_SELECTOR = YES;
				GCC_WARN_UNINITIALIZED_AUTOS = YES_AGGRESSIVE;
				GCC_WARN_UNUSED_FUNCTION = YES;
				GCC_WARN_UNUSED_VARIABLE = YES;
				IPHONEOS_DEPLOYMENT_TARGET = 16.2;
				MTL_ENABLE_DEBUG_INFO = NO;
				MTL_FAST_MATH = YES;
				SDKROOT = iphoneos;
				SWIFT_COMPILATION_MODE = wholemodule;
				SWIFT_OPTIMIZATION_LEVEL = "-O";
				VALIDATE_PRODUCT = YES;
			};
			name = Release;
		};
		959E9C8F29D9928D00DABE63 /* Debug */ = {
			isa = XCBuildConfiguration;
			buildSettings = {
				ASSETCATALOG_COMPILER_APPICON_NAME = AppIcon;
				ASSETCATALOG_COMPILER_GLOBAL_ACCENT_COLOR_NAME = AccentColor;
				CODE_SIGN_STYLE = Automatic;
				CURRENT_PROJECT_VERSION = 1;
				GENERATE_INFOPLIST_FILE = YES;
				INFOPLIST_FILE = EssentialApp/Info.plist;
				INFOPLIST_KEY_UIApplicationSupportsIndirectInputEvents = YES;
				INFOPLIST_KEY_UILaunchStoryboardName = LaunchScreen;
				INFOPLIST_KEY_UISupportedInterfaceOrientations = UIInterfaceOrientationPortrait;
				INFOPLIST_KEY_UISupportedInterfaceOrientations_iPad = "UIInterfaceOrientationLandscapeLeft UIInterfaceOrientationLandscapeRight UIInterfaceOrientationPortrait UIInterfaceOrientationPortraitUpsideDown";
				LD_RUNPATH_SEARCH_PATHS = (
					"$(inherited)",
					"@executable_path/Frameworks",
				);
				MARKETING_VERSION = 1.0;
				PRODUCT_BUNDLE_IDENTIFIER = com.personal.EssentialApp;
				PRODUCT_NAME = "$(TARGET_NAME)";
				SUPPORTED_PLATFORMS = "iphoneos iphonesimulator";
				SUPPORTS_MACCATALYST = NO;
				SUPPORTS_MAC_DESIGNED_FOR_IPHONE_IPAD = NO;
				SWIFT_EMIT_LOC_STRINGS = YES;
				SWIFT_VERSION = 5.0;
				TARGETED_DEVICE_FAMILY = 1;
			};
			name = Debug;
		};
		959E9C9029D9928D00DABE63 /* Release */ = {
			isa = XCBuildConfiguration;
			buildSettings = {
				ASSETCATALOG_COMPILER_APPICON_NAME = AppIcon;
				ASSETCATALOG_COMPILER_GLOBAL_ACCENT_COLOR_NAME = AccentColor;
				CODE_SIGN_STYLE = Automatic;
				CURRENT_PROJECT_VERSION = 1;
				GENERATE_INFOPLIST_FILE = YES;
				INFOPLIST_FILE = EssentialApp/Info.plist;
				INFOPLIST_KEY_UIApplicationSupportsIndirectInputEvents = YES;
				INFOPLIST_KEY_UILaunchStoryboardName = LaunchScreen;
				INFOPLIST_KEY_UISupportedInterfaceOrientations = UIInterfaceOrientationPortrait;
				INFOPLIST_KEY_UISupportedInterfaceOrientations_iPad = "UIInterfaceOrientationLandscapeLeft UIInterfaceOrientationLandscapeRight UIInterfaceOrientationPortrait UIInterfaceOrientationPortraitUpsideDown";
				LD_RUNPATH_SEARCH_PATHS = (
					"$(inherited)",
					"@executable_path/Frameworks",
				);
				MARKETING_VERSION = 1.0;
				PRODUCT_BUNDLE_IDENTIFIER = com.personal.EssentialApp;
				PRODUCT_NAME = "$(TARGET_NAME)";
				SUPPORTED_PLATFORMS = "iphoneos iphonesimulator";
				SUPPORTS_MACCATALYST = NO;
				SUPPORTS_MAC_DESIGNED_FOR_IPHONE_IPAD = NO;
				SWIFT_EMIT_LOC_STRINGS = YES;
				SWIFT_VERSION = 5.0;
				TARGETED_DEVICE_FAMILY = 1;
			};
			name = Release;
		};
		959E9C9229D9928D00DABE63 /* Debug */ = {
			isa = XCBuildConfiguration;
			buildSettings = {
				ALWAYS_EMBED_SWIFT_STANDARD_LIBRARIES = YES;
				BUNDLE_LOADER = "$(TEST_HOST)";
				CLANG_ENABLE_MODULES = YES;
				CODE_SIGN_STYLE = Automatic;
				CURRENT_PROJECT_VERSION = 1;
				GENERATE_INFOPLIST_FILE = YES;
				IPHONEOS_DEPLOYMENT_TARGET = 16.2;
				LD_RUNPATH_SEARCH_PATHS = (
					"$(inherited)",
					"@executable_path/Frameworks",
					"@loader_path/Frameworks",
				);
				MARKETING_VERSION = 1.0;
				PRODUCT_BUNDLE_IDENTIFIER = com.personal.EssentialAppTests;
				PRODUCT_NAME = "$(TARGET_NAME)";
				SWIFT_EMIT_LOC_STRINGS = NO;
				SWIFT_OPTIMIZATION_LEVEL = "-Onone";
				SWIFT_VERSION = 5.0;
				TARGETED_DEVICE_FAMILY = "1,2";
				TEST_HOST = "$(BUILT_PRODUCTS_DIR)/EssentialApp.app/$(BUNDLE_EXECUTABLE_FOLDER_PATH)/EssentialApp";
			};
			name = Debug;
		};
		959E9C9329D9928D00DABE63 /* Release */ = {
			isa = XCBuildConfiguration;
			buildSettings = {
				ALWAYS_EMBED_SWIFT_STANDARD_LIBRARIES = YES;
				BUNDLE_LOADER = "$(TEST_HOST)";
				CLANG_ENABLE_MODULES = YES;
				CODE_SIGN_STYLE = Automatic;
				CURRENT_PROJECT_VERSION = 1;
				GENERATE_INFOPLIST_FILE = YES;
				IPHONEOS_DEPLOYMENT_TARGET = 16.2;
				LD_RUNPATH_SEARCH_PATHS = (
					"$(inherited)",
					"@executable_path/Frameworks",
					"@loader_path/Frameworks",
				);
				MARKETING_VERSION = 1.0;
				PRODUCT_BUNDLE_IDENTIFIER = com.personal.EssentialAppTests;
				PRODUCT_NAME = "$(TARGET_NAME)";
				SWIFT_EMIT_LOC_STRINGS = NO;
				SWIFT_VERSION = 5.0;
				TARGETED_DEVICE_FAMILY = "1,2";
				TEST_HOST = "$(BUILT_PRODUCTS_DIR)/EssentialApp.app/$(BUNDLE_EXECUTABLE_FOLDER_PATH)/EssentialApp";
			};
			name = Release;
		};
/* End XCBuildConfiguration section */

/* Begin XCConfigurationList section */
		959E9C5F29D9928D00DABE63 /* Build configuration list for PBXProject "EssentialApp" */ = {
			isa = XCConfigurationList;
			buildConfigurations = (
				959E9C8C29D9928D00DABE63 /* Debug */,
				959E9C8D29D9928D00DABE63 /* Release */,
			);
			defaultConfigurationIsVisible = 0;
			defaultConfigurationName = Release;
		};
		959E9C8E29D9928D00DABE63 /* Build configuration list for PBXNativeTarget "EssentialApp" */ = {
			isa = XCConfigurationList;
			buildConfigurations = (
				959E9C8F29D9928D00DABE63 /* Debug */,
				959E9C9029D9928D00DABE63 /* Release */,
			);
			defaultConfigurationIsVisible = 0;
			defaultConfigurationName = Release;
		};
		959E9C9129D9928D00DABE63 /* Build configuration list for PBXNativeTarget "EssentialAppTests" */ = {
			isa = XCConfigurationList;
			buildConfigurations = (
				959E9C9229D9928D00DABE63 /* Debug */,
				959E9C9329D9928D00DABE63 /* Release */,
			);
			defaultConfigurationIsVisible = 0;
			defaultConfigurationName = Release;
		};
/* End XCConfigurationList section */
	};
	rootObject = 959E9C5C29D9928D00DABE63 /* Project object */;
}
